{
  "version": 4,
  "terraform_version": "1.13.2",
  "serial": 112,
  "lineage": "15385cd8-228d-a8bb-64b3-674cf1e5b90f",
  "outputs": {
    "api_gateway_id": {
      "value": "nwt110d4l2",
      "type": "string"
    },
    "api_gateway_url": {
      "value": "https://nwt110d4l2.execute-api.ap-southeast-1.amazonaws.com/prod",
      "type": "string"
    },
    "cloudwatch_log_group_name": {
      "value": "/aws/application/rag-chatbot-prod",
      "type": "string"
    },
    "dynamodb_table_arn": {
      "value": "arn:aws:dynamodb:ap-southeast-1:396239172241:table/rag-chatbot-prod-chat-history",
      "type": "string"
    },
    "dynamodb_table_name": {
      "value": "rag-chatbot-prod-chat-history",
      "type": "string"
    },
    "ecr_repository_uri": {
      "value": "396239172241.dkr.ecr.ap-southeast-1.amazonaws.com/rag-chatbot-prod-frontend",
      "type": "string"
    },
    "ecs_cluster_name": {
      "value": "rag-chatbot-prod-cluster",
      "type": "string"
    },
    "ecs_service_name": {
      "value": "rag-chatbot-prod-service",
      "type": "string"
    },
    "ecs_task_definition_arn": {
      "value": "arn:aws:ecs:ap-southeast-1:396239172241:task-definition/rag-chatbot-prod-task:5",
      "type": "string"
    },
    "kms_key_arn": {
      "value": "arn:aws:kms:ap-southeast-1:396239172241:key/f7fab4f7-45b4-453b-89dd-3f6c0af6a59f",
      "type": "string"
    },
    "kms_key_id": {
      "value": "f7fab4f7-45b4-453b-89dd-3f6c0af6a59f",
      "type": "string"
    },
    "lambda_function_name": {
      "value": "rag-chatbot-prod-rag-chatbot",
      "type": "string"
    },
    "monitoring_dashboard_url": {
      "value": "https://ap-southeast-1.console.aws.amazon.com/cloudwatch/home?region=ap-southeast-1#dashboards:name=rag-chatbot-prod-dashboard",
      "type": "string"
    },
    "private_subnet_ids": {
      "value": [
        "subnet-0572aff16d9d0ccd4",
        "subnet-09b288e005c04d52c"
      ],
      "type": [
        "tuple",
        [
          "string",
          "string"
        ]
      ]
    },
    "public_subnet_ids": {
      "value": [
        "subnet-08bcd28bbdefd4889",
        "subnet-079b629ef0d36fd71"
      ],
      "type": [
        "tuple",
        [
          "string",
          "string"
        ]
      ]
    },
    "s3_bucket_arn": {
      "value": "arn:aws:s3:::rag-chatbot-prod-documents-x2k23mmf",
      "type": "string"
    },
    "s3_bucket_name": {
      "value": "rag-chatbot-prod-documents-x2k23mmf",
      "type": "string"
    },
    "security_summary": {
      "value": {
        "encryption_enabled": true,
        "guardrails_enabled": true,
        "monitoring_enabled": true,
        "private_subnets": true,
        "vpc_endpoints": true,
        "waf_enabled": true
      },
      "type": [
        "object",
        {
          "encryption_enabled": "bool",
          "guardrails_enabled": "bool",
          "monitoring_enabled": "bool",
          "private_subnets": "bool",
          "vpc_endpoints": "bool",
          "waf_enabled": "bool"
        }
      ]
    },
    "vpc_cidr_block": {
      "value": "10.0.0.0/16",
      "type": "string"
    },
    "vpc_id": {
      "value": "vpc-01bfe9df5e8bca4fc",
      "type": "string"
    },
    "waf_web_acl_arn": {
      "value": "arn:aws:wafv2:ap-southeast-1:396239172241:regional/webacl/rag-chatbot-prod-waf/afd32dc6-d4df-44e7-b791-9011a402e5a1",
      "type": "string"
    }
  },
  "resources": [
    {
      "mode": "data",
      "type": "aws_availability_zones",
      "name": "available",
      "provider": "provider[\"registry.terraform.io/hashicorp/aws\"]",
      "instances": [
        {
          "schema_version": 0,
          "attributes": {
            "all_availability_zones": null,
            "exclude_names": null,
            "exclude_zone_ids": null,
            "filter": null,
            "group_names": [
              "ap-southeast-1-zg-1"
            ],
            "id": "ap-southeast-1",
            "names": [
              "ap-southeast-1a",
              "ap-southeast-1b",
              "ap-southeast-1c"
            ],
            "state": "available",
            "timeouts": null,
            "zone_ids": [
              "apse1-az2",
              "apse1-az1",
              "apse1-az3"
            ]
          },
          "sensitive_attributes": [],
          "identity_schema_version": 0
        }
      ]
    },
    {
      "mode": "data",
      "type": "aws_caller_identity",
      "name": "current",
      "provider": "provider[\"registry.terraform.io/hashicorp/aws\"]",
      "instances": [
        {
          "schema_version": 0,
          "attributes": {
            "account_id": "396239172241",
            "arn": "arn:aws:iam::396239172241:user/msh_dev",
            "id": "396239172241",
            "user_id": "AIDAVYQNR6KI3IIRAT24W"
          },
          "sensitive_attributes": [],
          "identity_schema_version": 0
        }
      ]
    },
    {
      "mode": "data",
      "type": "aws_region",
      "name": "current",
      "provider": "provider[\"registry.terraform.io/hashicorp/aws\"]",
      "instances": [
        {
          "schema_version": 0,
          "attributes": {
            "description": "Asia Pacific (Singapore)",
            "endpoint": "ec2.ap-southeast-1.amazonaws.com",
            "id": "ap-southeast-1",
            "name": "ap-southeast-1"
          },
          "sensitive_attributes": [],
          "identity_schema_version": 0
        }
      ]
    },
    {
      "module": "module.api_gateway",
      "mode": "data",
      "type": "aws_region",
      "name": "current",
      "provider": "provider[\"registry.terraform.io/hashicorp/aws\"]",
      "instances": [
        {
          "schema_version": 0,
          "attributes": {
            "description": "Asia Pacific (Singapore)",
            "endpoint": "ec2.ap-southeast-1.amazonaws.com",
            "id": "ap-southeast-1",
            "name": "ap-southeast-1"
          },
          "sensitive_attributes": [],
          "identity_schema_version": 0
        }
      ]
    },
    {
      "module": "module.api_gateway",
      "mode": "managed",
      "type": "aws_api_gateway_api_key",
      "name": "main",
      "provider": "provider[\"registry.terraform.io/hashicorp/aws\"]",
      "instances": [
        {
          "schema_version": 0,
          "attributes": {
            "arn": "arn:aws:apigateway:ap-southeast-1::/apikeys/mf9qoe2tv9",
            "created_date": "2025-09-20T12:18:49Z",
            "customer_id": "",
            "description": "API Key for RAG Chatbot",
            "enabled": true,
            "id": "mf9qoe2tv9",
            "last_updated_date": "2025-09-20T12:18:49Z",
            "name": "rag-chatbot-prod-api-key",
            "tags": {
              "Environment": "prod",
              "ManagedBy": "Terraform",
              "Project": "rag-chatbot"
            },
            "tags_all": {
              "Environment": "prod",
              "ManagedBy": "Terraform",
              "Project": "rag-chatbot",
              "Security": "High"
            },
            "value": "QqANA9tN1l1Tm6Ygwnq5u7J6qCpuiZiI2NWmdTr9"
          },
          "sensitive_attributes": [
            [
              {
                "type": "get_attr",
                "value": "value"
              }
            ]
          ],
          "identity_schema_version": 0,
          "private": "bnVsbA=="
        }
      ]
    },
    {
      "module": "module.api_gateway",
      "mode": "managed",
      "type": "aws_api_gateway_method",
      "name": "chat_post",
      "provider": "provider[\"registry.terraform.io/hashicorp/aws\"]",
      "instances": [
        {
          "schema_version": 0,
          "attributes": {
            "api_key_required": false,
            "authorization": "NONE",
            "authorization_scopes": null,
            "authorizer_id": null,
            "http_method": "POST",
            "id": "agm-nwt110d4l2-3c2iry-POST",
            "operation_name": null,
            "request_models": null,
            "request_parameters": {
              "method.request.header.Content-Type": true
            },
            "request_validator_id": null,
            "resource_id": "3c2iry",
            "rest_api_id": "nwt110d4l2"
          },
          "sensitive_attributes": [],
          "identity_schema_version": 0,
          "private": "bnVsbA==",
          "dependencies": [
            "module.api_gateway.aws_api_gateway_resource.chat",
            "module.api_gateway.aws_api_gateway_rest_api.main"
          ],
          "create_before_destroy": true
        }
      ]
    },
    {
      "module": "module.api_gateway",
      "mode": "managed",
      "type": "aws_api_gateway_method",
      "name": "upload_post",
      "provider": "provider[\"registry.terraform.io/hashicorp/aws\"]",
      "instances": [
        {
          "schema_version": 0,
          "attributes": {
            "api_key_required": false,
            "authorization": "NONE",
            "authorization_scopes": null,
            "authorizer_id": null,
            "http_method": "POST",
            "id": "agm-nwt110d4l2-f5uxyn-POST",
            "operation_name": null,
            "request_models": null,
            "request_parameters": {
              "method.request.header.Content-Type": true
            },
            "request_validator_id": null,
            "resource_id": "f5uxyn",
            "rest_api_id": "nwt110d4l2"
          },
          "sensitive_attributes": [],
          "identity_schema_version": 0,
          "private": "bnVsbA==",
          "dependencies": [
            "module.api_gateway.aws_api_gateway_resource.upload",
            "module.api_gateway.aws_api_gateway_rest_api.main"
          ],
          "create_before_destroy": true
        }
      ]
    },
    {
      "module": "module.api_gateway",
      "mode": "managed",
      "type": "aws_api_gateway_method_response",
      "name": "chat_post_200",
      "provider": "provider[\"registry.terraform.io/hashicorp/aws\"]",
      "instances": [
        {
          "schema_version": 0,
          "attributes": {
            "http_method": "POST",
            "id": "agmr-nwt110d4l2-3c2iry-POST-200",
            "resource_id": "3c2iry",
            "response_models": null,
            "response_parameters": {
              "method.response.header.Access-Control-Allow-Origin": true
            },
            "rest_api_id": "nwt110d4l2",
            "status_code": "200"
          },
          "sensitive_attributes": [],
          "identity_schema_version": 0,
          "private": "bnVsbA==",
          "dependencies": [
            "module.api_gateway.aws_api_gateway_method.chat_post",
            "module.api_gateway.aws_api_gateway_resource.chat",
            "module.api_gateway.aws_api_gateway_rest_api.main"
          ]
        }
      ]
    },
    {
      "module": "module.api_gateway",
      "mode": "managed",
      "type": "aws_api_gateway_method_response",
      "name": "upload_post_200",
      "provider": "provider[\"registry.terraform.io/hashicorp/aws\"]",
      "instances": [
        {
          "schema_version": 0,
          "attributes": {
            "http_method": "POST",
            "id": "agmr-nwt110d4l2-f5uxyn-POST-200",
            "resource_id": "f5uxyn",
            "response_models": null,
            "response_parameters": {
              "method.response.header.Access-Control-Allow-Origin": true
            },
            "rest_api_id": "nwt110d4l2",
            "status_code": "200"
          },
          "sensitive_attributes": [],
          "identity_schema_version": 0,
          "private": "bnVsbA==",
          "dependencies": [
            "module.api_gateway.aws_api_gateway_method.upload_post",
            "module.api_gateway.aws_api_gateway_resource.upload",
            "module.api_gateway.aws_api_gateway_rest_api.main"
          ]
        }
      ]
    },
    {
      "module": "module.api_gateway",
      "mode": "managed",
      "type": "aws_api_gateway_resource",
      "name": "chat",
      "provider": "provider[\"registry.terraform.io/hashicorp/aws\"]",
      "instances": [
        {
          "schema_version": 0,
          "attributes": {
            "id": "3c2iry",
            "parent_id": "oslr0io3fi",
            "path": "/chat",
            "path_part": "chat",
            "rest_api_id": "nwt110d4l2"
          },
          "sensitive_attributes": [],
          "identity_schema_version": 0,
          "private": "bnVsbA==",
          "dependencies": [
            "module.api_gateway.aws_api_gateway_rest_api.main"
          ],
          "create_before_destroy": true
        }
      ]
    },
    {
      "module": "module.api_gateway",
      "mode": "managed",
      "type": "aws_api_gateway_resource",
      "name": "upload",
      "provider": "provider[\"registry.terraform.io/hashicorp/aws\"]",
      "instances": [
        {
          "schema_version": 0,
          "attributes": {
            "id": "f5uxyn",
            "parent_id": "oslr0io3fi",
            "path": "/upload",
            "path_part": "upload",
            "rest_api_id": "nwt110d4l2"
          },
          "sensitive_attributes": [],
          "identity_schema_version": 0,
          "private": "bnVsbA==",
          "dependencies": [
            "module.api_gateway.aws_api_gateway_rest_api.main"
          ],
          "create_before_destroy": true
        }
      ]
    },
    {
      "module": "module.api_gateway",
      "mode": "managed",
      "type": "aws_api_gateway_rest_api",
      "name": "main",
      "provider": "provider[\"registry.terraform.io/hashicorp/aws\"]",
      "instances": [
        {
          "schema_version": 0,
          "attributes": {
            "api_key_source": "HEADER",
            "arn": "arn:aws:apigateway:ap-southeast-1::/restapis/nwt110d4l2",
            "binary_media_types": [],
            "body": null,
            "created_date": "2025-09-20T12:18:49Z",
            "description": "RAG Chatbot API Gateway",
            "disable_execute_api_endpoint": false,
            "endpoint_configuration": [
              {
                "ip_address_type": "ipv4",
                "types": [
                  "REGIONAL"
                ],
                "vpc_endpoint_ids": []
              }
            ],
            "execution_arn": "arn:aws:execute-api:ap-southeast-1:396239172241:nwt110d4l2",
            "fail_on_warnings": null,
            "id": "nwt110d4l2",
            "minimum_compression_size": "",
            "name": "rag-chatbot-prod-api",
            "parameters": null,
            "policy": "{\"Statement\":[{\"Action\":\"execute-api:Invoke\",\"Effect\":\"Allow\",\"Principal\":\"*\",\"Resource\":\"*\"}],\"Version\":\"2012-10-17\"}",
            "put_rest_api_mode": null,
            "root_resource_id": "oslr0io3fi",
            "tags": {
              "Environment": "prod",
              "ManagedBy": "Terraform",
              "Project": "rag-chatbot"
            },
            "tags_all": {
              "Environment": "prod",
              "ManagedBy": "Terraform",
              "Project": "rag-chatbot",
              "Security": "High"
            }
          },
          "sensitive_attributes": [],
          "identity_schema_version": 0,
          "private": "bnVsbA==",
          "create_before_destroy": true
        }
      ]
    },
    {
      "module": "module.api_gateway",
      "mode": "managed",
      "type": "aws_cloudwatch_log_group",
      "name": "api_gateway",
      "provider": "provider[\"registry.terraform.io/hashicorp/aws\"]",
      "instances": [
        {
          "schema_version": 0,
          "attributes": {
            "arn": "arn:aws:logs:ap-southeast-1:396239172241:log-group:/aws/apigateway/rag-chatbot-prod",
            "id": "/aws/apigateway/rag-chatbot-prod",
            "kms_key_id": "",
            "log_group_class": "STANDARD",
            "name": "/aws/apigateway/rag-chatbot-prod",
            "name_prefix": "",
            "retention_in_days": 30,
            "skip_destroy": false,
            "tags": {
              "Environment": "prod",
              "ManagedBy": "Terraform",
              "Project": "rag-chatbot"
            },
            "tags_all": {
              "Environment": "prod",
              "ManagedBy": "Terraform",
              "Project": "rag-chatbot",
              "Security": "High"
            }
          },
          "sensitive_attributes": [],
          "identity_schema_version": 0,
          "private": "bnVsbA=="
        }
      ]
    },
    {
      "module": "module.bedrock",
      "mode": "data",
      "type": "aws_region",
      "name": "current",
      "provider": "provider[\"registry.terraform.io/hashicorp/aws\"]",
      "instances": [
        {
          "schema_version": 0,
          "attributes": {
            "description": "Asia Pacific (Singapore)",
            "endpoint": "ec2.ap-southeast-1.amazonaws.com",
            "id": "ap-southeast-1",
            "name": "ap-southeast-1"
          },
          "sensitive_attributes": [],
          "identity_schema_version": 0
        }
      ]
    },
    {
      "module": "module.bedrock",
      "mode": "managed",
      "type": "aws_bedrock_model_invocation_logging_configuration",
      "name": "main",
      "provider": "provider[\"registry.terraform.io/hashicorp/aws\"]",
      "instances": [
        {
          "schema_version": 0,
          "attributes": {
            "id": "ap-southeast-1",
            "logging_config": {
              "cloudwatch_config": null,
              "embedding_data_delivery_enabled": true,
              "image_data_delivery_enabled": true,
              "s3_config": {
                "bucket_name": "rag-chatbot-prod-documents-x2k23mmf",
                "key_prefix": "bedrock-logs/"
              },
              "text_data_delivery_enabled": true,
              "video_data_delivery_enabled": true
            }
          },
          "sensitive_attributes": [],
          "identity_schema_version": 0,
          "dependencies": [
            "module.s3.aws_s3_bucket.documents",
            "module.s3.random_string.bucket_suffix"
          ]
        }
      ]
    },
    {
      "module": "module.cloudfront",
      "mode": "managed",
      "type": "aws_cloudfront_cache_policy",
      "name": "main",
      "provider": "provider[\"registry.terraform.io/hashicorp/aws\"]",
      "instances": [
        {
          "schema_version": 0,
          "attributes": {
            "arn": "arn:aws:cloudfront::396239172241:cache-policy/d57735dc-a3e9-49ba-9345-11f2edcc0186",
            "comment": "Cache policy for RAG Chatbot",
            "default_ttl": 0,
            "etag": "E23ZP02F085DFQ",
            "id": "d57735dc-a3e9-49ba-9345-11f2edcc0186",
            "max_ttl": 31536000,
            "min_ttl": 0,
            "name": "rag-chatbot-prod-cache-policy",
            "parameters_in_cache_key_and_forwarded_to_origin": [
              {
                "cookies_config": [
                  {
                    "cookie_behavior": "none",
                    "cookies": []
                  }
                ],
                "enable_accept_encoding_brotli": true,
                "enable_accept_encoding_gzip": true,
                "headers_config": [
                  {
                    "header_behavior": "whitelist",
                    "headers": [
                      {
                        "items": [
                          "Authorization",
                          "Content-Type"
                        ]
                      }
                    ]
                  }
                ],
                "query_strings_config": [
                  {
                    "query_string_behavior": "all",
                    "query_strings": []
                  }
                ]
              }
            ]
          },
          "sensitive_attributes": [],
          "identity_schema_version": 0,
          "private": "bnVsbA=="
        }
      ]
    },
    {
      "module": "module.cloudfront",
      "mode": "managed",
      "type": "aws_cloudfront_response_headers_policy",
      "name": "main",
      "provider": "provider[\"registry.terraform.io/hashicorp/aws\"]",
      "instances": [
        {
          "schema_version": 0,
          "attributes": {
            "arn": "arn:aws:cloudfront::396239172241:response-headers-policy/fb007e64-c055-4d04-be08-f12605b41213",
            "comment": "Response headers policy for RAG Chatbot",
            "cors_config": [],
            "custom_headers_config": [],
            "etag": "E23ZP02F085DFQ",
            "id": "fb007e64-c055-4d04-be08-f12605b41213",
            "name": "rag-chatbot-prod-response-headers-policy",
            "remove_headers_config": [],
            "security_headers_config": [
              {
                "content_security_policy": [],
                "content_type_options": [
                  {
                    "override": false
                  }
                ],
                "frame_options": [
                  {
                    "frame_option": "DENY",
                    "override": false
                  }
                ],
                "referrer_policy": [
                  {
                    "override": false,
                    "referrer_policy": "strict-origin-when-cross-origin"
                  }
                ],
                "strict_transport_security": [
                  {
                    "access_control_max_age_sec": 31536000,
                    "include_subdomains": true,
                    "override": false,
                    "preload": true
                  }
                ],
                "xss_protection": []
              }
            ],
            "server_timing_headers_config": []
          },
          "sensitive_attributes": [],
          "identity_schema_version": 0,
          "private": "bnVsbA=="
        }
      ]
    },
    {
      "module": "module.dynamodb",
      "mode": "managed",
      "type": "aws_dynamodb_table",
      "name": "app_config",
      "provider": "provider[\"registry.terraform.io/hashicorp/aws\"]",
      "instances": [
        {
          "schema_version": 1,
          "attributes": {
            "arn": "arn:aws:dynamodb:ap-southeast-1:396239172241:table/rag-chatbot-prod-app-config",
            "attribute": [
              {
                "name": "config_key",
                "type": "S"
              }
            ],
            "billing_mode": "PAY_PER_REQUEST",
            "deletion_protection_enabled": false,
            "global_secondary_index": [],
            "hash_key": "config_key",
            "id": "rag-chatbot-prod-app-config",
            "import_table": [],
            "local_secondary_index": [],
            "name": "rag-chatbot-prod-app-config",
            "on_demand_throughput": [],
            "point_in_time_recovery": [
              {
                "enabled": true,
                "recovery_period_in_days": 35
              }
            ],
            "range_key": null,
            "read_capacity": 0,
            "replica": [],
            "restore_date_time": null,
            "restore_source_name": null,
            "restore_source_table_arn": null,
            "restore_to_latest_time": null,
            "server_side_encryption": [
              {
                "enabled": true,
                "kms_key_arn": ""
              }
            ],
            "stream_arn": "",
            "stream_enabled": false,
            "stream_label": "",
            "stream_view_type": "",
            "table_class": "STANDARD",
            "tags": {
              "Environment": "prod",
              "ManagedBy": "Terraform",
              "Name": "rag-chatbot-prod-app-config",
              "Project": "rag-chatbot"
            },
            "tags_all": {
              "Environment": "prod",
              "ManagedBy": "Terraform",
              "Name": "rag-chatbot-prod-app-config",
              "Project": "rag-chatbot",
              "Security": "High"
            },
            "timeouts": null,
            "ttl": [
              {
                "attribute_name": "",
                "enabled": false
              }
            ],
            "write_capacity": 0
          },
          "sensitive_attributes": [],
          "identity_schema_version": 0,
          "private": "eyJlMmJmYjczMC1lY2FhLTExZTYtOGY4OC0zNDM2M2JjN2M0YzAiOnsiY3JlYXRlIjoxODAwMDAwMDAwMDAwLCJkZWxldGUiOjYwMDAwMDAwMDAwMCwidXBkYXRlIjozNjAwMDAwMDAwMDAwfSwic2NoZW1hX3ZlcnNpb24iOiIxIn0="
        }
      ]
    },
    {
      "module": "module.dynamodb",
      "mode": "managed",
      "type": "aws_dynamodb_table",
      "name": "chat_history",
      "provider": "provider[\"registry.terraform.io/hashicorp/aws\"]",
      "instances": [
        {
          "schema_version": 1,
          "attributes": {
            "arn": "arn:aws:dynamodb:ap-southeast-1:396239172241:table/rag-chatbot-prod-chat-history",
            "attribute": [
              {
                "name": "session_id",
                "type": "S"
              },
              {
                "name": "timestamp",
                "type": "S"
              },
              {
                "name": "user_id",
                "type": "S"
              }
            ],
            "billing_mode": "PAY_PER_REQUEST",
            "deletion_protection_enabled": false,
            "global_secondary_index": [
              {
                "hash_key": "user_id",
                "name": "user-session-index",
                "non_key_attributes": [],
                "on_demand_throughput": [],
                "projection_type": "ALL",
                "range_key": "timestamp",
                "read_capacity": 0,
                "write_capacity": 0
              }
            ],
            "hash_key": "session_id",
            "id": "rag-chatbot-prod-chat-history",
            "import_table": [],
            "local_secondary_index": [],
            "name": "rag-chatbot-prod-chat-history",
            "on_demand_throughput": [],
            "point_in_time_recovery": [
              {
                "enabled": true,
                "recovery_period_in_days": 35
              }
            ],
            "range_key": "timestamp",
            "read_capacity": 0,
            "replica": [],
            "restore_date_time": null,
            "restore_source_name": null,
            "restore_source_table_arn": null,
            "restore_to_latest_time": null,
            "server_side_encryption": [
              {
                "enabled": true,
                "kms_key_arn": ""
              }
            ],
            "stream_arn": "",
            "stream_enabled": false,
            "stream_label": "",
            "stream_view_type": "",
            "table_class": "STANDARD",
            "tags": {
              "Environment": "prod",
              "ManagedBy": "Terraform",
              "Name": "rag-chatbot-prod-chat-history",
              "Project": "rag-chatbot"
            },
            "tags_all": {
              "Environment": "prod",
              "ManagedBy": "Terraform",
              "Name": "rag-chatbot-prod-chat-history",
              "Project": "rag-chatbot",
              "Security": "High"
            },
            "timeouts": null,
            "ttl": [
              {
                "attribute_name": "",
                "enabled": false
              }
            ],
            "write_capacity": 0
          },
          "sensitive_attributes": [],
          "identity_schema_version": 0,
          "private": "eyJlMmJmYjczMC1lY2FhLTExZTYtOGY4OC0zNDM2M2JjN2M0YzAiOnsiY3JlYXRlIjoxODAwMDAwMDAwMDAwLCJkZWxldGUiOjYwMDAwMDAwMDAwMCwidXBkYXRlIjozNjAwMDAwMDAwMDAwfSwic2NoZW1hX3ZlcnNpb24iOiIxIn0=",
          "create_before_destroy": true
        }
      ]
    },
    {
      "module": "module.dynamodb",
      "mode": "managed",
      "type": "aws_dynamodb_table",
      "name": "user_sessions",
      "provider": "provider[\"registry.terraform.io/hashicorp/aws\"]",
      "instances": [
        {
          "schema_version": 1,
          "attributes": {
            "arn": "arn:aws:dynamodb:ap-southeast-1:396239172241:table/rag-chatbot-prod-user-sessions",
            "attribute": [
              {
                "name": "session_id",
                "type": "S"
              },
              {
                "name": "user_id",
                "type": "S"
              }
            ],
            "billing_mode": "PAY_PER_REQUEST",
            "deletion_protection_enabled": false,
            "global_secondary_index": [
              {
                "hash_key": "session_id",
                "name": "session-index",
                "non_key_attributes": [],
                "on_demand_throughput": [],
                "projection_type": "ALL",
                "range_key": "",
                "read_capacity": 0,
                "write_capacity": 0
              }
            ],
            "hash_key": "user_id",
            "id": "rag-chatbot-prod-user-sessions",
            "import_table": [],
            "local_secondary_index": [],
            "name": "rag-chatbot-prod-user-sessions",
            "on_demand_throughput": [],
            "point_in_time_recovery": [
              {
                "enabled": true,
                "recovery_period_in_days": 35
              }
            ],
            "range_key": null,
            "read_capacity": 0,
            "replica": [],
            "restore_date_time": null,
            "restore_source_name": null,
            "restore_source_table_arn": null,
            "restore_to_latest_time": null,
            "server_side_encryption": [
              {
                "enabled": true,
                "kms_key_arn": ""
              }
            ],
            "stream_arn": "",
            "stream_enabled": false,
            "stream_label": "",
            "stream_view_type": "",
            "table_class": "STANDARD",
            "tags": {
              "Environment": "prod",
              "ManagedBy": "Terraform",
              "Name": "rag-chatbot-prod-user-sessions",
              "Project": "rag-chatbot"
            },
            "tags_all": {
              "Environment": "prod",
              "ManagedBy": "Terraform",
              "Name": "rag-chatbot-prod-user-sessions",
              "Project": "rag-chatbot",
              "Security": "High"
            },
            "timeouts": null,
            "ttl": [
              {
                "attribute_name": "ttl",
                "enabled": true
              }
            ],
            "write_capacity": 0
          },
          "sensitive_attributes": [],
          "identity_schema_version": 0,
          "private": "eyJlMmJmYjczMC1lY2FhLTExZTYtOGY4OC0zNDM2M2JjN2M0YzAiOnsiY3JlYXRlIjoxODAwMDAwMDAwMDAwLCJkZWxldGUiOjYwMDAwMDAwMDAwMCwidXBkYXRlIjozNjAwMDAwMDAwMDAwfSwic2NoZW1hX3ZlcnNpb24iOiIxIn0="
        }
      ]
    },
    {
      "module": "module.ecs",
      "mode": "data",
      "type": "aws_caller_identity",
      "name": "current",
      "provider": "provider[\"registry.terraform.io/hashicorp/aws\"]",
      "instances": [
        {
          "schema_version": 0,
          "attributes": {
            "account_id": "396239172241",
            "arn": "arn:aws:iam::396239172241:user/msh_dev",
            "id": "396239172241",
            "user_id": "AIDAVYQNR6KI3IIRAT24W"
          },
          "sensitive_attributes": [],
          "identity_schema_version": 0
        }
      ]
    },
    {
      "module": "module.ecs",
      "mode": "data",
      "type": "aws_region",
      "name": "current",
      "provider": "provider[\"registry.terraform.io/hashicorp/aws\"]",
      "instances": [
        {
          "schema_version": 0,
          "attributes": {
            "description": "Asia Pacific (Singapore)",
            "endpoint": "ec2.ap-southeast-1.amazonaws.com",
            "id": "ap-southeast-1",
            "name": "ap-southeast-1"
          },
          "sensitive_attributes": [],
          "identity_schema_version": 0
        }
      ]
    },
    {
      "module": "module.ecs",
      "mode": "managed",
      "type": "aws_cloudwatch_log_group",
      "name": "ecs",
      "provider": "provider[\"registry.terraform.io/hashicorp/aws\"]",
      "instances": [
        {
          "schema_version": 0,
          "attributes": {
            "arn": "arn:aws:logs:ap-southeast-1:396239172241:log-group:/aws/ecs/rag-chatbot-prod",
            "id": "/aws/ecs/rag-chatbot-prod",
            "kms_key_id": "",
            "log_group_class": "STANDARD",
            "name": "/aws/ecs/rag-chatbot-prod",
            "name_prefix": "",
            "retention_in_days": 30,
            "skip_destroy": false,
            "tags": {
              "Environment": "prod",
              "ManagedBy": "Terraform",
              "Project": "rag-chatbot"
            },
            "tags_all": {
              "Environment": "prod",
              "ManagedBy": "Terraform",
              "Project": "rag-chatbot",
              "Security": "High"
            }
          },
          "sensitive_attributes": [],
          "identity_schema_version": 0,
          "private": "bnVsbA=="
        }
      ]
    },
    {
      "module": "module.ecs",
      "mode": "managed",
      "type": "aws_ecr_repository",
      "name": "frontend",
      "provider": "provider[\"registry.terraform.io/hashicorp/aws\"]",
      "instances": [
        {
          "schema_version": 0,
          "attributes": {
            "arn": "arn:aws:ecr:ap-southeast-1:396239172241:repository/rag-chatbot-prod-frontend",
            "encryption_configuration": [
              {
                "encryption_type": "AES256",
                "kms_key": ""
              }
            ],
            "force_delete": true,
            "id": "rag-chatbot-prod-frontend",
            "image_scanning_configuration": [
              {
                "scan_on_push": true
              }
            ],
            "image_tag_mutability": "MUTABLE",
            "name": "rag-chatbot-prod-frontend",
            "registry_id": "396239172241",
            "repository_url": "396239172241.dkr.ecr.ap-southeast-1.amazonaws.com/rag-chatbot-prod-frontend",
            "tags": {
              "Environment": "prod",
              "ManagedBy": "Terraform",
              "Project": "rag-chatbot"
            },
            "tags_all": {
              "Environment": "prod",
              "ManagedBy": "Terraform",
              "Project": "rag-chatbot",
              "Security": "High"
            },
            "timeouts": null
          },
          "sensitive_attributes": [],
          "identity_schema_version": 0,
          "private": "eyJlMmJmYjczMC1lY2FhLTExZTYtOGY4OC0zNDM2M2JjN2M0YzAiOnsiZGVsZXRlIjoxMjAwMDAwMDAwMDAwfX0="
        }
      ]
    },
    {
      "module": "module.ecs",
      "mode": "managed",
      "type": "aws_ecr_repository_policy",
      "name": "frontend",
      "provider": "provider[\"registry.terraform.io/hashicorp/aws\"]",
      "instances": [
        {
          "schema_version": 0,
          "attributes": {
            "id": "rag-chatbot-prod-frontend",
            "policy": "{\"Statement\":[{\"Action\":[\"ecr:GetDownloadUrlForLayer\",\"ecr:BatchGetImage\",\"ecr:BatchCheckLayerAvailability\",\"ecr:PutImage\",\"ecr:InitiateLayerUpload\",\"ecr:UploadLayerPart\",\"ecr:CompleteLayerUpload\"],\"Effect\":\"Allow\",\"Principal\":{\"AWS\":\"arn:aws:iam::396239172241:root\"},\"Sid\":\"AllowPushPull\"}],\"Version\":\"2012-10-17\"}",
            "registry_id": "396239172241",
            "repository": "rag-chatbot-prod-frontend"
          },
          "sensitive_attributes": [],
          "identity_schema_version": 0,
          "private": "bnVsbA==",
          "dependencies": [
            "module.ecs.aws_ecr_repository.frontend",
            "module.ecs.data.aws_caller_identity.current"
          ]
        }
      ]
    },
    {
      "module": "module.ecs",
      "mode": "managed",
      "type": "aws_ecs_cluster",
      "name": "main",
      "provider": "provider[\"registry.terraform.io/hashicorp/aws\"]",
      "instances": [
        {
          "schema_version": 0,
          "attributes": {
            "arn": "arn:aws:ecs:ap-southeast-1:396239172241:cluster/rag-chatbot-prod-cluster",
            "configuration": [],
            "id": "arn:aws:ecs:ap-southeast-1:396239172241:cluster/rag-chatbot-prod-cluster",
            "name": "rag-chatbot-prod-cluster",
            "service_connect_defaults": [],
            "setting": [
              {
                "name": "containerInsights",
                "value": "enabled"
              }
            ],
            "tags": {
              "Environment": "prod",
              "ManagedBy": "Terraform",
              "Project": "rag-chatbot"
            },
            "tags_all": {
              "Environment": "prod",
              "ManagedBy": "Terraform",
              "Project": "rag-chatbot",
              "Security": "High"
            }
          },
          "sensitive_attributes": [],
          "identity_schema_version": 0,
          "private": "bnVsbA=="
        }
      ]
    },
    {
      "module": "module.ecs",
      "mode": "managed",
      "type": "aws_ecs_cluster_capacity_providers",
      "name": "main",
      "provider": "provider[\"registry.terraform.io/hashicorp/aws\"]",
      "instances": [
        {
          "schema_version": 0,
          "attributes": {
            "capacity_providers": [
              "FARGATE",
              "FARGATE_SPOT"
            ],
            "cluster_name": "rag-chatbot-prod-cluster",
            "default_capacity_provider_strategy": [
              {
                "base": 1,
                "capacity_provider": "FARGATE",
                "weight": 100
              }
            ],
            "id": "rag-chatbot-prod-cluster"
          },
          "sensitive_attributes": [],
          "identity_schema_version": 0,
          "private": "bnVsbA==",
          "dependencies": [
            "module.ecs.aws_ecs_cluster.main"
          ]
        }
      ]
    },
    {
      "module": "module.ecs",
      "mode": "managed",
      "type": "aws_ecs_service",
      "name": "main",
      "provider": "provider[\"registry.terraform.io/hashicorp/aws\"]",
      "instances": [
        {
          "schema_version": 1,
          "attributes": {
            "alarms": [],
            "availability_zone_rebalancing": "DISABLED",
            "capacity_provider_strategy": [],
            "cluster": "arn:aws:ecs:ap-southeast-1:396239172241:cluster/rag-chatbot-prod-cluster",
            "deployment_circuit_breaker": [
              {
                "enable": false,
                "rollback": false
              }
            ],
            "deployment_controller": [
              {
                "type": "ECS"
              }
            ],
            "deployment_maximum_percent": 200,
            "deployment_minimum_healthy_percent": 100,
            "desired_count": 2,
            "enable_ecs_managed_tags": false,
            "enable_execute_command": false,
            "force_delete": null,
            "force_new_deployment": null,
            "health_check_grace_period_seconds": 0,
            "iam_role": "/aws-service-role/ecs.amazonaws.com/AWSServiceRoleForECS",
            "id": "arn:aws:ecs:ap-southeast-1:396239172241:service/rag-chatbot-prod-cluster/rag-chatbot-prod-service",
            "launch_type": "FARGATE",
            "load_balancer": [
              {
                "container_name": "rag-chatbot-frontend",
                "container_port": 8501,
                "elb_name": "",
                "target_group_arn": "arn:aws:elasticloadbalancing:ap-southeast-1:396239172241:targetgroup/rag-chatbot-prod-tg-v2/c4618292608d0e8e"
              }
            ],
            "name": "rag-chatbot-prod-service",
            "network_configuration": [
              {
                "assign_public_ip": false,
                "security_groups": [
                  "sg-08c50fd357a6ad494"
                ],
                "subnets": [
                  "subnet-0572aff16d9d0ccd4",
                  "subnet-09b288e005c04d52c"
                ]
              }
            ],
            "ordered_placement_strategy": [],
            "placement_constraints": [],
            "platform_version": "LATEST",
            "propagate_tags": "NONE",
            "scheduling_strategy": "REPLICA",
            "service_connect_configuration": [],
            "service_registries": [],
            "tags": {
              "Environment": "prod",
              "ManagedBy": "Terraform",
              "Project": "rag-chatbot"
            },
            "tags_all": {
              "Environment": "prod",
              "ManagedBy": "Terraform",
              "Project": "rag-chatbot",
              "Security": "High"
            },
            "task_definition": "arn:aws:ecs:ap-southeast-1:396239172241:task-definition/rag-chatbot-prod-task:5",
            "timeouts": null,
            "triggers": {},
            "volume_configuration": [],
            "vpc_lattice_configurations": [],
            "wait_for_steady_state": false
          },
          "sensitive_attributes": [],
          "identity_schema_version": 0,
          "private": "eyJlMmJmYjczMC1lY2FhLTExZTYtOGY4OC0zNDM2M2JjN2M0YzAiOnsiY3JlYXRlIjoxMjAwMDAwMDAwMDAwLCJkZWxldGUiOjEyMDAwMDAwMDAwMDAsInVwZGF0ZSI6MTIwMDAwMDAwMDAwMH0sInNjaGVtYV92ZXJzaW9uIjoiMSJ9",
          "dependencies": [
            "data.aws_availability_zones.available",
            "module.api_gateway.aws_api_gateway_rest_api.main",
            "module.api_gateway.data.aws_region.current",
            "module.ecs.aws_cloudwatch_log_group.ecs",
            "module.ecs.aws_ecr_repository.frontend",
            "module.ecs.aws_ecs_cluster.main",
            "module.ecs.aws_ecs_task_definition.main",
            "module.ecs.aws_iam_role_policy_attachment.ecs_task_execution",
            "module.ecs.aws_lb.main",
            "module.ecs.aws_lb_listener.main",
            "module.ecs.aws_lb_target_group.main",
            "module.ecs.data.aws_region.current",
            "module.iam.aws_iam_role.ecs_execution_role",
            "module.iam.aws_iam_role.ecs_task_role",
            "module.security_groups.aws_security_group.alb",
            "module.security_groups.aws_security_group.ecs",
            "module.vpc.aws_subnet.private",
            "module.vpc.aws_subnet.public",
            "module.vpc.aws_vpc.main"
          ]
        }
      ]
    },
    {
      "module": "module.ecs",
      "mode": "managed",
      "type": "aws_ecs_task_definition",
      "name": "main",
      "provider": "provider[\"registry.terraform.io/hashicorp/aws\"]",
      "instances": [
        {
          "schema_version": 1,
          "attributes": {
            "arn": "arn:aws:ecs:ap-southeast-1:396239172241:task-definition/rag-chatbot-prod-task:5",
            "arn_without_revision": "arn:aws:ecs:ap-southeast-1:396239172241:task-definition/rag-chatbot-prod-task",
            "container_definitions": "[{\"command\":[\"/bin/bash\",\"-c\",\"pip install streamlit requests boto3 python-dotenv \u0026\u0026 echo 'import streamlit as st\\nimport requests\\nimport json\\nimport uuid\\nfrom datetime import datetime\\nimport os\\n\\n# Load .env file for local development (if exists)\\ntry:\\n    from dotenv import load_dotenv\\n    load_dotenv()\\nexcept ImportError:\\n    pass  # dotenv not available, environment variables set by ECS\\n\\n# Environment variables are set by ECS task definition in production\\n# For local development, use: python scripts/get-api-url.py\\n\\n# Page configuration\\nst.set_page_config(\\n    page_title=\\\"RAG Chatbot\\\",\\n    page_icon=\\\"🤖\\\",\\n    layout=\\\"wide\\\",\\n    initial_sidebar_state=\\\"expanded\\\"\\n)\\n\\n# Get API Gateway URL from environment variable\\nAPI_GATEWAY_URL = os.getenv(\\\"API_GATEWAY_URL\\\", \\\"https://362r2dpx1l.execute-api.ap-southeast-1.amazonaws.com/prod\\\")\\n\\n# Main application\\ndef main():\\n    st.title(\\\"🤖 RAG Chatbot\\\")\\n    st.markdown(\\\"Ask questions and get intelligent responses powered by AWS Bedrock.\\\")\\n    \\n    # Initialize session state\\n    if \\\"messages\\\" not in st.session_state:\\n        st.session_state.messages = []\\n    \\n    if \\\"session_id\\\" not in st.session_state:\\n        st.session_state.session_id = str(uuid.uuid4())\\n    \\n    # Display chat messages\\n    for message in st.session_state.messages:\\n        with st.chat_message(message[\\\"role\\\"]):\\n            st.markdown(message[\\\"content\\\"])\\n    \\n    # Chat input\\n    if prompt := st.chat_input(\\\"What would you like to know?\\\"):\\n        # Add user message to chat history\\n        st.session_state.messages.append({\\\"role\\\": \\\"user\\\", \\\"content\\\": prompt})\\n        \\n        # Display user message\\n        with st.chat_message(\\\"user\\\"):\\n            st.markdown(prompt)\\n        \\n        # Get response from API\\n        with st.chat_message(\\\"assistant\\\"):\\n            with st.spinner(\\\"Thinking...\\\"):\\n                try:\\n                    response = requests.post(\\n                        f\\\"{API_GATEWAY_URL}/chat\\\",\\n                        json={\\n                            \\\"message\\\": prompt,\\n                            \\\"session_id\\\": st.session_state.session_id\\n                        },\\n                        timeout=30\\n                    )\\n                    \\n                    if response.status_code == 200:\\n                        data = response.json()\\n                        assistant_message = data.get(\\\"response\\\", \\\"Sorry, I could not process your request.\\\")\\n                        \\n                        # Add assistant message to chat history\\n                        st.session_state.messages.append({\\\"role\\\": \\\"assistant\\\", \\\"content\\\": assistant_message})\\n                        \\n                        # Display assistant message\\n                        st.markdown(assistant_message)\\n                    else:\\n                        error_msg = f\\\"Error: {response.status_code} - {response.text}\\\"\\n                        st.error(error_msg)\\n                        st.session_state.messages.append({\\\"role\\\": \\\"assistant\\\", \\\"content\\\": error_msg})\\n                        \\n                except requests.exceptions.RequestException as e:\\n                    error_msg = f\\\"Connection error: {str(e)}\\\"\\n                    st.error(error_msg)\\n                    st.session_state.messages.append({\\\"role\\\": \\\"assistant\\\", \\\"content\\\": error_msg})\\n                except Exception as e:\\n                    error_msg = f\\\"Unexpected error: {str(e)}\\\"\\n                    st.error(error_msg)\\n                    st.session_state.messages.append({\\\"role\\\": \\\"assistant\\\", \\\"content\\\": error_msg})\\n    \\n    # Sidebar\\n    with st.sidebar:\\n        st.header(\\\"Settings\\\")\\n        st.write(f\\\"**API Gateway URL:**\\\")\\n        st.code(API_GATEWAY_URL)\\n        \\n        st.write(f\\\"**Session ID:**\\\")\\n        st.code(st.session_state.session_id)\\n        \\n        if st.button(\\\"Clear Chat History\\\"):\\n            st.session_state.messages = []\\n            st.rerun()\\n        \\n        st.markdown(\\\"---\\\")\\n        st.markdown(\\\"**About**\\\")\\n        st.markdown(\\\"This chatbot uses AWS Bedrock for AI responses and is deployed on AWS ECS.\\\")\\n\\nif __name__ == \\\"__main__\\\":\\n    main()' \u003e app.py \u0026\u0026 streamlit run app.py --server.port=8501 --server.address=0.0.0.0\"],\"environment\":[{\"name\":\"API_GATEWAY_URL\",\"value\":\"https://nwt110d4l2.execute-api.ap-southeast-1.amazonaws.com/prod\"},{\"name\":\"ENVIRONMENT\",\"value\":\"prod\"}],\"essential\":true,\"healthCheck\":{\"command\":[\"CMD-SHELL\",\"curl -f http://localhost:8501/_stcore/health || exit 1\"],\"interval\":30,\"retries\":3,\"startPeriod\":60,\"timeout\":5},\"image\":\"396239172241.dkr.ecr.ap-southeast-1.amazonaws.com/rag-chatbot-prod-frontend:latest\",\"logConfiguration\":{\"logDriver\":\"awslogs\",\"options\":{\"awslogs-stream-prefix\":\"ecs\",\"awslogs-group\":\"/aws/ecs/rag-chatbot-prod\",\"awslogs-region\":\"ap-southeast-1\"}},\"mountPoints\":[],\"name\":\"rag-chatbot-frontend\",\"portMappings\":[{\"containerPort\":8501,\"hostPort\":8501,\"protocol\":\"tcp\"}],\"systemControls\":[],\"volumesFrom\":[]}]",
            "cpu": "512",
            "enable_fault_injection": false,
            "ephemeral_storage": [],
            "execution_role_arn": "arn:aws:iam::396239172241:role/rag-chatbot-prod-ecs-execution-role",
            "family": "rag-chatbot-prod-task",
            "id": "rag-chatbot-prod-task",
            "inference_accelerator": [],
            "ipc_mode": "",
            "memory": "1024",
            "network_mode": "awsvpc",
            "pid_mode": "",
            "placement_constraints": [],
            "proxy_configuration": [],
            "requires_compatibilities": [
              "FARGATE"
            ],
            "revision": 5,
            "runtime_platform": [],
            "skip_destroy": false,
            "tags": {
              "Environment": "prod",
              "ManagedBy": "Terraform",
              "Project": "rag-chatbot"
            },
            "tags_all": {
              "Environment": "prod",
              "ManagedBy": "Terraform",
              "Project": "rag-chatbot",
              "Security": "High"
            },
            "task_role_arn": "arn:aws:iam::396239172241:role/rag-chatbot-prod-ecs-task-role",
            "track_latest": false,
            "volume": []
          },
          "sensitive_attributes": [],
          "identity_schema_version": 0,
          "private": "eyJzY2hlbWFfdmVyc2lvbiI6IjEifQ==",
          "dependencies": [
            "module.api_gateway.aws_api_gateway_rest_api.main",
            "module.api_gateway.data.aws_region.current",
            "module.ecs.aws_cloudwatch_log_group.ecs",
            "module.ecs.aws_ecr_repository.frontend",
            "module.ecs.data.aws_region.current",
            "module.iam.aws_iam_role.ecs_execution_role",
            "module.iam.aws_iam_role.ecs_task_role"
          ]
        }
      ]
    },
    {
      "module": "module.ecs",
      "mode": "managed",
      "type": "aws_iam_role_policy_attachment",
      "name": "ecs_task_execution",
      "provider": "provider[\"registry.terraform.io/hashicorp/aws\"]",
      "instances": [
        {
          "schema_version": 0,
          "attributes": {
            "id": "rag-chatbot-prod-ecs-execution-role-2025092012190148530000000a",
            "policy_arn": "arn:aws:iam::aws:policy/service-role/AmazonECSTaskExecutionRolePolicy",
            "role": "rag-chatbot-prod-ecs-execution-role"
          },
          "sensitive_attributes": [],
          "identity_schema_version": 0,
          "private": "bnVsbA==",
          "dependencies": [
            "module.iam.aws_iam_role.ecs_execution_role"
          ]
        }
      ]
    },
    {
      "module": "module.ecs",
      "mode": "managed",
      "type": "aws_lb",
      "name": "main",
      "provider": "provider[\"registry.terraform.io/hashicorp/aws\"]",
      "instances": [
        {
          "schema_version": 0,
          "attributes": {
            "access_logs": [
              {
                "bucket": "",
                "enabled": false,
                "prefix": ""
              }
            ],
            "arn": "arn:aws:elasticloadbalancing:ap-southeast-1:396239172241:loadbalancer/app/rag-chatbot-prod-alb/4dcdc88844c6bc00",
            "arn_suffix": "app/rag-chatbot-prod-alb/4dcdc88844c6bc00",
            "client_keep_alive": 3600,
            "connection_logs": [
              {
                "bucket": "",
                "enabled": false,
                "prefix": ""
              }
            ],
            "customer_owned_ipv4_pool": "",
            "desync_mitigation_mode": "defensive",
            "dns_name": "rag-chatbot-prod-alb-2078334033.ap-southeast-1.elb.amazonaws.com",
            "dns_record_client_routing_policy": null,
            "drop_invalid_header_fields": false,
            "enable_cross_zone_load_balancing": true,
            "enable_deletion_protection": false,
            "enable_http2": true,
            "enable_tls_version_and_cipher_suite_headers": false,
            "enable_waf_fail_open": false,
            "enable_xff_client_port": false,
            "enable_zonal_shift": false,
            "enforce_security_group_inbound_rules_on_private_link_traffic": "",
            "id": "arn:aws:elasticloadbalancing:ap-southeast-1:396239172241:loadbalancer/app/rag-chatbot-prod-alb/4dcdc88844c6bc00",
            "idle_timeout": 60,
            "internal": false,
            "ip_address_type": "ipv4",
            "ipam_pools": [],
            "load_balancer_type": "application",
            "minimum_load_balancer_capacity": [],
            "name": "rag-chatbot-prod-alb",
            "name_prefix": "",
            "preserve_host_header": false,
            "security_groups": [
              "sg-0f8010aad466cea5e"
            ],
            "subnet_mapping": [
              {
                "allocation_id": "",
                "ipv6_address": "",
                "outpost_id": "",
                "private_ipv4_address": "",
                "subnet_id": "subnet-079b629ef0d36fd71"
              },
              {
                "allocation_id": "",
                "ipv6_address": "",
                "outpost_id": "",
                "private_ipv4_address": "",
                "subnet_id": "subnet-08bcd28bbdefd4889"
              }
            ],
            "subnets": [
              "subnet-079b629ef0d36fd71",
              "subnet-08bcd28bbdefd4889"
            ],
            "tags": {
              "Environment": "prod",
              "ManagedBy": "Terraform",
              "Project": "rag-chatbot"
            },
            "tags_all": {
              "Environment": "prod",
              "ManagedBy": "Terraform",
              "Project": "rag-chatbot",
              "Security": "High"
            },
            "timeouts": null,
            "vpc_id": "vpc-01bfe9df5e8bca4fc",
            "xff_header_processing_mode": "append",
            "zone_id": "Z1LMS91P8CMLE5"
          },
          "sensitive_attributes": [],
          "identity_schema_version": 0,
          "private": "eyJlMmJmYjczMC1lY2FhLTExZTYtOGY4OC0zNDM2M2JjN2M0YzAiOnsiY3JlYXRlIjo2MDAwMDAwMDAwMDAsImRlbGV0ZSI6NjAwMDAwMDAwMDAwLCJ1cGRhdGUiOjYwMDAwMDAwMDAwMH19",
          "dependencies": [
            "data.aws_availability_zones.available",
            "module.security_groups.aws_security_group.alb",
            "module.vpc.aws_subnet.public",
            "module.vpc.aws_vpc.main"
          ]
        }
      ]
    },
    {
      "module": "module.ecs",
      "mode": "managed",
      "type": "aws_lb_listener",
      "name": "https",
      "provider": "provider[\"registry.terraform.io/hashicorp/aws\"]",
      "instances": []
    },
    {
      "module": "module.ecs",
      "mode": "managed",
      "type": "aws_lb_listener",
      "name": "main",
      "provider": "provider[\"registry.terraform.io/hashicorp/aws\"]",
      "instances": [
        {
          "schema_version": 0,
          "attributes": {
            "alpn_policy": null,
            "arn": "arn:aws:elasticloadbalancing:ap-southeast-1:396239172241:listener/app/rag-chatbot-prod-alb/4dcdc88844c6bc00/977da624b6b7e350",
            "certificate_arn": null,
            "default_action": [
              {
                "authenticate_cognito": [],
                "authenticate_oidc": [],
                "fixed_response": [],
                "forward": [],
                "order": 1,
                "redirect": [],
                "target_group_arn": "arn:aws:elasticloadbalancing:ap-southeast-1:396239172241:targetgroup/rag-chatbot-prod-tg-v2/c4618292608d0e8e",
                "type": "forward"
              }
            ],
            "id": "arn:aws:elasticloadbalancing:ap-southeast-1:396239172241:listener/app/rag-chatbot-prod-alb/4dcdc88844c6bc00/977da624b6b7e350",
            "load_balancer_arn": "arn:aws:elasticloadbalancing:ap-southeast-1:396239172241:loadbalancer/app/rag-chatbot-prod-alb/4dcdc88844c6bc00",
            "mutual_authentication": [],
            "port": 80,
            "protocol": "HTTP",
            "routing_http_request_x_amzn_mtls_clientcert_header_name": null,
            "routing_http_request_x_amzn_mtls_clientcert_issuer_header_name": null,
            "routing_http_request_x_amzn_mtls_clientcert_leaf_header_name": null,
            "routing_http_request_x_amzn_mtls_clientcert_serial_number_header_name": null,
            "routing_http_request_x_amzn_mtls_clientcert_subject_header_name": null,
            "routing_http_request_x_amzn_mtls_clientcert_validity_header_name": null,
            "routing_http_request_x_amzn_tls_cipher_suite_header_name": null,
            "routing_http_request_x_amzn_tls_version_header_name": null,
            "routing_http_response_access_control_allow_credentials_header_value": "",
            "routing_http_response_access_control_allow_headers_header_value": "",
            "routing_http_response_access_control_allow_methods_header_value": "",
            "routing_http_response_access_control_allow_origin_header_value": "",
            "routing_http_response_access_control_expose_headers_header_value": "",
            "routing_http_response_access_control_max_age_header_value": "",
            "routing_http_response_content_security_policy_header_value": "",
            "routing_http_response_server_enabled": true,
            "routing_http_response_strict_transport_security_header_value": "",
            "routing_http_response_x_content_type_options_header_value": "",
            "routing_http_response_x_frame_options_header_value": "",
            "ssl_policy": "",
            "tags": {
              "Environment": "prod",
              "ManagedBy": "Terraform",
              "Project": "rag-chatbot"
            },
            "tags_all": {
              "Environment": "prod",
              "ManagedBy": "Terraform",
              "Project": "rag-chatbot",
              "Security": "High"
            },
            "tcp_idle_timeout_seconds": null,
            "timeouts": null
          },
          "sensitive_attributes": [],
          "identity_schema_version": 0,
          "private": "eyJlMmJmYjczMC1lY2FhLTExZTYtOGY4OC0zNDM2M2JjN2M0YzAiOnsiY3JlYXRlIjozMDAwMDAwMDAwMDAsInVwZGF0ZSI6MzAwMDAwMDAwMDAwfX0=",
          "dependencies": [
            "data.aws_availability_zones.available",
            "module.ecs.aws_lb.main",
            "module.ecs.aws_lb_target_group.main",
            "module.security_groups.aws_security_group.alb",
            "module.vpc.aws_subnet.public",
            "module.vpc.aws_vpc.main"
          ]
        }
      ]
    },
    {
      "module": "module.ecs",
      "mode": "managed",
      "type": "aws_lb_target_group",
      "name": "main",
      "provider": "provider[\"registry.terraform.io/hashicorp/aws\"]",
      "instances": [
        {
          "schema_version": 0,
          "attributes": {
            "arn": "arn:aws:elasticloadbalancing:ap-southeast-1:396239172241:targetgroup/rag-chatbot-prod-tg-v2/c4618292608d0e8e",
            "arn_suffix": "targetgroup/rag-chatbot-prod-tg-v2/c4618292608d0e8e",
            "connection_termination": null,
            "deregistration_delay": "300",
            "health_check": [
              {
                "enabled": true,
                "healthy_threshold": 2,
                "interval": 30,
                "matcher": "200",
                "path": "/_stcore/health",
                "port": "traffic-port",
                "protocol": "HTTP",
                "timeout": 5,
                "unhealthy_threshold": 2
              }
            ],
            "id": "arn:aws:elasticloadbalancing:ap-southeast-1:396239172241:targetgroup/rag-chatbot-prod-tg-v2/c4618292608d0e8e",
            "ip_address_type": "ipv4",
            "lambda_multi_value_headers_enabled": false,
            "load_balancer_arns": [],
            "load_balancing_algorithm_type": "round_robin",
            "load_balancing_anomaly_mitigation": "off",
            "load_balancing_cross_zone_enabled": "use_load_balancer_configuration",
            "name": "rag-chatbot-prod-tg-v2",
            "name_prefix": "",
            "port": 8501,
            "preserve_client_ip": null,
            "protocol": "HTTP",
            "protocol_version": "HTTP1",
            "proxy_protocol_v2": false,
            "slow_start": 0,
            "stickiness": [
              {
                "cookie_duration": 86400,
                "cookie_name": "",
                "enabled": false,
                "type": "lb_cookie"
              }
            ],
            "tags": {
              "Environment": "prod",
              "ManagedBy": "Terraform",
              "Project": "rag-chatbot"
            },
            "tags_all": {
              "Environment": "prod",
              "ManagedBy": "Terraform",
              "Project": "rag-chatbot",
              "Security": "High"
            },
            "target_failover": [
              {
                "on_deregistration": null,
                "on_unhealthy": null
              }
            ],
            "target_group_health": [
              {
                "dns_failover": [
                  {
                    "minimum_healthy_targets_count": "1",
                    "minimum_healthy_targets_percentage": "off"
                  }
                ],
                "unhealthy_state_routing": [
                  {
                    "minimum_healthy_targets_count": 1,
                    "minimum_healthy_targets_percentage": "off"
                  }
                ]
              }
            ],
            "target_health_state": [
              {
                "enable_unhealthy_connection_termination": null,
                "unhealthy_draining_interval": null
              }
            ],
            "target_type": "ip",
            "vpc_id": "vpc-01bfe9df5e8bca4fc"
          },
          "sensitive_attributes": [],
          "identity_schema_version": 0,
          "private": "bnVsbA==",
          "dependencies": [
            "module.vpc.aws_vpc.main"
          ],
          "create_before_destroy": true
        }
      ]
    },
    {
      "module": "module.guardduty",
      "mode": "managed",
      "type": "aws_cloudwatch_metric_alarm",
      "name": "guardduty_findings",
      "provider": "provider[\"registry.terraform.io/hashicorp/aws\"]",
      "instances": []
    },
    {
      "module": "module.guardduty",
      "mode": "managed",
      "type": "aws_guardduty_detector",
      "name": "main",
      "provider": "provider[\"registry.terraform.io/hashicorp/aws\"]",
      "instances": []
    },
    {
      "module": "module.guardduty",
      "mode": "managed",
      "type": "aws_guardduty_ipset",
      "name": "main",
      "provider": "provider[\"registry.terraform.io/hashicorp/aws\"]",
      "instances": []
    },
    {
      "module": "module.guardduty",
      "mode": "managed",
      "type": "aws_guardduty_publishing_destination",
      "name": "main",
      "provider": "provider[\"registry.terraform.io/hashicorp/aws\"]",
      "instances": []
    },
    {
      "module": "module.guardduty",
      "mode": "managed",
      "type": "aws_guardduty_threatintelset",
      "name": "main",
      "provider": "provider[\"registry.terraform.io/hashicorp/aws\"]",
      "instances": []
    },
    {
      "module": "module.guardduty",
      "mode": "managed",
      "type": "aws_s3_bucket",
      "name": "guardduty_findings",
      "provider": "provider[\"registry.terraform.io/hashicorp/aws\"]",
      "instances": []
    },
    {
      "module": "module.guardduty",
      "mode": "managed",
      "type": "aws_s3_bucket_policy",
      "name": "guardduty_findings",
      "provider": "provider[\"registry.terraform.io/hashicorp/aws\"]",
      "instances": []
    },
    {
      "module": "module.guardduty",
      "mode": "managed",
      "type": "aws_s3_bucket_public_access_block",
      "name": "guardduty_findings",
      "provider": "provider[\"registry.terraform.io/hashicorp/aws\"]",
      "instances": []
    },
    {
      "module": "module.guardduty",
      "mode": "managed",
      "type": "aws_s3_bucket_server_side_encryption_configuration",
      "name": "guardduty_findings",
      "provider": "provider[\"registry.terraform.io/hashicorp/aws\"]",
      "instances": []
    },
    {
      "module": "module.guardduty",
      "mode": "managed",
      "type": "aws_s3_bucket_versioning",
      "name": "guardduty_findings",
      "provider": "provider[\"registry.terraform.io/hashicorp/aws\"]",
      "instances": []
    },
    {
      "module": "module.guardduty",
      "mode": "managed",
      "type": "aws_sns_topic",
      "name": "guardduty_alerts",
      "provider": "provider[\"registry.terraform.io/hashicorp/aws\"]",
      "instances": []
    },
    {
      "module": "module.guardduty",
      "mode": "managed",
      "type": "aws_sns_topic_policy",
      "name": "guardduty_alerts",
      "provider": "provider[\"registry.terraform.io/hashicorp/aws\"]",
      "instances": []
    },
    {
      "module": "module.iam",
      "mode": "data",
      "type": "aws_region",
      "name": "current",
      "provider": "provider[\"registry.terraform.io/hashicorp/aws\"]",
      "instances": [
        {
          "schema_version": 0,
          "attributes": {
            "description": "Asia Pacific (Singapore)",
            "endpoint": "ec2.ap-southeast-1.amazonaws.com",
            "id": "ap-southeast-1",
            "name": "ap-southeast-1"
          },
          "sensitive_attributes": [],
          "identity_schema_version": 0
        }
      ]
    },
    {
      "module": "module.iam",
      "mode": "managed",
      "type": "aws_iam_policy",
      "name": "bedrock_knowledge_base_policy",
      "provider": "provider[\"registry.terraform.io/hashicorp/aws\"]",
      "instances": [
        {
          "schema_version": 0,
          "attributes": {
            "arn": "arn:aws:iam::396239172241:policy/rag-chatbot-prod-bedrock-kb-policy",
            "attachment_count": 0,
            "description": "Policy for Bedrock Knowledge Base to access S3 and OpenSearch",
            "id": "arn:aws:iam::396239172241:policy/rag-chatbot-prod-bedrock-kb-policy",
            "name": "rag-chatbot-prod-bedrock-kb-policy",
            "name_prefix": "",
            "path": "/",
            "policy": "{\"Statement\":[{\"Action\":[\"s3:GetObject\",\"s3:ListBucket\"],\"Effect\":\"Allow\",\"Resource\":[\"arn:aws:s3:::rag-chatbot-prod-documents\",\"arn:aws:s3:::rag-chatbot-prod-documents/*\"]},{\"Action\":[\"aoss:APIAccessAll\"],\"Effect\":\"Allow\",\"Resource\":\"arn:aws:aoss:ap-southeast-1:396239172241:collection/*\"},{\"Action\":[\"bedrock:GetIngestionJob\",\"bedrock:StartIngestionJob\",\"bedrock:ListIngestionJobs\"],\"Effect\":\"Allow\",\"Resource\":\"*\"}],\"Version\":\"2012-10-17\"}",
            "policy_id": "ANPAVYQNR6KI2ISJDB6KG",
            "tags": {
              "Environment": "prod",
              "ManagedBy": "Terraform",
              "Project": "rag-chatbot"
            },
            "tags_all": {
              "Environment": "prod",
              "ManagedBy": "Terraform",
              "Project": "rag-chatbot",
              "Security": "High"
            }
          },
          "sensitive_attributes": [],
          "identity_schema_version": 0,
          "private": "bnVsbA==",
          "dependencies": [
            "data.aws_caller_identity.current",
            "module.iam.data.aws_region.current"
          ]
        }
      ]
    },
    {
      "module": "module.iam",
      "mode": "managed",
      "type": "aws_iam_policy",
      "name": "bedrock_model_access_policy",
      "provider": "provider[\"registry.terraform.io/hashicorp/aws\"]",
      "instances": [
        {
          "schema_version": 0,
          "attributes": {
            "arn": "arn:aws:iam::396239172241:policy/rag-chatbot-prod-bedrock-model-access",
            "attachment_count": 0,
            "description": "Policy to control access to specific Bedrock models",
            "id": "arn:aws:iam::396239172241:policy/rag-chatbot-prod-bedrock-model-access",
            "name": "rag-chatbot-prod-bedrock-model-access",
            "name_prefix": "",
            "path": "/",
            "policy": "{\"Statement\":[{\"Action\":[\"bedrock:InvokeModel\",\"bedrock:InvokeModelWithResponseStream\"],\"Effect\":\"Allow\",\"Resource\":[\"arn:aws:bedrock:ap-southeast-1::foundation-model/anthropic.claude-3-sonnet-20240229-v1:0\",\"arn:aws:bedrock:ap-southeast-1::foundation-model/amazon.titan-embed-text-v1\"]}],\"Version\":\"2012-10-17\"}",
            "policy_id": "ANPAVYQNR6KIU5TQXJLST",
            "tags": {
              "Environment": "prod",
              "ManagedBy": "Terraform",
              "Project": "rag-chatbot"
            },
            "tags_all": {
              "Environment": "prod",
              "ManagedBy": "Terraform",
              "Project": "rag-chatbot",
              "Security": "High"
            }
          },
          "sensitive_attributes": [],
          "identity_schema_version": 0,
          "private": "bnVsbA==",
          "dependencies": [
            "module.iam.data.aws_region.current"
          ]
        }
      ]
    },
    {
      "module": "module.iam",
      "mode": "managed",
      "type": "aws_iam_policy",
      "name": "ecs_task_policy",
      "provider": "provider[\"registry.terraform.io/hashicorp/aws\"]",
      "instances": [
        {
          "schema_version": 0,
          "attributes": {
            "arn": "arn:aws:iam::396239172241:policy/rag-chatbot-prod-ecs-task-policy",
            "attachment_count": 0,
            "description": "Policy for ECS tasks to access required services",
            "id": "arn:aws:iam::396239172241:policy/rag-chatbot-prod-ecs-task-policy",
            "name": "rag-chatbot-prod-ecs-task-policy",
            "name_prefix": "",
            "path": "/",
            "policy": "{\"Statement\":[{\"Action\":[\"logs:CreateLogGroup\",\"logs:CreateLogStream\",\"logs:PutLogEvents\"],\"Effect\":\"Allow\",\"Resource\":\"arn:aws:logs:ap-southeast-1:396239172241:*\"},{\"Action\":[\"ssm:GetParameter\",\"ssm:GetParameters\",\"ssm:GetParametersByPath\"],\"Effect\":\"Allow\",\"Resource\":\"arn:aws:ssm:ap-southeast-1:396239172241:parameter/rag-chatbot/prod/*\"}],\"Version\":\"2012-10-17\"}",
            "policy_id": "ANPAVYQNR6KIQFALDDZFX",
            "tags": {
              "Environment": "prod",
              "ManagedBy": "Terraform",
              "Project": "rag-chatbot"
            },
            "tags_all": {
              "Environment": "prod",
              "ManagedBy": "Terraform",
              "Project": "rag-chatbot",
              "Security": "High"
            }
          },
          "sensitive_attributes": [],
          "identity_schema_version": 0,
          "private": "bnVsbA==",
          "dependencies": [
            "data.aws_caller_identity.current",
            "module.iam.data.aws_region.current"
          ]
        }
      ]
    },
    {
      "module": "module.iam",
      "mode": "managed",
      "type": "aws_iam_policy",
      "name": "lambda_bedrock_policy",
      "provider": "provider[\"registry.terraform.io/hashicorp/aws\"]",
      "instances": [
        {
          "schema_version": 0,
          "attributes": {
            "arn": "arn:aws:iam::396239172241:policy/rag-chatbot-prod-lambda-bedrock-policy",
            "attachment_count": 0,
            "description": "Policy for Lambda to access Bedrock and related services",
            "id": "arn:aws:iam::396239172241:policy/rag-chatbot-prod-lambda-bedrock-policy",
            "name": "rag-chatbot-prod-lambda-bedrock-policy",
            "name_prefix": "",
            "path": "/",
            "policy": "{\"Statement\":[{\"Action\":[\"bedrock:InvokeModel\",\"bedrock:InvokeModelWithResponseStream\",\"bedrock:GetFoundationModel\",\"bedrock:ListFoundationModels\",\"bedrock:GetModelInvocationLoggingConfiguration\",\"bedrock:PutModelInvocationLoggingConfiguration\"],\"Effect\":\"Allow\",\"Resource\":\"*\"},{\"Action\":[\"bedrock:Retrieve\",\"bedrock:RetrieveAndGenerate\"],\"Effect\":\"Allow\",\"Resource\":\"arn:aws:bedrock:ap-southeast-1:396239172241:knowledge-base/*\"},{\"Action\":[\"dynamodb:GetItem\",\"dynamodb:PutItem\",\"dynamodb:UpdateItem\",\"dynamodb:DeleteItem\",\"dynamodb:Query\",\"dynamodb:Scan\"],\"Effect\":\"Allow\",\"Resource\":\"arn:aws:dynamodb:ap-southeast-1:396239172241:table/rag-chatbot-prod-*\"},{\"Action\":[\"s3:GetObject\",\"s3:PutObject\",\"s3:DeleteObject\",\"s3:ListBucket\"],\"Effect\":\"Allow\",\"Resource\":[\"arn:aws:s3:::rag-chatbot-prod-*\",\"arn:aws:s3:::rag-chatbot-prod-*/*\"]},{\"Action\":[\"es:ESHttpGet\",\"es:ESHttpPost\",\"es:ESHttpPut\",\"es:ESHttpDelete\",\"es:ESHttpHead\"],\"Effect\":\"Allow\",\"Resource\":\"arn:aws:es:ap-southeast-1:396239172241:domain/rag-chatbot-prod-*/*\"},{\"Action\":[\"kms:Decrypt\",\"kms:GenerateDataKey\",\"kms:DescribeKey\"],\"Effect\":\"Allow\",\"Resource\":\"arn:aws:kms:ap-southeast-1:396239172241:key/*\"},{\"Action\":[\"sqs:SendMessage\",\"sqs:GetQueueAttributes\"],\"Effect\":\"Allow\",\"Resource\":\"arn:aws:sqs:ap-southeast-1:396239172241:rag-chatbot-prod-*\"}],\"Version\":\"2012-10-17\"}",
            "policy_id": "ANPAVYQNR6KI3UUMZNFEH",
            "tags": {
              "Environment": "prod",
              "ManagedBy": "Terraform",
              "Project": "rag-chatbot"
            },
            "tags_all": {
              "Environment": "prod",
              "ManagedBy": "Terraform",
              "Project": "rag-chatbot",
              "Security": "High"
            }
          },
          "sensitive_attributes": [],
          "identity_schema_version": 0,
          "private": "bnVsbA==",
          "dependencies": [
            "data.aws_caller_identity.current",
            "module.iam.data.aws_region.current"
          ]
        }
      ]
    },
    {
      "module": "module.iam",
      "mode": "managed",
      "type": "aws_iam_role",
      "name": "bedrock_knowledge_base_role",
      "provider": "provider[\"registry.terraform.io/hashicorp/aws\"]",
      "instances": [
        {
          "schema_version": 0,
          "attributes": {
            "arn": "arn:aws:iam::396239172241:role/rag-chatbot-prod-bedrock-kb-role",
            "assume_role_policy": "{\"Statement\":[{\"Action\":\"sts:AssumeRole\",\"Effect\":\"Allow\",\"Principal\":{\"Service\":\"bedrock.amazonaws.com\"}}],\"Version\":\"2012-10-17\"}",
            "create_date": "2025-09-20T12:18:48Z",
            "description": "",
            "force_detach_policies": false,
            "id": "rag-chatbot-prod-bedrock-kb-role",
            "inline_policy": [],
            "managed_policy_arns": [],
            "max_session_duration": 3600,
            "name": "rag-chatbot-prod-bedrock-kb-role",
            "name_prefix": "",
            "path": "/",
            "permissions_boundary": "",
            "tags": {
              "Environment": "prod",
              "ManagedBy": "Terraform",
              "Project": "rag-chatbot"
            },
            "tags_all": {
              "Environment": "prod",
              "ManagedBy": "Terraform",
              "Project": "rag-chatbot",
              "Security": "High"
            },
            "unique_id": "AROAVYQNR6KI4SDMAEFJ3"
          },
          "sensitive_attributes": [],
          "identity_schema_version": 0,
          "private": "bnVsbA=="
        }
      ]
    },
    {
      "module": "module.iam",
      "mode": "managed",
      "type": "aws_iam_role",
      "name": "ecs_execution_role",
      "provider": "provider[\"registry.terraform.io/hashicorp/aws\"]",
      "instances": [
        {
          "schema_version": 0,
          "attributes": {
            "arn": "arn:aws:iam::396239172241:role/rag-chatbot-prod-ecs-execution-role",
            "assume_role_policy": "{\"Statement\":[{\"Action\":\"sts:AssumeRole\",\"Effect\":\"Allow\",\"Principal\":{\"Service\":\"ecs-tasks.amazonaws.com\"}}],\"Version\":\"2012-10-17\"}",
            "create_date": "2025-09-20T12:18:40Z",
            "description": "",
            "force_detach_policies": false,
            "id": "rag-chatbot-prod-ecs-execution-role",
            "inline_policy": [],
            "managed_policy_arns": [],
            "max_session_duration": 3600,
            "name": "rag-chatbot-prod-ecs-execution-role",
            "name_prefix": "",
            "path": "/",
            "permissions_boundary": "",
            "tags": {
              "Environment": "prod",
              "ManagedBy": "Terraform",
              "Project": "rag-chatbot"
            },
            "tags_all": {
              "Environment": "prod",
              "ManagedBy": "Terraform",
              "Project": "rag-chatbot",
              "Security": "High"
            },
            "unique_id": "AROAVYQNR6KI7GTHRHLIQ"
          },
          "sensitive_attributes": [],
          "identity_schema_version": 0,
          "private": "bnVsbA=="
        }
      ]
    },
    {
      "module": "module.iam",
      "mode": "managed",
      "type": "aws_iam_role",
      "name": "ecs_task_role",
      "provider": "provider[\"registry.terraform.io/hashicorp/aws\"]",
      "instances": [
        {
          "schema_version": 0,
          "attributes": {
            "arn": "arn:aws:iam::396239172241:role/rag-chatbot-prod-ecs-task-role",
            "assume_role_policy": "{\"Statement\":[{\"Action\":\"sts:AssumeRole\",\"Effect\":\"Allow\",\"Principal\":{\"Service\":\"ecs-tasks.amazonaws.com\"}}],\"Version\":\"2012-10-17\"}",
            "create_date": "2025-09-20T12:18:40Z",
            "description": "",
            "force_detach_policies": false,
            "id": "rag-chatbot-prod-ecs-task-role",
            "inline_policy": [],
            "managed_policy_arns": [],
            "max_session_duration": 3600,
            "name": "rag-chatbot-prod-ecs-task-role",
            "name_prefix": "",
            "path": "/",
            "permissions_boundary": "",
            "tags": {
              "Environment": "prod",
              "ManagedBy": "Terraform",
              "Project": "rag-chatbot"
            },
            "tags_all": {
              "Environment": "prod",
              "ManagedBy": "Terraform",
              "Project": "rag-chatbot",
              "Security": "High"
            },
            "unique_id": "AROAVYQNR6KIZYCF6PE7H"
          },
          "sensitive_attributes": [],
          "identity_schema_version": 0,
          "private": "bnVsbA=="
        }
      ]
    },
    {
      "module": "module.iam",
      "mode": "managed",
      "type": "aws_iam_role",
      "name": "lambda_role",
      "provider": "provider[\"registry.terraform.io/hashicorp/aws\"]",
      "instances": [
        {
          "schema_version": 0,
          "attributes": {
            "arn": "arn:aws:iam::396239172241:role/rag-chatbot-prod-lambda-role",
            "assume_role_policy": "{\"Statement\":[{\"Action\":\"sts:AssumeRole\",\"Effect\":\"Allow\",\"Principal\":{\"Service\":\"lambda.amazonaws.com\"}}],\"Version\":\"2012-10-17\"}",
            "create_date": "2025-09-20T12:18:40Z",
            "description": "",
            "force_detach_policies": false,
            "id": "rag-chatbot-prod-lambda-role",
            "inline_policy": [],
            "managed_policy_arns": [],
            "max_session_duration": 3600,
            "name": "rag-chatbot-prod-lambda-role",
            "name_prefix": "",
            "path": "/",
            "permissions_boundary": "",
            "tags": {
              "Environment": "prod",
              "ManagedBy": "Terraform",
              "Project": "rag-chatbot"
            },
            "tags_all": {
              "Environment": "prod",
              "ManagedBy": "Terraform",
              "Project": "rag-chatbot",
              "Security": "High"
            },
            "unique_id": "AROAVYQNR6KIU23LKT4YU"
          },
          "sensitive_attributes": [],
          "identity_schema_version": 0,
          "private": "bnVsbA==",
          "create_before_destroy": true
        }
      ]
    },
    {
      "module": "module.iam",
      "mode": "managed",
      "type": "aws_iam_role_policy_attachment",
      "name": "bedrock_knowledge_base_policy",
      "provider": "provider[\"registry.terraform.io/hashicorp/aws\"]",
      "instances": [
        {
          "schema_version": 0,
          "attributes": {
            "id": "rag-chatbot-prod-bedrock-kb-role-20250920121854993300000006",
            "policy_arn": "arn:aws:iam::396239172241:policy/rag-chatbot-prod-bedrock-kb-policy",
            "role": "rag-chatbot-prod-bedrock-kb-role"
          },
          "sensitive_attributes": [],
          "identity_schema_version": 0,
          "private": "bnVsbA==",
          "dependencies": [
            "data.aws_caller_identity.current",
            "module.iam.aws_iam_policy.bedrock_knowledge_base_policy",
            "module.iam.aws_iam_role.bedrock_knowledge_base_role",
            "module.iam.data.aws_region.current"
          ]
        }
      ]
    },
    {
      "module": "module.iam",
      "mode": "managed",
      "type": "aws_iam_role_policy_attachment",
      "name": "ecs_task_execution",
      "provider": "provider[\"registry.terraform.io/hashicorp/aws\"]",
      "instances": [
        {
          "schema_version": 0,
          "attributes": {
            "id": "rag-chatbot-prod-ecs-execution-role-20250920121852092400000001",
            "policy_arn": "arn:aws:iam::aws:policy/service-role/AmazonECSTaskExecutionRolePolicy",
            "role": "rag-chatbot-prod-ecs-execution-role"
          },
          "sensitive_attributes": [],
          "identity_schema_version": 0,
          "private": "bnVsbA==",
          "dependencies": [
            "module.iam.aws_iam_role.ecs_execution_role"
          ]
        }
      ]
    },
    {
      "module": "module.iam",
      "mode": "managed",
      "type": "aws_iam_role_policy_attachment",
      "name": "ecs_task_policy",
      "provider": "provider[\"registry.terraform.io/hashicorp/aws\"]",
      "instances": [
        {
          "schema_version": 0,
          "attributes": {
            "id": "rag-chatbot-prod-ecs-task-role-20250920121852869400000005",
            "policy_arn": "arn:aws:iam::396239172241:policy/rag-chatbot-prod-ecs-task-policy",
            "role": "rag-chatbot-prod-ecs-task-role"
          },
          "sensitive_attributes": [],
          "identity_schema_version": 0,
          "private": "bnVsbA==",
          "dependencies": [
            "data.aws_caller_identity.current",
            "module.iam.aws_iam_policy.ecs_task_policy",
            "module.iam.aws_iam_role.ecs_task_role",
            "module.iam.data.aws_region.current"
          ]
        }
      ]
    },
    {
      "module": "module.iam",
      "mode": "managed",
      "type": "aws_iam_role_policy_attachment",
      "name": "lambda_basic_execution",
      "provider": "provider[\"registry.terraform.io/hashicorp/aws\"]",
      "instances": [
        {
          "schema_version": 0,
          "attributes": {
            "id": "rag-chatbot-prod-lambda-role-20250920121852470700000002",
            "policy_arn": "arn:aws:iam::aws:policy/service-role/AWSLambdaBasicExecutionRole",
            "role": "rag-chatbot-prod-lambda-role"
          },
          "sensitive_attributes": [],
          "identity_schema_version": 0,
          "private": "bnVsbA==",
          "dependencies": [
            "module.iam.aws_iam_role.lambda_role"
          ]
        }
      ]
    },
    {
      "module": "module.iam",
      "mode": "managed",
      "type": "aws_iam_role_policy_attachment",
      "name": "lambda_bedrock_model_access",
      "provider": "provider[\"registry.terraform.io/hashicorp/aws\"]",
      "instances": [
        {
          "schema_version": 0,
          "attributes": {
            "id": "rag-chatbot-prod-lambda-role-20250920121852831500000004",
            "policy_arn": "arn:aws:iam::396239172241:policy/rag-chatbot-prod-bedrock-model-access",
            "role": "rag-chatbot-prod-lambda-role"
          },
          "sensitive_attributes": [],
          "identity_schema_version": 0,
          "private": "bnVsbA==",
          "dependencies": [
            "module.iam.aws_iam_policy.bedrock_model_access_policy",
            "module.iam.aws_iam_role.lambda_role",
            "module.iam.data.aws_region.current"
          ]
        }
      ]
    },
    {
      "module": "module.iam",
      "mode": "managed",
      "type": "aws_iam_role_policy_attachment",
      "name": "lambda_bedrock_policy",
      "provider": "provider[\"registry.terraform.io/hashicorp/aws\"]",
      "instances": [
        {
          "schema_version": 0,
          "attributes": {
            "id": "rag-chatbot-prod-lambda-role-20250920121858629600000008",
            "policy_arn": "arn:aws:iam::396239172241:policy/rag-chatbot-prod-lambda-bedrock-policy",
            "role": "rag-chatbot-prod-lambda-role"
          },
          "sensitive_attributes": [],
          "identity_schema_version": 0,
          "private": "bnVsbA==",
          "dependencies": [
            "data.aws_caller_identity.current",
            "module.iam.aws_iam_policy.lambda_bedrock_policy",
            "module.iam.aws_iam_role.lambda_role",
            "module.iam.data.aws_region.current"
          ]
        }
      ]
    },
    {
      "module": "module.iam",
      "mode": "managed",
      "type": "aws_iam_role_policy_attachment",
      "name": "lambda_vpc_execution",
      "provider": "provider[\"registry.terraform.io/hashicorp/aws\"]",
      "instances": [
        {
          "schema_version": 0,
          "attributes": {
            "id": "rag-chatbot-prod-lambda-role-20250920121852471200000003",
            "policy_arn": "arn:aws:iam::aws:policy/service-role/AWSLambdaVPCAccessExecutionRole",
            "role": "rag-chatbot-prod-lambda-role"
          },
          "sensitive_attributes": [],
          "identity_schema_version": 0,
          "private": "bnVsbA==",
          "dependencies": [
            "module.iam.aws_iam_role.lambda_role"
          ]
        }
      ]
    },
    {
      "module": "module.inspector",
      "mode": "managed",
      "type": "aws_cloudwatch_metric_alarm",
      "name": "inspector_critical_findings",
      "provider": "provider[\"registry.terraform.io/hashicorp/aws\"]",
      "instances": []
    },
    {
      "module": "module.inspector",
      "mode": "managed",
      "type": "aws_cloudwatch_metric_alarm",
      "name": "inspector_high_findings",
      "provider": "provider[\"registry.terraform.io/hashicorp/aws\"]",
      "instances": []
    },
    {
      "module": "module.inspector",
      "mode": "managed",
      "type": "aws_inspector2_enabler",
      "name": "main",
      "provider": "provider[\"registry.terraform.io/hashicorp/aws\"]",
      "instances": []
    },
    {
      "module": "module.inspector",
      "mode": "managed",
      "type": "aws_inspector2_filter",
      "name": "ecs_tasks",
      "provider": "provider[\"registry.terraform.io/hashicorp/aws\"]",
      "instances": []
    },
    {
      "module": "module.inspector",
      "mode": "managed",
      "type": "aws_inspector2_filter",
      "name": "lambda_functions",
      "provider": "provider[\"registry.terraform.io/hashicorp/aws\"]",
      "instances": []
    },
    {
      "module": "module.inspector",
      "mode": "managed",
      "type": "aws_inspector2_organization_configuration",
      "name": "main",
      "provider": "provider[\"registry.terraform.io/hashicorp/aws\"]",
      "instances": []
    },
    {
      "module": "module.inspector",
      "mode": "managed",
      "type": "aws_inspector_assessment_target",
      "name": "main",
      "provider": "provider[\"registry.terraform.io/hashicorp/aws\"]",
      "instances": []
    },
    {
      "module": "module.inspector",
      "mode": "managed",
      "type": "aws_inspector_assessment_template",
      "name": "main",
      "provider": "provider[\"registry.terraform.io/hashicorp/aws\"]",
      "instances": []
    },
    {
      "module": "module.inspector",
      "mode": "managed",
      "type": "aws_sns_topic",
      "name": "inspector_alerts",
      "provider": "provider[\"registry.terraform.io/hashicorp/aws\"]",
      "instances": []
    },
    {
      "module": "module.inspector",
      "mode": "managed",
      "type": "aws_sns_topic_policy",
      "name": "inspector_alerts",
      "provider": "provider[\"registry.terraform.io/hashicorp/aws\"]",
      "instances": []
    },
    {
      "module": "module.kms",
      "mode": "data",
      "type": "aws_caller_identity",
      "name": "current",
      "provider": "provider[\"registry.terraform.io/hashicorp/aws\"]",
      "instances": [
        {
          "schema_version": 0,
          "attributes": {
            "account_id": "396239172241",
            "arn": "arn:aws:iam::396239172241:user/msh_dev",
            "id": "396239172241",
            "user_id": "AIDAVYQNR6KI3IIRAT24W"
          },
          "sensitive_attributes": [],
          "identity_schema_version": 0
        }
      ]
    },
    {
      "module": "module.kms",
      "mode": "data",
      "type": "aws_region",
      "name": "current",
      "provider": "provider[\"registry.terraform.io/hashicorp/aws\"]",
      "instances": [
        {
          "schema_version": 0,
          "attributes": {
            "description": "Asia Pacific (Singapore)",
            "endpoint": "ec2.ap-southeast-1.amazonaws.com",
            "id": "ap-southeast-1",
            "name": "ap-southeast-1"
          },
          "sensitive_attributes": [],
          "identity_schema_version": 0
        }
      ]
    },
    {
      "module": "module.kms",
      "mode": "managed",
      "type": "aws_kms_alias",
      "name": "main",
      "provider": "provider[\"registry.terraform.io/hashicorp/aws\"]",
      "instances": [
        {
          "schema_version": 0,
          "attributes": {
            "arn": "arn:aws:kms:ap-southeast-1:396239172241:alias/rag-chatbot-prod-key",
            "id": "alias/rag-chatbot-prod-key",
            "name": "alias/rag-chatbot-prod-key",
            "name_prefix": "",
            "target_key_arn": "arn:aws:kms:ap-southeast-1:396239172241:key/f7fab4f7-45b4-453b-89dd-3f6c0af6a59f",
            "target_key_id": "f7fab4f7-45b4-453b-89dd-3f6c0af6a59f"
          },
          "sensitive_attributes": [],
          "identity_schema_version": 0,
          "private": "bnVsbA==",
          "dependencies": [
            "module.kms.aws_kms_key.main",
            "module.kms.data.aws_caller_identity.current",
            "module.kms.data.aws_region.current"
          ]
        }
      ]
    },
    {
      "module": "module.kms",
      "mode": "managed",
      "type": "aws_kms_alias",
      "name": "s3",
      "provider": "provider[\"registry.terraform.io/hashicorp/aws\"]",
      "instances": [
        {
          "schema_version": 0,
          "attributes": {
            "arn": "arn:aws:kms:ap-southeast-1:396239172241:alias/rag-chatbot-prod-s3-key",
            "id": "alias/rag-chatbot-prod-s3-key",
            "name": "alias/rag-chatbot-prod-s3-key",
            "name_prefix": "",
            "target_key_arn": "arn:aws:kms:ap-southeast-1:396239172241:key/b1773fc4-03c4-41a4-8ab2-8d6bc34a6658",
            "target_key_id": "b1773fc4-03c4-41a4-8ab2-8d6bc34a6658"
          },
          "sensitive_attributes": [],
          "identity_schema_version": 0,
          "private": "bnVsbA==",
          "dependencies": [
            "module.kms.aws_kms_key.s3",
            "module.kms.data.aws_caller_identity.current",
            "module.kms.data.aws_region.current"
          ]
        }
      ]
    },
    {
      "module": "module.kms",
      "mode": "managed",
      "type": "aws_kms_key",
      "name": "main",
      "provider": "provider[\"registry.terraform.io/hashicorp/aws\"]",
      "instances": [
        {
          "schema_version": 0,
          "attributes": {
            "arn": "arn:aws:kms:ap-southeast-1:396239172241:key/f7fab4f7-45b4-453b-89dd-3f6c0af6a59f",
            "bypass_policy_lockout_safety_check": false,
            "custom_key_store_id": "",
            "customer_master_key_spec": "SYMMETRIC_DEFAULT",
            "deletion_window_in_days": 7,
            "description": "KMS key for rag-chatbot-prod encryption",
            "enable_key_rotation": true,
            "id": "f7fab4f7-45b4-453b-89dd-3f6c0af6a59f",
            "is_enabled": true,
            "key_id": "f7fab4f7-45b4-453b-89dd-3f6c0af6a59f",
            "key_usage": "ENCRYPT_DECRYPT",
            "multi_region": false,
            "policy": "{\"Statement\":[{\"Action\":\"kms:*\",\"Effect\":\"Allow\",\"Principal\":{\"AWS\":\"arn:aws:iam::396239172241:root\"},\"Resource\":\"*\",\"Sid\":\"Enable IAM User Permissions\"},{\"Action\":[\"kms:Decrypt\",\"kms:GenerateDataKey\",\"kms:DescribeKey\"],\"Condition\":{\"StringEquals\":{\"kms:ViaService\":\"lambda.ap-southeast-1.amazonaws.com\"}},\"Effect\":\"Allow\",\"Principal\":{\"Service\":\"lambda.amazonaws.com\"},\"Resource\":\"*\",\"Sid\":\"Allow Lambda Service\"},{\"Action\":[\"kms:Decrypt\",\"kms:GenerateDataKey\",\"kms:DescribeKey\"],\"Effect\":\"Allow\",\"Principal\":{\"Service\":\"bedrock.amazonaws.com\"},\"Resource\":\"*\",\"Sid\":\"Allow Bedrock Service\"},{\"Action\":[\"kms:Decrypt\",\"kms:GenerateDataKey\",\"kms:DescribeKey\"],\"Condition\":{\"StringEquals\":{\"kms:ViaService\":\"es.ap-southeast-1.amazonaws.com\"}},\"Effect\":\"Allow\",\"Principal\":{\"Service\":\"es.amazonaws.com\"},\"Resource\":\"*\",\"Sid\":\"Allow OpenSearch Service\"}],\"Version\":\"2012-10-17\"}",
            "rotation_period_in_days": 365,
            "tags": {
              "Environment": "prod",
              "ManagedBy": "Terraform",
              "Name": "rag-chatbot-prod-kms-key",
              "Project": "rag-chatbot"
            },
            "tags_all": {
              "Environment": "prod",
              "ManagedBy": "Terraform",
              "Name": "rag-chatbot-prod-kms-key",
              "Project": "rag-chatbot",
              "Security": "High"
            },
            "timeouts": null,
            "xks_key_id": ""
          },
          "sensitive_attributes": [],
          "identity_schema_version": 0,
          "private": "eyJlMmJmYjczMC1lY2FhLTExZTYtOGY4OC0zNDM2M2JjN2M0YzAiOnsiY3JlYXRlIjoxMjAwMDAwMDAwMDB9fQ==",
          "dependencies": [
            "module.kms.data.aws_caller_identity.current",
            "module.kms.data.aws_region.current"
          ],
          "create_before_destroy": true
        }
      ]
    },
    {
      "module": "module.kms",
      "mode": "managed",
      "type": "aws_kms_key",
      "name": "s3",
      "provider": "provider[\"registry.terraform.io/hashicorp/aws\"]",
      "instances": [
        {
          "schema_version": 0,
          "attributes": {
            "arn": "arn:aws:kms:ap-southeast-1:396239172241:key/b1773fc4-03c4-41a4-8ab2-8d6bc34a6658",
            "bypass_policy_lockout_safety_check": false,
            "custom_key_store_id": "",
            "customer_master_key_spec": "SYMMETRIC_DEFAULT",
            "deletion_window_in_days": 7,
            "description": "KMS key for rag-chatbot-prod S3 encryption",
            "enable_key_rotation": true,
            "id": "b1773fc4-03c4-41a4-8ab2-8d6bc34a6658",
            "is_enabled": true,
            "key_id": "b1773fc4-03c4-41a4-8ab2-8d6bc34a6658",
            "key_usage": "ENCRYPT_DECRYPT",
            "multi_region": false,
            "policy": "{\"Statement\":[{\"Action\":\"kms:*\",\"Effect\":\"Allow\",\"Principal\":{\"AWS\":\"arn:aws:iam::396239172241:root\"},\"Resource\":\"*\",\"Sid\":\"Enable IAM User Permissions\"},{\"Action\":[\"kms:Decrypt\",\"kms:GenerateDataKey\",\"kms:DescribeKey\"],\"Condition\":{\"StringEquals\":{\"kms:ViaService\":\"s3.ap-southeast-1.amazonaws.com\"}},\"Effect\":\"Allow\",\"Principal\":{\"Service\":\"s3.amazonaws.com\"},\"Resource\":\"*\",\"Sid\":\"Allow S3 Service\"}],\"Version\":\"2012-10-17\"}",
            "rotation_period_in_days": 365,
            "tags": {
              "Environment": "prod",
              "ManagedBy": "Terraform",
              "Name": "rag-chatbot-prod-s3-kms-key",
              "Project": "rag-chatbot"
            },
            "tags_all": {
              "Environment": "prod",
              "ManagedBy": "Terraform",
              "Name": "rag-chatbot-prod-s3-kms-key",
              "Project": "rag-chatbot",
              "Security": "High"
            },
            "timeouts": null,
            "xks_key_id": ""
          },
          "sensitive_attributes": [],
          "identity_schema_version": 0,
          "private": "eyJlMmJmYjczMC1lY2FhLTExZTYtOGY4OC0zNDM2M2JjN2M0YzAiOnsiY3JlYXRlIjoxMjAwMDAwMDAwMDB9fQ==",
          "dependencies": [
            "module.kms.data.aws_caller_identity.current",
            "module.kms.data.aws_region.current"
          ]
        }
      ]
    },
    {
      "module": "module.lambda",
      "mode": "data",
      "type": "archive_file",
      "name": "lambda_layer_zip",
      "provider": "provider[\"registry.terraform.io/hashicorp/archive\"]",
      "instances": [
        {
          "schema_version": 0,
          "attributes": {
            "exclude_symlink_directories": null,
            "excludes": null,
            "id": "ea2cfd77e83edd82e8490ec1e95ada76d9125c3f",
            "output_base64sha256": "gotypD8xUgWpBkEJcWa6KzpI7NeAiFfrqNfwo2zMyyM=",
            "output_base64sha512": "QMsyxIxgbKvD8L7mDNUxSpSF6ab7wE2OUobNwREbrduwHrAgoMXnC0B839G0SIzco85NMfN5SwtXBLk7i6WrWA==",
            "output_file_mode": null,
            "output_md5": "8d25801114077076da1d3044370ab3e2",
            "output_path": "../modules/lambda/lambda_layer.zip",
            "output_sha": "ea2cfd77e83edd82e8490ec1e95ada76d9125c3f",
            "output_sha256": "828b72a43f315205a90641097166ba2b3a48ecd7808857eba8d7f0a36ccccb23",
            "output_sha512": "40cb32c48c606cabc3f0bee60cd5314a9485e9a6fbc04d8e5286cdc1111baddbb01eb020a0c5e70b407cdfd1b4488cdca3ce4d31f3794b0b5704b93b8ba5ab58",
            "output_size": 248,
            "source": [
              {
                "content": "boto3\u003e=1.34.0\r\nbotocore\u003e=1.34.0\r\nopensearch-py\u003e=2.0.0\r\naws-requests-auth\u003e=0.4.3\r\nlangchain\u003e=0.1.0\r\nlangchain-community\u003e=0.0.10\r\n",
                "filename": "requirements.txt"
              }
            ],
            "source_content": null,
            "source_content_filename": null,
            "source_dir": null,
            "source_file": null,
            "type": "zip"
          },
          "sensitive_attributes": [],
          "identity_schema_version": 0
        }
      ]
    },
    {
      "module": "module.lambda",
      "mode": "data",
      "type": "archive_file",
      "name": "lambda_zip",
      "provider": "provider[\"registry.terraform.io/hashicorp/archive\"]",
      "instances": [
        {
          "schema_version": 0,
          "attributes": {
            "exclude_symlink_directories": null,
            "excludes": null,
            "id": "b894eef63422681f1856b2e7625588c9bb75dc36",
            "output_base64sha256": "tnnzoddd4LwJhODB9PnFskYi3svq5FUIH/fEWXFgHc0=",
            "output_base64sha512": "isndrgPdjLTWkPeTTpVkzWJQ69D6e/5q0A8wL/J3y4Z+pakm4UZAe9WbCSckDrDli1yiZ5OQ4XgZd/xYBfSXZQ==",
            "output_file_mode": null,
            "output_md5": "963833f1cdbfbbc93f53401fdf24728f",
            "output_path": "../modules/lambda/lambda_function.zip",
            "output_sha": "b894eef63422681f1856b2e7625588c9bb75dc36",
            "output_sha256": "b679f3a1d75de0bc0984e0c1f4f9c5b24622decbeae455081ff7c45971601dcd",
            "output_sha512": "8ac9ddae03dd8cb4d690f7934e9564cd6250ebd0fa7bfe6ad00f302ff277cb867ea5a926e146407bd59b0927240eb0e58b5ca2679390e1781977fc5805f49765",
            "output_size": 2562,
            "source": [
              {
                "content": "import json\r\nimport boto3\r\nimport os\r\nimport logging\r\nfrom datetime import datetime\r\nfrom typing import Dict, Any, List\r\nimport uuid\r\n\r\n# Environment variables are set by Lambda function configuration in production\r\n# No .env file needed - fully automated!\r\n\r\n# Configure logging\r\nlogger = logging.getLogger()\r\nlogger.setLevel(logging.INFO)\r\n\r\n# Initialize AWS clients\r\nbedrock_runtime = boto3.client('bedrock-runtime')\r\ndynamodb = boto3.resource('dynamodb')\r\ns3_client = boto3.client('s3')\r\nopensearch_client = boto3.client('opensearchserverless')\r\n\r\n# Environment variables\r\nDYNAMODB_TABLE_NAME = os.environ.get('DYNAMODB_TABLE_NAME')\r\nOPENSEARCH_ENDPOINT = os.environ.get('OPENSEARCH_ENDPOINT')\r\nS3_BUCKET_NAME = os.environ.get('S3_BUCKET_NAME')\r\nBEDROCK_MODEL_ID = os.environ.get('BEDROCK_MODEL_ID', 'anthropic.claude-3-sonnet-20240229-v1:0')\r\n\r\ndef lambda_handler(event: Dict[str, Any], context: Any) -\u003e Dict[str, Any]:\r\n    \"\"\"\r\n    Main Lambda handler for RAG chatbot\r\n    \"\"\"\r\n    try:\r\n        # Parse the request\r\n        if 'body' in event:\r\n            body = json.loads(event['body'])\r\n        else:\r\n            body = event\r\n            \r\n        user_message = body.get('message', '')\r\n        session_id = body.get('session_id', str(uuid.uuid4()))\r\n        user_id = body.get('user_id', 'anonymous')\r\n        \r\n        # Input validation and sanitization\r\n        if not user_message or len(user_message.strip()) == 0:\r\n            return create_response(400, {\r\n                'error': 'Message cannot be empty',\r\n                'session_id': session_id\r\n            })\r\n        \r\n        # Sanitize input\r\n        user_message = sanitize_input(user_message)\r\n        \r\n        # Retrieve chat history\r\n        chat_history = get_chat_history(session_id)\r\n        \r\n        # Retrieve relevant context from knowledge base\r\n        context = retrieve_context(user_message)\r\n        \r\n        # Generate response using Bedrock\r\n        response = generate_response(user_message, context, chat_history)\r\n        \r\n        # Save conversation to DynamoDB\r\n        save_conversation(session_id, user_id, user_message, response)\r\n        \r\n        return create_response(200, {\r\n            'response': response,\r\n            'session_id': session_id,\r\n            'timestamp': datetime.utcnow().isoformat()\r\n        })\r\n        \r\n    except Exception as e:\r\n        logger.error(f\"Error in lambda_handler: {str(e)}\")\r\n        return create_response(500, {\r\n            'error': 'Internal server error',\r\n            'session_id': session_id if 'session_id' in locals() else None\r\n        })\r\n\r\ndef sanitize_input(text: str) -\u003e str:\r\n    \"\"\"\r\n    Sanitize user input to prevent injection attacks\r\n    \"\"\"\r\n    # Remove potentially dangerous characters\r\n    dangerous_chars = ['\u003c', '\u003e', '\"', \"'\", '\u0026', '\\x00', '\\r', '\\n']\r\n    for char in dangerous_chars:\r\n        text = text.replace(char, '')\r\n    \r\n    # Limit length\r\n    text = text[:1000]\r\n    \r\n    return text.strip()\r\n\r\ndef get_chat_history(session_id: str) -\u003e List[Dict[str, str]]:\r\n    \"\"\"\r\n    Retrieve chat history for the session\r\n    \"\"\"\r\n    try:\r\n        table = dynamodb.Table(DYNAMODB_TABLE_NAME)\r\n        \r\n        response = table.query(\r\n            KeyConditionExpression='session_id = :session_id',\r\n            ExpressionAttributeValues={':session_id': session_id},\r\n            ScanIndexForward=False,\r\n            Limit=10  # Last 10 messages\r\n        )\r\n        \r\n        history = []\r\n        for item in response['Items']:\r\n            history.append({\r\n                'role': item.get('role', 'user'),\r\n                'content': item.get('content', '')\r\n            })\r\n        \r\n        return history\r\n        \r\n    except Exception as e:\r\n        logger.error(f\"Error retrieving chat history: {str(e)}\")\r\n        return []\r\n\r\ndef retrieve_context(query: str) -\u003e str:\r\n    \"\"\"\r\n    Retrieve relevant context from knowledge base using OpenSearch\r\n    \"\"\"\r\n    try:\r\n        # This is a simplified version - in production, you'd use OpenSearch\r\n        # For now, we'll return a placeholder\r\n        return \"Relevant context from knowledge base would be retrieved here.\"\r\n        \r\n    except Exception as e:\r\n        logger.error(f\"Error retrieving context: {str(e)}\")\r\n        return \"\"\r\n\r\ndef generate_response(user_message: str, context: str, chat_history: List[Dict[str, str]]) -\u003e str:\r\n    \"\"\"\r\n    Generate response using Amazon Bedrock\r\n    \"\"\"\r\n    try:\r\n        # Prepare the prompt\r\n        prompt = prepare_prompt(user_message, context, chat_history)\r\n        \r\n        # Call Bedrock\r\n        response = bedrock_runtime.invoke_model(\r\n            modelId=BEDROCK_MODEL_ID,\r\n            body=json.dumps({\r\n                \"anthropic_version\": \"bedrock-2023-05-31\",\r\n                \"max_tokens\": 1000,\r\n                \"messages\": [\r\n                    {\r\n                        \"role\": \"user\",\r\n                        \"content\": prompt\r\n                    }\r\n                ]\r\n            })\r\n        )\r\n        \r\n        # Parse response\r\n        response_body = json.loads(response['body'].read())\r\n        return response_body['content'][0]['text']\r\n        \r\n    except Exception as e:\r\n        logger.error(f\"Error generating response: {str(e)}\")\r\n        return \"I apologize, but I'm having trouble generating a response right now. Please try again later.\"\r\n\r\ndef prepare_prompt(user_message: str, context: str, chat_history: List[Dict[str, str]]) -\u003e str:\r\n    \"\"\"\r\n    Prepare the prompt for the LLM\r\n    \"\"\"\r\n    system_prompt = \"\"\"You are a helpful AI assistant. Use the provided context to answer questions accurately and helpfully. \r\n    If you don't know something, say so. Be concise but informative.\"\"\"\r\n    \r\n    # Build conversation history\r\n    history_text = \"\"\r\n    for msg in reversed(chat_history[-5:]):  # Last 5 messages\r\n        role = \"Human\" if msg['role'] == 'user' else \"Assistant\"\r\n        history_text += f\"{role}: {msg['content']}\\n\"\r\n    \r\n    prompt = f\"\"\"System: {system_prompt}\r\n\r\nContext: {context}\r\n\r\n{history_text}Human: {user_message}\r\n\r\nAssistant:\"\"\"\r\n    \r\n    return prompt\r\n\r\ndef save_conversation(session_id: str, user_id: str, user_message: str, assistant_response: str):\r\n    \"\"\"\r\n    Save conversation to DynamoDB\r\n    \"\"\"\r\n    try:\r\n        table = dynamodb.Table(DYNAMODB_TABLE_NAME)\r\n        timestamp = datetime.utcnow().isoformat()\r\n        \r\n        # Save user message\r\n        table.put_item(Item={\r\n            'session_id': session_id,\r\n            'timestamp': f\"{timestamp}#user\",\r\n            'user_id': user_id,\r\n            'role': 'user',\r\n            'content': user_message,\r\n            'ttl': int(datetime.utcnow().timestamp()) + 86400 * 30  # 30 days\r\n        })\r\n        \r\n        # Save assistant response\r\n        table.put_item(Item={\r\n            'session_id': session_id,\r\n            'timestamp': f\"{timestamp}#assistant\",\r\n            'user_id': user_id,\r\n            'role': 'assistant',\r\n            'content': assistant_response,\r\n            'ttl': int(datetime.utcnow().timestamp()) + 86400 * 30  # 30 days\r\n        })\r\n        \r\n    except Exception as e:\r\n        logger.error(f\"Error saving conversation: {str(e)}\")\r\n\r\ndef create_response(status_code: int, body: Dict[str, Any]) -\u003e Dict[str, Any]:\r\n    \"\"\"\r\n    Create a standardized response\r\n    \"\"\"\r\n    return {\r\n        'statusCode': status_code,\r\n        'headers': {\r\n            'Content-Type': 'application/json',\r\n            'Access-Control-Allow-Origin': '*',\r\n            'Access-Control-Allow-Headers': 'Content-Type',\r\n            'Access-Control-Allow-Methods': 'OPTIONS,POST,GET'\r\n        },\r\n        'body': json.dumps(body)\r\n    }\r\n",
                "filename": "lambda_function.py"
              }
            ],
            "source_content": null,
            "source_content_filename": null,
            "source_dir": null,
            "source_file": null,
            "type": "zip"
          },
          "sensitive_attributes": [],
          "identity_schema_version": 0
        }
      ]
    },
    {
      "module": "module.lambda",
      "mode": "managed",
      "type": "aws_cloudwatch_event_rule",
      "name": "lambda_schedule",
      "provider": "provider[\"registry.terraform.io/hashicorp/aws\"]",
      "instances": [
        {
          "schema_version": 1,
          "attributes": {
            "arn": "arn:aws:events:ap-southeast-1:396239172241:rule/rag-chatbot-prod-lambda-schedule",
            "description": "Trigger Lambda function on schedule",
            "event_bus_name": "default",
            "event_pattern": null,
            "force_destroy": false,
            "id": "rag-chatbot-prod-lambda-schedule",
            "is_enabled": true,
            "name": "rag-chatbot-prod-lambda-schedule",
            "name_prefix": "",
            "role_arn": "",
            "schedule_expression": "rate(5 minutes)",
            "state": "ENABLED",
            "tags": {
              "Environment": "prod",
              "ManagedBy": "Terraform",
              "Project": "rag-chatbot"
            },
            "tags_all": {
              "Environment": "prod",
              "ManagedBy": "Terraform",
              "Project": "rag-chatbot",
              "Security": "High"
            }
          },
          "sensitive_attributes": [],
          "identity_schema_version": 0,
          "private": "eyJzY2hlbWFfdmVyc2lvbiI6IjEifQ=="
        }
      ]
    },
    {
      "module": "module.lambda",
      "mode": "managed",
      "type": "aws_cloudwatch_log_group",
      "name": "lambda",
      "provider": "provider[\"registry.terraform.io/hashicorp/aws\"]",
      "instances": [
        {
          "schema_version": 0,
          "attributes": {
            "arn": "arn:aws:logs:ap-southeast-1:396239172241:log-group:/aws/lambda/rag-chatbot-prod-rag-chatbot",
            "id": "/aws/lambda/rag-chatbot-prod-rag-chatbot",
            "kms_key_id": "",
            "log_group_class": "STANDARD",
            "name": "/aws/lambda/rag-chatbot-prod-rag-chatbot",
            "name_prefix": "",
            "retention_in_days": 30,
            "skip_destroy": false,
            "tags": {
              "Environment": "prod",
              "ManagedBy": "Terraform",
              "Project": "rag-chatbot"
            },
            "tags_all": {
              "Environment": "prod",
              "ManagedBy": "Terraform",
              "Project": "rag-chatbot",
              "Security": "High"
            }
          },
          "sensitive_attributes": [],
          "identity_schema_version": 0,
          "private": "bnVsbA==",
          "create_before_destroy": true
        }
      ]
    },
    {
      "module": "module.lambda",
      "mode": "managed",
      "type": "aws_iam_role_policy_attachment",
      "name": "lambda_vpc_execution",
      "provider": "provider[\"registry.terraform.io/hashicorp/aws\"]",
      "instances": [
        {
          "schema_version": 0,
          "attributes": {
            "id": "rag-chatbot-prod-lambda-role-2025092012190217650000000b",
            "policy_arn": "arn:aws:iam::aws:policy/service-role/AWSLambdaVPCAccessExecutionRole",
            "role": "rag-chatbot-prod-lambda-role"
          },
          "sensitive_attributes": [],
          "identity_schema_version": 0,
          "private": "bnVsbA==",
          "dependencies": [
            "module.iam.aws_iam_role.lambda_role"
          ],
          "create_before_destroy": true
        }
      ]
    },
    {
      "module": "module.lambda",
      "mode": "managed",
      "type": "aws_lambda_layer_version",
      "name": "dependencies",
      "provider": "provider[\"registry.terraform.io/hashicorp/aws\"]",
      "instances": [
        {
          "schema_version": 0,
          "attributes": {
            "arn": "arn:aws:lambda:ap-southeast-1:396239172241:layer:rag-chatbot-prod-dependencies:3",
            "code_sha256": "gotypD8xUgWpBkEJcWa6KzpI7NeAiFfrqNfwo2zMyyM=",
            "compatible_architectures": null,
            "compatible_runtimes": [
              "python3.11"
            ],
            "created_date": "2025-09-20T12:18:51.139+0000",
            "description": "",
            "filename": "../modules/lambda/lambda_layer.zip",
            "id": "arn:aws:lambda:ap-southeast-1:396239172241:layer:rag-chatbot-prod-dependencies:3",
            "layer_arn": "arn:aws:lambda:ap-southeast-1:396239172241:layer:rag-chatbot-prod-dependencies",
            "layer_name": "rag-chatbot-prod-dependencies",
            "license_info": "",
            "s3_bucket": null,
            "s3_key": null,
            "s3_object_version": null,
            "signing_job_arn": "",
            "signing_profile_version_arn": "",
            "skip_destroy": false,
            "source_code_hash": "",
            "source_code_size": 248,
            "version": "3"
          },
          "sensitive_attributes": [],
          "identity_schema_version": 0,
          "private": "bnVsbA==",
          "dependencies": [
            "module.lambda.data.archive_file.lambda_layer_zip"
          ]
        }
      ]
    },
    {
      "module": "module.lambda",
      "mode": "managed",
      "type": "aws_sqs_queue",
      "name": "dlq",
      "provider": "provider[\"registry.terraform.io/hashicorp/aws\"]",
      "instances": [
        {
          "schema_version": 0,
          "attributes": {
            "arn": "arn:aws:sqs:ap-southeast-1:396239172241:rag-chatbot-prod-lambda-dlq",
            "content_based_deduplication": false,
            "deduplication_scope": "",
            "delay_seconds": 0,
            "fifo_queue": false,
            "fifo_throughput_limit": "",
            "id": "https://sqs.ap-southeast-1.amazonaws.com/396239172241/rag-chatbot-prod-lambda-dlq",
            "kms_data_key_reuse_period_seconds": 300,
            "kms_master_key_id": "f7fab4f7-45b4-453b-89dd-3f6c0af6a59f",
            "max_message_size": 262144,
            "message_retention_seconds": 345600,
            "name": "rag-chatbot-prod-lambda-dlq",
            "name_prefix": "",
            "policy": "",
            "receive_wait_time_seconds": 0,
            "redrive_allow_policy": "",
            "redrive_policy": "",
            "sqs_managed_sse_enabled": false,
            "tags": {
              "Environment": "prod",
              "ManagedBy": "Terraform",
              "Project": "rag-chatbot"
            },
            "tags_all": {
              "Environment": "prod",
              "ManagedBy": "Terraform",
              "Project": "rag-chatbot",
              "Security": "High"
            },
            "timeouts": null,
            "url": "https://sqs.ap-southeast-1.amazonaws.com/396239172241/rag-chatbot-prod-lambda-dlq",
            "visibility_timeout_seconds": 30
          },
          "sensitive_attributes": [],
          "identity_schema_version": 0,
          "private": "eyJlMmJmYjczMC1lY2FhLTExZTYtOGY4OC0zNDM2M2JjN2M0YzAiOnsiY3JlYXRlIjoxODAwMDAwMDAwMDAsImRlbGV0ZSI6MTgwMDAwMDAwMDAwLCJ1cGRhdGUiOjE4MDAwMDAwMDAwMH19",
          "dependencies": [
            "module.kms.aws_kms_key.main",
            "module.kms.data.aws_caller_identity.current",
            "module.kms.data.aws_region.current"
          ],
          "create_before_destroy": true
        }
      ]
    },
    {
      "module": "module.monitoring",
      "mode": "data",
      "type": "aws_caller_identity",
      "name": "current",
      "provider": "provider[\"registry.terraform.io/hashicorp/aws\"]",
      "instances": [
        {
          "schema_version": 0,
          "attributes": {
            "account_id": "396239172241",
            "arn": "arn:aws:iam::396239172241:user/msh_dev",
            "id": "396239172241",
            "user_id": "AIDAVYQNR6KI3IIRAT24W"
          },
          "sensitive_attributes": [],
          "identity_schema_version": 0
        }
      ]
    },
    {
      "module": "module.monitoring",
      "mode": "data",
      "type": "aws_region",
      "name": "current",
      "provider": "provider[\"registry.terraform.io/hashicorp/aws\"]",
      "instances": [
        {
          "schema_version": 0,
          "attributes": {
            "description": "Asia Pacific (Singapore)",
            "endpoint": "ec2.ap-southeast-1.amazonaws.com",
            "id": "ap-southeast-1",
            "name": "ap-southeast-1"
          },
          "sensitive_attributes": [],
          "identity_schema_version": 0
        }
      ]
    },
    {
      "module": "module.monitoring",
      "mode": "managed",
      "type": "aws_cloudwatch_log_group",
      "name": "application",
      "provider": "provider[\"registry.terraform.io/hashicorp/aws\"]",
      "instances": [
        {
          "schema_version": 0,
          "attributes": {
            "arn": "arn:aws:logs:ap-southeast-1:396239172241:log-group:/aws/application/rag-chatbot-prod",
            "id": "/aws/application/rag-chatbot-prod",
            "kms_key_id": "",
            "log_group_class": "STANDARD",
            "name": "/aws/application/rag-chatbot-prod",
            "name_prefix": "",
            "retention_in_days": 30,
            "skip_destroy": false,
            "tags": {
              "Environment": "prod",
              "ManagedBy": "Terraform",
              "Project": "rag-chatbot"
            },
            "tags_all": {
              "Environment": "prod",
              "ManagedBy": "Terraform",
              "Project": "rag-chatbot",
              "Security": "High"
            }
          },
          "sensitive_attributes": [],
          "identity_schema_version": 0,
          "private": "bnVsbA=="
        }
      ]
    },
    {
      "module": "module.monitoring",
      "mode": "managed",
      "type": "aws_cloudwatch_log_stream",
      "name": "api_gateway",
      "provider": "provider[\"registry.terraform.io/hashicorp/aws\"]",
      "instances": [
        {
          "schema_version": 0,
          "attributes": {
            "arn": "arn:aws:logs:ap-southeast-1:396239172241:log-group:/aws/application/rag-chatbot-prod:log-stream:api-gateway-logs",
            "id": "api-gateway-logs",
            "log_group_name": "/aws/application/rag-chatbot-prod",
            "name": "api-gateway-logs"
          },
          "sensitive_attributes": [],
          "identity_schema_version": 0,
          "private": "bnVsbA==",
          "dependencies": [
            "module.monitoring.aws_cloudwatch_log_group.application"
          ]
        }
      ]
    },
    {
      "module": "module.monitoring",
      "mode": "managed",
      "type": "aws_cloudwatch_log_stream",
      "name": "ecs",
      "provider": "provider[\"registry.terraform.io/hashicorp/aws\"]",
      "instances": [
        {
          "schema_version": 0,
          "attributes": {
            "arn": "arn:aws:logs:ap-southeast-1:396239172241:log-group:/aws/application/rag-chatbot-prod:log-stream:ecs-logs",
            "id": "ecs-logs",
            "log_group_name": "/aws/application/rag-chatbot-prod",
            "name": "ecs-logs"
          },
          "sensitive_attributes": [],
          "identity_schema_version": 0,
          "private": "bnVsbA==",
          "dependencies": [
            "module.monitoring.aws_cloudwatch_log_group.application"
          ]
        }
      ]
    },
    {
      "module": "module.monitoring",
      "mode": "managed",
      "type": "aws_cloudwatch_log_stream",
      "name": "lambda",
      "provider": "provider[\"registry.terraform.io/hashicorp/aws\"]",
      "instances": [
        {
          "schema_version": 0,
          "attributes": {
            "arn": "arn:aws:logs:ap-southeast-1:396239172241:log-group:/aws/application/rag-chatbot-prod:log-stream:lambda-logs",
            "id": "lambda-logs",
            "log_group_name": "/aws/application/rag-chatbot-prod",
            "name": "lambda-logs"
          },
          "sensitive_attributes": [],
          "identity_schema_version": 0,
          "private": "bnVsbA==",
          "dependencies": [
            "module.monitoring.aws_cloudwatch_log_group.application"
          ]
        }
      ]
    },
    {
      "module": "module.monitoring",
      "mode": "managed",
      "type": "aws_cloudwatch_metric_alarm",
      "name": "api_gateway_4xx_errors",
      "provider": "provider[\"registry.terraform.io/hashicorp/aws\"]",
      "instances": [
        {
          "schema_version": 1,
          "attributes": {
            "actions_enabled": true,
            "alarm_actions": [
              "arn:aws:sns:ap-southeast-1:396239172241:rag-chatbot-prod-alerts"
            ],
            "alarm_description": "This metric monitors API Gateway 4XX errors",
            "alarm_name": "rag-chatbot-prod-api-gateway-4xx-errors",
            "arn": "arn:aws:cloudwatch:ap-southeast-1:396239172241:alarm:rag-chatbot-prod-api-gateway-4xx-errors",
            "comparison_operator": "GreaterThanThreshold",
            "datapoints_to_alarm": 0,
            "dimensions": {
              "ApiName": "rag-chatbot-prod-api"
            },
            "evaluate_low_sample_count_percentiles": "",
            "evaluation_periods": 2,
            "extended_statistic": "",
            "id": "rag-chatbot-prod-api-gateway-4xx-errors",
            "insufficient_data_actions": null,
            "metric_name": "4XXError",
            "metric_query": [],
            "namespace": "AWS/ApiGateway",
            "ok_actions": null,
            "period": 300,
            "statistic": "Sum",
            "tags": {
              "Environment": "prod",
              "ManagedBy": "Terraform",
              "Project": "rag-chatbot"
            },
            "tags_all": {
              "Environment": "prod",
              "ManagedBy": "Terraform",
              "Project": "rag-chatbot",
              "Security": "High"
            },
            "threshold": 10,
            "threshold_metric_id": "",
            "treat_missing_data": "missing",
            "unit": ""
          },
          "sensitive_attributes": [],
          "identity_schema_version": 0,
          "private": "eyJzY2hlbWFfdmVyc2lvbiI6IjEifQ==",
          "dependencies": [
            "module.api_gateway.aws_api_gateway_rest_api.main",
            "module.monitoring.aws_sns_topic.alerts"
          ]
        }
      ]
    },
    {
      "module": "module.monitoring",
      "mode": "managed",
      "type": "aws_cloudwatch_metric_alarm",
      "name": "api_gateway_5xx_errors",
      "provider": "provider[\"registry.terraform.io/hashicorp/aws\"]",
      "instances": [
        {
          "schema_version": 1,
          "attributes": {
            "actions_enabled": true,
            "alarm_actions": [
              "arn:aws:sns:ap-southeast-1:396239172241:rag-chatbot-prod-alerts"
            ],
            "alarm_description": "This metric monitors API Gateway 5XX errors",
            "alarm_name": "rag-chatbot-prod-api-gateway-5xx-errors",
            "arn": "arn:aws:cloudwatch:ap-southeast-1:396239172241:alarm:rag-chatbot-prod-api-gateway-5xx-errors",
            "comparison_operator": "GreaterThanThreshold",
            "datapoints_to_alarm": 0,
            "dimensions": {
              "ApiName": "rag-chatbot-prod-api"
            },
            "evaluate_low_sample_count_percentiles": "",
            "evaluation_periods": 1,
            "extended_statistic": "",
            "id": "rag-chatbot-prod-api-gateway-5xx-errors",
            "insufficient_data_actions": null,
            "metric_name": "5XXError",
            "metric_query": [],
            "namespace": "AWS/ApiGateway",
            "ok_actions": null,
            "period": 300,
            "statistic": "Sum",
            "tags": {
              "Environment": "prod",
              "ManagedBy": "Terraform",
              "Project": "rag-chatbot"
            },
            "tags_all": {
              "Environment": "prod",
              "ManagedBy": "Terraform",
              "Project": "rag-chatbot",
              "Security": "High"
            },
            "threshold": 5,
            "threshold_metric_id": "",
            "treat_missing_data": "missing",
            "unit": ""
          },
          "sensitive_attributes": [],
          "identity_schema_version": 0,
          "private": "eyJzY2hlbWFfdmVyc2lvbiI6IjEifQ==",
          "dependencies": [
            "module.api_gateway.aws_api_gateway_rest_api.main",
            "module.monitoring.aws_sns_topic.alerts"
          ]
        }
      ]
    },
    {
      "module": "module.monitoring",
      "mode": "managed",
      "type": "aws_sns_topic",
      "name": "alerts",
      "provider": "provider[\"registry.terraform.io/hashicorp/aws\"]",
      "instances": [
        {
          "schema_version": 0,
          "attributes": {
            "application_failure_feedback_role_arn": "",
            "application_success_feedback_role_arn": "",
            "application_success_feedback_sample_rate": 0,
            "archive_policy": "",
            "arn": "arn:aws:sns:ap-southeast-1:396239172241:rag-chatbot-prod-alerts",
            "beginning_archive_time": "",
            "content_based_deduplication": false,
            "delivery_policy": "",
            "display_name": "",
            "fifo_throughput_scope": "",
            "fifo_topic": false,
            "firehose_failure_feedback_role_arn": "",
            "firehose_success_feedback_role_arn": "",
            "firehose_success_feedback_sample_rate": 0,
            "http_failure_feedback_role_arn": "",
            "http_success_feedback_role_arn": "",
            "http_success_feedback_sample_rate": 0,
            "id": "arn:aws:sns:ap-southeast-1:396239172241:rag-chatbot-prod-alerts",
            "kms_master_key_id": "",
            "lambda_failure_feedback_role_arn": "",
            "lambda_success_feedback_role_arn": "",
            "lambda_success_feedback_sample_rate": 0,
            "name": "rag-chatbot-prod-alerts",
            "name_prefix": "",
            "owner": "396239172241",
            "policy": "{\"Id\":\"__default_policy_ID\",\"Statement\":[{\"Action\":[\"SNS:GetTopicAttributes\",\"SNS:SetTopicAttributes\",\"SNS:AddPermission\",\"SNS:RemovePermission\",\"SNS:DeleteTopic\",\"SNS:Subscribe\",\"SNS:ListSubscriptionsByTopic\",\"SNS:Publish\"],\"Condition\":{\"StringEquals\":{\"AWS:SourceOwner\":\"396239172241\"}},\"Effect\":\"Allow\",\"Principal\":{\"AWS\":\"*\"},\"Resource\":\"arn:aws:sns:ap-southeast-1:396239172241:rag-chatbot-prod-alerts\",\"Sid\":\"__default_statement_ID\"}],\"Version\":\"2008-10-17\"}",
            "signature_version": 0,
            "sqs_failure_feedback_role_arn": "",
            "sqs_success_feedback_role_arn": "",
            "sqs_success_feedback_sample_rate": 0,
            "tags": {
              "Environment": "prod",
              "ManagedBy": "Terraform",
              "Project": "rag-chatbot"
            },
            "tags_all": {
              "Environment": "prod",
              "ManagedBy": "Terraform",
              "Project": "rag-chatbot",
              "Security": "High"
            },
            "tracing_config": ""
          },
          "sensitive_attributes": [],
          "identity_schema_version": 0,
          "private": "bnVsbA=="
        }
      ]
    },
    {
      "module": "module.monitoring",
      "mode": "managed",
      "type": "aws_sns_topic_policy",
      "name": "alerts",
      "provider": "provider[\"registry.terraform.io/hashicorp/aws\"]",
      "instances": [
        {
          "schema_version": 0,
          "attributes": {
            "arn": "arn:aws:sns:ap-southeast-1:396239172241:rag-chatbot-prod-alerts",
            "id": "arn:aws:sns:ap-southeast-1:396239172241:rag-chatbot-prod-alerts",
            "owner": "396239172241",
            "policy": "{\"Statement\":[{\"Action\":\"SNS:Publish\",\"Effect\":\"Allow\",\"Principal\":{\"Service\":\"cloudwatch.amazonaws.com\"},\"Resource\":\"arn:aws:sns:ap-southeast-1:396239172241:rag-chatbot-prod-alerts\"}],\"Version\":\"2012-10-17\"}"
          },
          "sensitive_attributes": [],
          "identity_schema_version": 0,
          "private": "bnVsbA==",
          "dependencies": [
            "module.monitoring.aws_sns_topic.alerts"
          ]
        }
      ]
    },
    {
      "module": "module.opensearch",
      "mode": "data",
      "type": "aws_caller_identity",
      "name": "current",
      "provider": "provider[\"registry.terraform.io/hashicorp/aws\"]",
      "instances": [
        {
          "schema_version": 0,
          "attributes": {
            "account_id": "396239172241",
            "arn": "arn:aws:iam::396239172241:user/msh_dev",
            "id": "396239172241",
            "user_id": "AIDAVYQNR6KI3IIRAT24W"
          },
          "sensitive_attributes": [],
          "identity_schema_version": 0
        }
      ]
    },
    {
      "module": "module.opensearch",
      "mode": "data",
      "type": "aws_region",
      "name": "current",
      "provider": "provider[\"registry.terraform.io/hashicorp/aws\"]",
      "instances": [
        {
          "schema_version": 0,
          "attributes": {
            "description": "Asia Pacific (Singapore)",
            "endpoint": "ec2.ap-southeast-1.amazonaws.com",
            "id": "ap-southeast-1",
            "name": "ap-southeast-1"
          },
          "sensitive_attributes": [],
          "identity_schema_version": 0
        }
      ]
    },
    {
      "module": "module.opensearch",
      "mode": "managed",
      "type": "aws_cloudwatch_log_group",
      "name": "opensearch",
      "provider": "provider[\"registry.terraform.io/hashicorp/aws\"]",
      "instances": [
        {
          "schema_version": 0,
          "attributes": {
            "arn": "arn:aws:logs:ap-southeast-1:396239172241:log-group:/aws/opensearch/domains/rag-chatbot-prod",
            "id": "/aws/opensearch/domains/rag-chatbot-prod",
            "kms_key_id": "",
            "log_group_class": "STANDARD",
            "name": "/aws/opensearch/domains/rag-chatbot-prod",
            "name_prefix": "",
            "retention_in_days": 30,
            "skip_destroy": false,
            "tags": {
              "Environment": "prod",
              "ManagedBy": "Terraform",
              "Project": "rag-chatbot"
            },
            "tags_all": {
              "Environment": "prod",
              "ManagedBy": "Terraform",
              "Project": "rag-chatbot",
              "Security": "High"
            }
          },
          "sensitive_attributes": [],
          "identity_schema_version": 0,
          "private": "bnVsbA==",
          "create_before_destroy": true
        }
      ]
    },
    {
      "module": "module.opensearch",
      "mode": "managed",
      "type": "aws_cloudwatch_log_resource_policy",
      "name": "opensearch",
      "provider": "provider[\"registry.terraform.io/hashicorp/aws\"]",
      "instances": [
        {
          "schema_version": 0,
          "attributes": {
            "id": "rag-chatbot-prod-opensearch-logs",
            "policy_document": "{\"Statement\":[{\"Action\":[\"logs:PutLogEvents\",\"logs:CreateLogGroup\",\"logs:CreateLogStream\"],\"Effect\":\"Allow\",\"Principal\":{\"Service\":\"es.amazonaws.com\"},\"Resource\":\"arn:aws:logs:ap-southeast-1:396239172241:*\"}],\"Version\":\"2012-10-17\"}",
            "policy_name": "rag-chatbot-prod-opensearch-logs"
          },
          "sensitive_attributes": [],
          "identity_schema_version": 0,
          "private": "bnVsbA==",
          "dependencies": [
            "module.opensearch.data.aws_caller_identity.current",
            "module.opensearch.data.aws_region.current"
          ]
        }
      ]
    },
    {
      "module": "module.opensearch",
      "mode": "managed",
      "type": "random_password",
      "name": "opensearch_password",
      "provider": "provider[\"registry.terraform.io/hashicorp/random\"]",
      "instances": [
        {
          "schema_version": 3,
          "attributes": {
            "bcrypt_hash": "$2a$10$n246.mSWSLeNa8yhsl98UOYlol.NmGqlwzDNb6LM.upgTsrXtJbV.",
            "id": "none",
            "keepers": null,
            "length": 16,
            "lower": true,
            "min_lower": 0,
            "min_numeric": 0,
            "min_special": 0,
            "min_upper": 0,
            "number": true,
            "numeric": true,
            "override_special": null,
            "result": "?2}g!-\u003eBr\u003e[*+Ih\u003c",
            "special": true,
            "upper": true
          },
          "sensitive_attributes": [
            [
              {
                "type": "get_attr",
                "value": "bcrypt_hash"
              }
            ],
            [
              {
                "type": "get_attr",
                "value": "result"
              }
            ]
          ],
          "identity_schema_version": 0,
          "create_before_destroy": true
        }
      ]
    },
    {
      "module": "module.s3",
      "mode": "data",
      "type": "aws_caller_identity",
      "name": "current",
      "provider": "provider[\"registry.terraform.io/hashicorp/aws\"]",
      "instances": [
        {
          "schema_version": 0,
          "attributes": {
            "account_id": "396239172241",
            "arn": "arn:aws:iam::396239172241:user/msh_dev",
            "id": "396239172241",
            "user_id": "AIDAVYQNR6KI3IIRAT24W"
          },
          "sensitive_attributes": [],
          "identity_schema_version": 0
        }
      ]
    },
    {
      "module": "module.s3",
      "mode": "managed",
      "type": "aws_s3_bucket",
      "name": "documents",
      "provider": "provider[\"registry.terraform.io/hashicorp/aws\"]",
      "instances": [
        {
          "schema_version": 0,
          "attributes": {
            "acceleration_status": "",
            "acl": null,
            "arn": "arn:aws:s3:::rag-chatbot-prod-documents-x2k23mmf",
            "bucket": "rag-chatbot-prod-documents-x2k23mmf",
            "bucket_domain_name": "rag-chatbot-prod-documents-x2k23mmf.s3.amazonaws.com",
            "bucket_prefix": "",
            "bucket_regional_domain_name": "rag-chatbot-prod-documents-x2k23mmf.s3.ap-southeast-1.amazonaws.com",
            "cors_rule": [],
            "force_destroy": false,
            "grant": [
              {
                "id": "28d7b3dd2547c5315881accdd34d7942d73f8f4808df5554cad08ef2ee6c9309",
                "permissions": [
                  "FULL_CONTROL"
                ],
                "type": "CanonicalUser",
                "uri": ""
              }
            ],
            "hosted_zone_id": "Z3O0J2DXBE1FTB",
            "id": "rag-chatbot-prod-documents-x2k23mmf",
            "lifecycle_rule": [],
            "logging": [],
            "object_lock_configuration": [],
            "object_lock_enabled": false,
            "policy": "",
            "region": "ap-southeast-1",
            "replication_configuration": [],
            "request_payer": "BucketOwner",
            "server_side_encryption_configuration": [
              {
                "rule": [
                  {
                    "apply_server_side_encryption_by_default": [
                      {
                        "kms_master_key_id": "",
                        "sse_algorithm": "AES256"
                      }
                    ],
                    "bucket_key_enabled": false
                  }
                ]
              }
            ],
            "tags": {
              "Environment": "prod",
              "ManagedBy": "Terraform",
              "Name": "rag-chatbot-prod-documents",
              "Project": "rag-chatbot",
              "Type": "Documents"
            },
            "tags_all": {
              "Environment": "prod",
              "ManagedBy": "Terraform",
              "Name": "rag-chatbot-prod-documents",
              "Project": "rag-chatbot",
              "Security": "High",
              "Type": "Documents"
            },
            "timeouts": null,
            "versioning": [
              {
                "enabled": false,
                "mfa_delete": false
              }
            ],
            "website": [],
            "website_domain": null,
            "website_endpoint": null
          },
          "sensitive_attributes": [],
          "identity_schema_version": 0,
          "private": "eyJlMmJmYjczMC1lY2FhLTExZTYtOGY4OC0zNDM2M2JjN2M0YzAiOnsiY3JlYXRlIjoxMjAwMDAwMDAwMDAwLCJkZWxldGUiOjM2MDAwMDAwMDAwMDAsInJlYWQiOjEyMDAwMDAwMDAwMDAsInVwZGF0ZSI6MTIwMDAwMDAwMDAwMH19",
          "dependencies": [
            "module.s3.random_string.bucket_suffix"
          ],
          "create_before_destroy": true
        }
      ]
    },
    {
      "module": "module.s3",
      "mode": "managed",
      "type": "aws_s3_bucket",
      "name": "logs",
      "provider": "provider[\"registry.terraform.io/hashicorp/aws\"]",
      "instances": [
        {
          "schema_version": 0,
          "attributes": {
            "acceleration_status": "",
            "acl": null,
            "arn": "arn:aws:s3:::rag-chatbot-prod-logs-x2k23mmf",
            "bucket": "rag-chatbot-prod-logs-x2k23mmf",
            "bucket_domain_name": "rag-chatbot-prod-logs-x2k23mmf.s3.amazonaws.com",
            "bucket_prefix": "",
            "bucket_regional_domain_name": "rag-chatbot-prod-logs-x2k23mmf.s3.ap-southeast-1.amazonaws.com",
            "cors_rule": [],
            "force_destroy": false,
            "grant": [
              {
                "id": "28d7b3dd2547c5315881accdd34d7942d73f8f4808df5554cad08ef2ee6c9309",
                "permissions": [
                  "FULL_CONTROL"
                ],
                "type": "CanonicalUser",
                "uri": ""
              }
            ],
            "hosted_zone_id": "Z3O0J2DXBE1FTB",
            "id": "rag-chatbot-prod-logs-x2k23mmf",
            "lifecycle_rule": [],
            "logging": [],
            "object_lock_configuration": [],
            "object_lock_enabled": false,
            "policy": "",
            "region": "ap-southeast-1",
            "replication_configuration": [],
            "request_payer": "BucketOwner",
            "server_side_encryption_configuration": [
              {
                "rule": [
                  {
                    "apply_server_side_encryption_by_default": [
                      {
                        "kms_master_key_id": "",
                        "sse_algorithm": "AES256"
                      }
                    ],
                    "bucket_key_enabled": false
                  }
                ]
              }
            ],
            "tags": {
              "Environment": "prod",
              "ManagedBy": "Terraform",
              "Name": "rag-chatbot-prod-logs",
              "Project": "rag-chatbot",
              "Type": "Logs"
            },
            "tags_all": {
              "Environment": "prod",
              "ManagedBy": "Terraform",
              "Name": "rag-chatbot-prod-logs",
              "Project": "rag-chatbot",
              "Security": "High",
              "Type": "Logs"
            },
            "timeouts": null,
            "versioning": [
              {
                "enabled": false,
                "mfa_delete": false
              }
            ],
            "website": [],
            "website_domain": null,
            "website_endpoint": null
          },
          "sensitive_attributes": [],
          "identity_schema_version": 0,
          "private": "eyJlMmJmYjczMC1lY2FhLTExZTYtOGY4OC0zNDM2M2JjN2M0YzAiOnsiY3JlYXRlIjoxMjAwMDAwMDAwMDAwLCJkZWxldGUiOjM2MDAwMDAwMDAwMDAsInJlYWQiOjEyMDAwMDAwMDAwMDAsInVwZGF0ZSI6MTIwMDAwMDAwMDAwMH19",
          "dependencies": [
            "module.s3.random_string.bucket_suffix"
          ]
        }
      ]
    },
    {
      "module": "module.s3",
      "mode": "managed",
      "type": "aws_s3_bucket_lifecycle_configuration",
      "name": "documents",
      "provider": "provider[\"registry.terraform.io/hashicorp/aws\"]",
      "instances": [
        {
          "schema_version": 1,
          "attributes": {
            "bucket": "rag-chatbot-prod-documents-x2k23mmf",
            "expected_bucket_owner": "",
            "id": "rag-chatbot-prod-documents-x2k23mmf",
            "rule": [
              {
                "abort_incomplete_multipart_upload": [
                  {
                    "days_after_initiation": 7
                  }
                ],
                "expiration": [
                  {
                    "date": null,
                    "days": 2555,
                    "expired_object_delete_marker": false
                  }
                ],
                "filter": [
                  {
                    "and": [],
                    "object_size_greater_than": null,
                    "object_size_less_than": null,
                    "prefix": "",
                    "tag": []
                  }
                ],
                "id": "document_lifecycle",
                "noncurrent_version_expiration": [
                  {
                    "newer_noncurrent_versions": null,
                    "noncurrent_days": 30
                  }
                ],
                "noncurrent_version_transition": [],
                "prefix": "",
                "status": "Enabled",
                "transition": []
              }
            ],
            "timeouts": null,
            "transition_default_minimum_object_size": "all_storage_classes_128K"
          },
          "sensitive_attributes": [],
          "identity_schema_version": 0,
          "dependencies": [
            "module.s3.aws_s3_bucket.documents",
            "module.s3.random_string.bucket_suffix"
          ]
        }
      ]
    },
    {
      "module": "module.s3",
      "mode": "managed",
      "type": "aws_s3_bucket_lifecycle_configuration",
      "name": "logs",
      "provider": "provider[\"registry.terraform.io/hashicorp/aws\"]",
      "instances": [
        {
          "schema_version": 1,
          "attributes": {
            "bucket": "rag-chatbot-prod-logs-x2k23mmf",
            "expected_bucket_owner": "",
            "id": "rag-chatbot-prod-logs-x2k23mmf",
            "rule": [
              {
                "abort_incomplete_multipart_upload": [
                  {
                    "days_after_initiation": 1
                  }
                ],
                "expiration": [
                  {
                    "date": null,
                    "days": 90,
                    "expired_object_delete_marker": false
                  }
                ],
                "filter": [
                  {
                    "and": [],
                    "object_size_greater_than": null,
                    "object_size_less_than": null,
                    "prefix": "",
                    "tag": []
                  }
                ],
                "id": "log_lifecycle",
                "noncurrent_version_expiration": [
                  {
                    "newer_noncurrent_versions": null,
                    "noncurrent_days": 7
                  }
                ],
                "noncurrent_version_transition": [],
                "prefix": "",
                "status": "Enabled",
                "transition": []
              }
            ],
            "timeouts": null,
            "transition_default_minimum_object_size": "all_storage_classes_128K"
          },
          "sensitive_attributes": [],
          "identity_schema_version": 0,
          "dependencies": [
            "module.s3.aws_s3_bucket.logs",
            "module.s3.random_string.bucket_suffix"
          ]
        }
      ]
    },
    {
      "module": "module.s3",
      "mode": "managed",
      "type": "aws_s3_bucket_notification",
      "name": "documents",
      "provider": "provider[\"registry.terraform.io/hashicorp/aws\"]",
      "instances": [
        {
          "schema_version": 0,
          "attributes": {
            "bucket": "rag-chatbot-prod-documents-x2k23mmf",
            "eventbridge": true,
            "id": "rag-chatbot-prod-documents-x2k23mmf",
            "lambda_function": [],
            "queue": [],
            "topic": []
          },
          "sensitive_attributes": [],
          "identity_schema_version": 0,
          "private": "bnVsbA==",
          "dependencies": [
            "module.s3.aws_s3_bucket.documents",
            "module.s3.random_string.bucket_suffix"
          ]
        }
      ]
    },
    {
      "module": "module.s3",
      "mode": "managed",
      "type": "aws_s3_bucket_policy",
      "name": "documents",
      "provider": "provider[\"registry.terraform.io/hashicorp/aws\"]",
      "instances": [
        {
          "schema_version": 0,
          "attributes": {
            "bucket": "rag-chatbot-prod-documents-x2k23mmf",
            "id": "rag-chatbot-prod-documents-x2k23mmf",
            "policy": "{\"Statement\":[{\"Action\":\"s3:*\",\"Condition\":{\"Bool\":{\"aws:SecureTransport\":\"false\"}},\"Effect\":\"Deny\",\"Principal\":\"*\",\"Resource\":[\"arn:aws:s3:::rag-chatbot-prod-documents-x2k23mmf\",\"arn:aws:s3:::rag-chatbot-prod-documents-x2k23mmf/*\"],\"Sid\":\"DenyInsecureConnections\"},{\"Action\":[\"s3:GetObject\",\"s3:ListBucket\"],\"Effect\":\"Allow\",\"Principal\":{\"AWS\":\"arn:aws:iam::396239172241:role/rag-chatbot-prod-bedrock-kb-role\"},\"Resource\":[\"arn:aws:s3:::rag-chatbot-prod-documents-x2k23mmf\",\"arn:aws:s3:::rag-chatbot-prod-documents-x2k23mmf/*\"],\"Sid\":\"AllowBedrockAccess\"}],\"Version\":\"2012-10-17\"}"
          },
          "sensitive_attributes": [],
          "identity_schema_version": 0,
          "private": "bnVsbA==",
          "dependencies": [
            "module.s3.aws_s3_bucket.documents",
            "module.s3.data.aws_caller_identity.current",
            "module.s3.random_string.bucket_suffix"
          ]
        }
      ]
    },
    {
      "module": "module.s3",
      "mode": "managed",
      "type": "aws_s3_bucket_policy",
      "name": "logs",
      "provider": "provider[\"registry.terraform.io/hashicorp/aws\"]",
      "instances": [
        {
          "schema_version": 0,
          "attributes": {
            "bucket": "rag-chatbot-prod-logs-x2k23mmf",
            "id": "rag-chatbot-prod-logs-x2k23mmf",
            "policy": "{\"Statement\":[{\"Action\":\"s3:*\",\"Condition\":{\"Bool\":{\"aws:SecureTransport\":\"false\"}},\"Effect\":\"Deny\",\"Principal\":\"*\",\"Resource\":[\"arn:aws:s3:::rag-chatbot-prod-logs-x2k23mmf\",\"arn:aws:s3:::rag-chatbot-prod-logs-x2k23mmf/*\"],\"Sid\":\"DenyInsecureConnections\"},{\"Action\":\"s3:PutObject\",\"Condition\":{\"StringEquals\":{\"s3:x-amz-acl\":\"bucket-owner-full-control\"}},\"Effect\":\"Allow\",\"Principal\":{\"Service\":\"logs.amazonaws.com\"},\"Resource\":\"arn:aws:s3:::rag-chatbot-prod-logs-x2k23mmf/*\",\"Sid\":\"AllowCloudWatchLogsAccess\"}],\"Version\":\"2012-10-17\"}"
          },
          "sensitive_attributes": [],
          "identity_schema_version": 0,
          "private": "bnVsbA==",
          "dependencies": [
            "module.s3.aws_s3_bucket.logs",
            "module.s3.random_string.bucket_suffix"
          ]
        }
      ]
    },
    {
      "module": "module.s3",
      "mode": "managed",
      "type": "aws_s3_bucket_public_access_block",
      "name": "documents",
      "provider": "provider[\"registry.terraform.io/hashicorp/aws\"]",
      "instances": [
        {
          "schema_version": 0,
          "attributes": {
            "block_public_acls": true,
            "block_public_policy": true,
            "bucket": "rag-chatbot-prod-documents-x2k23mmf",
            "id": "rag-chatbot-prod-documents-x2k23mmf",
            "ignore_public_acls": true,
            "restrict_public_buckets": true
          },
          "sensitive_attributes": [],
          "identity_schema_version": 0,
          "private": "bnVsbA==",
          "dependencies": [
            "module.s3.aws_s3_bucket.documents",
            "module.s3.random_string.bucket_suffix"
          ]
        }
      ]
    },
    {
      "module": "module.s3",
      "mode": "managed",
      "type": "aws_s3_bucket_public_access_block",
      "name": "logs",
      "provider": "provider[\"registry.terraform.io/hashicorp/aws\"]",
      "instances": [
        {
          "schema_version": 0,
          "attributes": {
            "block_public_acls": true,
            "block_public_policy": true,
            "bucket": "rag-chatbot-prod-logs-x2k23mmf",
            "id": "rag-chatbot-prod-logs-x2k23mmf",
            "ignore_public_acls": true,
            "restrict_public_buckets": true
          },
          "sensitive_attributes": [],
          "identity_schema_version": 0,
          "private": "bnVsbA==",
          "dependencies": [
            "module.s3.aws_s3_bucket.logs",
            "module.s3.random_string.bucket_suffix"
          ]
        }
      ]
    },
    {
      "module": "module.s3",
      "mode": "managed",
      "type": "aws_s3_bucket_server_side_encryption_configuration",
      "name": "documents",
      "provider": "provider[\"registry.terraform.io/hashicorp/aws\"]",
      "instances": [
        {
          "schema_version": 0,
          "attributes": {
            "bucket": "rag-chatbot-prod-documents-x2k23mmf",
            "expected_bucket_owner": "",
            "id": "rag-chatbot-prod-documents-x2k23mmf",
            "rule": [
              {
                "apply_server_side_encryption_by_default": [
                  {
                    "kms_master_key_id": "f7fab4f7-45b4-453b-89dd-3f6c0af6a59f",
                    "sse_algorithm": "aws:kms"
                  }
                ],
                "bucket_key_enabled": true
              }
            ]
          },
          "sensitive_attributes": [],
          "identity_schema_version": 0,
          "private": "bnVsbA==",
          "dependencies": [
            "module.kms.aws_kms_key.main",
            "module.kms.data.aws_caller_identity.current",
            "module.kms.data.aws_region.current",
            "module.s3.aws_s3_bucket.documents",
            "module.s3.random_string.bucket_suffix"
          ]
        }
      ]
    },
    {
      "module": "module.s3",
      "mode": "managed",
      "type": "aws_s3_bucket_server_side_encryption_configuration",
      "name": "logs",
      "provider": "provider[\"registry.terraform.io/hashicorp/aws\"]",
      "instances": [
        {
          "schema_version": 0,
          "attributes": {
            "bucket": "rag-chatbot-prod-logs-x2k23mmf",
            "expected_bucket_owner": "",
            "id": "rag-chatbot-prod-logs-x2k23mmf",
            "rule": [
              {
                "apply_server_side_encryption_by_default": [
                  {
                    "kms_master_key_id": "f7fab4f7-45b4-453b-89dd-3f6c0af6a59f",
                    "sse_algorithm": "aws:kms"
                  }
                ],
                "bucket_key_enabled": true
              }
            ]
          },
          "sensitive_attributes": [],
          "identity_schema_version": 0,
          "private": "bnVsbA==",
          "dependencies": [
            "module.kms.aws_kms_key.main",
            "module.kms.data.aws_caller_identity.current",
            "module.kms.data.aws_region.current",
            "module.s3.aws_s3_bucket.logs",
            "module.s3.random_string.bucket_suffix"
          ]
        }
      ]
    },
    {
      "module": "module.s3",
      "mode": "managed",
      "type": "aws_s3_bucket_versioning",
      "name": "documents",
      "provider": "provider[\"registry.terraform.io/hashicorp/aws\"]",
      "instances": [
        {
          "schema_version": 0,
          "attributes": {
            "bucket": "rag-chatbot-prod-documents-x2k23mmf",
            "expected_bucket_owner": "",
            "id": "rag-chatbot-prod-documents-x2k23mmf",
            "mfa": null,
            "versioning_configuration": [
              {
                "mfa_delete": "",
                "status": "Enabled"
              }
            ]
          },
          "sensitive_attributes": [],
          "identity_schema_version": 0,
          "private": "bnVsbA==",
          "dependencies": [
            "module.s3.aws_s3_bucket.documents",
            "module.s3.random_string.bucket_suffix"
          ]
        }
      ]
    },
    {
      "module": "module.s3",
      "mode": "managed",
      "type": "aws_s3_bucket_versioning",
      "name": "logs",
      "provider": "provider[\"registry.terraform.io/hashicorp/aws\"]",
      "instances": [
        {
          "schema_version": 0,
          "attributes": {
            "bucket": "rag-chatbot-prod-logs-x2k23mmf",
            "expected_bucket_owner": "",
            "id": "rag-chatbot-prod-logs-x2k23mmf",
            "mfa": null,
            "versioning_configuration": [
              {
                "mfa_delete": "",
                "status": "Enabled"
              }
            ]
          },
          "sensitive_attributes": [],
          "identity_schema_version": 0,
          "private": "bnVsbA==",
          "dependencies": [
            "module.s3.aws_s3_bucket.logs",
            "module.s3.random_string.bucket_suffix"
          ]
        }
      ]
    },
    {
      "module": "module.s3",
      "mode": "managed",
      "type": "random_string",
      "name": "bucket_suffix",
      "provider": "provider[\"registry.terraform.io/hashicorp/random\"]",
      "instances": [
        {
          "schema_version": 2,
          "attributes": {
            "id": "x2k23mmf",
            "keepers": null,
            "length": 8,
            "lower": true,
            "min_lower": 0,
            "min_numeric": 0,
            "min_special": 0,
            "min_upper": 0,
            "number": true,
            "numeric": true,
            "override_special": null,
            "result": "x2k23mmf",
            "special": false,
            "upper": false
          },
          "sensitive_attributes": [],
          "identity_schema_version": 0,
          "create_before_destroy": true
        }
      ]
    },
    {
      "module": "module.security_groups",
      "mode": "managed",
      "type": "aws_security_group",
      "name": "alb",
      "provider": "provider[\"registry.terraform.io/hashicorp/aws\"]",
      "instances": [
        {
          "schema_version": 1,
          "attributes": {
            "arn": "arn:aws:ec2:ap-southeast-1:396239172241:security-group/sg-0f8010aad466cea5e",
            "description": "Managed by Terraform",
            "egress": [
              {
                "cidr_blocks": [
                  "0.0.0.0/0"
                ],
                "description": "",
                "from_port": 0,
                "ipv6_cidr_blocks": [],
                "prefix_list_ids": [],
                "protocol": "-1",
                "security_groups": [],
                "self": false,
                "to_port": 0
              }
            ],
            "id": "sg-0f8010aad466cea5e",
            "ingress": [
              {
                "cidr_blocks": [
                  "0.0.0.0/0"
                ],
                "description": "HTTP",
                "from_port": 80,
                "ipv6_cidr_blocks": [],
                "prefix_list_ids": [],
                "protocol": "tcp",
                "security_groups": [],
                "self": false,
                "to_port": 80
              },
              {
                "cidr_blocks": [
                  "0.0.0.0/0"
                ],
                "description": "HTTPS",
                "from_port": 443,
                "ipv6_cidr_blocks": [],
                "prefix_list_ids": [],
                "protocol": "tcp",
                "security_groups": [],
                "self": false,
                "to_port": 443
              }
            ],
            "name": "rag-chatbot-prod-alb-2025092012190279190000000c",
            "name_prefix": "rag-chatbot-prod-alb-",
            "owner_id": "396239172241",
            "revoke_rules_on_delete": false,
            "tags": {
              "Environment": "prod",
              "ManagedBy": "Terraform",
              "Name": "rag-chatbot-prod-alb-sg",
              "Project": "rag-chatbot"
            },
            "tags_all": {
              "Environment": "prod",
              "ManagedBy": "Terraform",
              "Name": "rag-chatbot-prod-alb-sg",
              "Project": "rag-chatbot",
              "Security": "High"
            },
            "timeouts": null,
            "vpc_id": "vpc-01bfe9df5e8bca4fc"
          },
          "sensitive_attributes": [],
          "identity_schema_version": 0,
          "private": "eyJlMmJmYjczMC1lY2FhLTExZTYtOGY4OC0zNDM2M2JjN2M0YzAiOnsiY3JlYXRlIjo2MDAwMDAwMDAwMDAsImRlbGV0ZSI6OTAwMDAwMDAwMDAwfSwic2NoZW1hX3ZlcnNpb24iOiIxIn0=",
          "dependencies": [
            "module.vpc.aws_vpc.main"
          ],
          "create_before_destroy": true
        }
      ]
    },
    {
      "module": "module.security_groups",
      "mode": "managed",
      "type": "aws_security_group",
      "name": "ecs",
      "provider": "provider[\"registry.terraform.io/hashicorp/aws\"]",
      "instances": [
        {
          "schema_version": 1,
          "attributes": {
            "arn": "arn:aws:ec2:ap-southeast-1:396239172241:security-group/sg-08c50fd357a6ad494",
            "description": "Managed by Terraform",
            "egress": [
              {
                "cidr_blocks": [
                  "0.0.0.0/0"
                ],
                "description": "",
                "from_port": 0,
                "ipv6_cidr_blocks": [],
                "prefix_list_ids": [],
                "protocol": "-1",
                "security_groups": [],
                "self": false,
                "to_port": 0
              }
            ],
            "id": "sg-08c50fd357a6ad494",
            "ingress": [
              {
                "cidr_blocks": [],
                "description": "HTTP from ALB",
                "from_port": 8501,
                "ipv6_cidr_blocks": [],
                "prefix_list_ids": [],
                "protocol": "tcp",
                "security_groups": [
                  "sg-0f8010aad466cea5e"
                ],
                "self": false,
                "to_port": 8501
              }
            ],
            "name": "rag-chatbot-prod-ecs-20250920121905732600000010",
            "name_prefix": "rag-chatbot-prod-ecs-",
            "owner_id": "396239172241",
            "revoke_rules_on_delete": false,
            "tags": {
              "Environment": "prod",
              "ManagedBy": "Terraform",
              "Name": "rag-chatbot-prod-ecs-sg",
              "Project": "rag-chatbot"
            },
            "tags_all": {
              "Environment": "prod",
              "ManagedBy": "Terraform",
              "Name": "rag-chatbot-prod-ecs-sg",
              "Project": "rag-chatbot",
              "Security": "High"
            },
            "timeouts": null,
            "vpc_id": "vpc-01bfe9df5e8bca4fc"
          },
          "sensitive_attributes": [],
          "identity_schema_version": 0,
          "private": "eyJlMmJmYjczMC1lY2FhLTExZTYtOGY4OC0zNDM2M2JjN2M0YzAiOnsiY3JlYXRlIjo2MDAwMDAwMDAwMDAsImRlbGV0ZSI6OTAwMDAwMDAwMDAwfSwic2NoZW1hX3ZlcnNpb24iOiIxIn0=",
          "dependencies": [
            "module.security_groups.aws_security_group.alb",
            "module.vpc.aws_vpc.main"
          ],
          "create_before_destroy": true
        }
      ]
    },
    {
      "module": "module.security_groups",
      "mode": "managed",
      "type": "aws_security_group",
      "name": "lambda",
      "provider": "provider[\"registry.terraform.io/hashicorp/aws\"]",
      "instances": [
        {
          "schema_version": 1,
          "attributes": {
            "arn": "arn:aws:ec2:ap-southeast-1:396239172241:security-group/sg-03acee3bd2e0f73f2",
            "description": "Managed by Terraform",
            "egress": [
              {
                "cidr_blocks": [
                  "0.0.0.0/0"
                ],
                "description": "",
                "from_port": 0,
                "ipv6_cidr_blocks": [],
                "prefix_list_ids": [],
                "protocol": "-1",
                "security_groups": [],
                "self": false,
                "to_port": 0
              }
            ],
            "id": "sg-03acee3bd2e0f73f2",
            "ingress": [],
            "name": "rag-chatbot-prod-lambda-2025092012190282780000000d",
            "name_prefix": "rag-chatbot-prod-lambda-",
            "owner_id": "396239172241",
            "revoke_rules_on_delete": false,
            "tags": {
              "Environment": "prod",
              "ManagedBy": "Terraform",
              "Name": "rag-chatbot-prod-lambda-sg",
              "Project": "rag-chatbot"
            },
            "tags_all": {
              "Environment": "prod",
              "ManagedBy": "Terraform",
              "Name": "rag-chatbot-prod-lambda-sg",
              "Project": "rag-chatbot",
              "Security": "High"
            },
            "timeouts": null,
            "vpc_id": "vpc-01bfe9df5e8bca4fc"
          },
          "sensitive_attributes": [],
          "identity_schema_version": 0,
          "private": "eyJlMmJmYjczMC1lY2FhLTExZTYtOGY4OC0zNDM2M2JjN2M0YzAiOnsiY3JlYXRlIjo2MDAwMDAwMDAwMDAsImRlbGV0ZSI6OTAwMDAwMDAwMDAwfSwic2NoZW1hX3ZlcnNpb24iOiIxIn0=",
          "dependencies": [
            "module.vpc.aws_vpc.main"
          ],
          "create_before_destroy": true
        }
      ]
    },
    {
      "module": "module.security_groups",
      "mode": "managed",
      "type": "aws_security_group",
      "name": "opensearch",
      "provider": "provider[\"registry.terraform.io/hashicorp/aws\"]",
      "instances": [
        {
          "schema_version": 1,
          "attributes": {
            "arn": "arn:aws:ec2:ap-southeast-1:396239172241:security-group/sg-0b7104c2455a73dba",
            "description": "Managed by Terraform",
            "egress": [
              {
                "cidr_blocks": [
                  "0.0.0.0/0"
                ],
                "description": "",
                "from_port": 0,
                "ipv6_cidr_blocks": [],
                "prefix_list_ids": [],
                "protocol": "-1",
                "security_groups": [],
                "self": false,
                "to_port": 0
              }
            ],
            "id": "sg-0b7104c2455a73dba",
            "ingress": [
              {
                "cidr_blocks": [],
                "description": "HTTPS from ECS",
                "from_port": 443,
                "ipv6_cidr_blocks": [],
                "prefix_list_ids": [],
                "protocol": "tcp",
                "security_groups": [
                  "sg-08c50fd357a6ad494"
                ],
                "self": false,
                "to_port": 443
              },
              {
                "cidr_blocks": [],
                "description": "HTTPS from Lambda",
                "from_port": 443,
                "ipv6_cidr_blocks": [],
                "prefix_list_ids": [],
                "protocol": "tcp",
                "security_groups": [
                  "sg-03acee3bd2e0f73f2"
                ],
                "self": false,
                "to_port": 443
              }
            ],
            "name": "rag-chatbot-prod-opensearch-20250920121908201100000014",
            "name_prefix": "rag-chatbot-prod-opensearch-",
            "owner_id": "396239172241",
            "revoke_rules_on_delete": false,
            "tags": {
              "Environment": "prod",
              "ManagedBy": "Terraform",
              "Name": "rag-chatbot-prod-opensearch-sg",
              "Project": "rag-chatbot"
            },
            "tags_all": {
              "Environment": "prod",
              "ManagedBy": "Terraform",
              "Name": "rag-chatbot-prod-opensearch-sg",
              "Project": "rag-chatbot",
              "Security": "High"
            },
            "timeouts": null,
            "vpc_id": "vpc-01bfe9df5e8bca4fc"
          },
          "sensitive_attributes": [],
          "identity_schema_version": 0,
          "private": "eyJlMmJmYjczMC1lY2FhLTExZTYtOGY4OC0zNDM2M2JjN2M0YzAiOnsiY3JlYXRlIjo2MDAwMDAwMDAwMDAsImRlbGV0ZSI6OTAwMDAwMDAwMDAwfSwic2NoZW1hX3ZlcnNpb24iOiIxIn0=",
          "dependencies": [
            "module.security_groups.aws_security_group.alb",
            "module.security_groups.aws_security_group.ecs",
            "module.security_groups.aws_security_group.lambda",
            "module.vpc.aws_vpc.main"
          ],
          "create_before_destroy": true
        }
      ]
    },
    {
      "module": "module.security_groups",
      "mode": "managed",
      "type": "aws_security_group",
      "name": "rds",
      "provider": "provider[\"registry.terraform.io/hashicorp/aws\"]",
      "instances": [
        {
          "schema_version": 1,
          "attributes": {
            "arn": "arn:aws:ec2:ap-southeast-1:396239172241:security-group/sg-03e8d8df983b8f444",
            "description": "Managed by Terraform",
            "egress": [
              {
                "cidr_blocks": [
                  "0.0.0.0/0"
                ],
                "description": "",
                "from_port": 0,
                "ipv6_cidr_blocks": [],
                "prefix_list_ids": [],
                "protocol": "-1",
                "security_groups": [],
                "self": false,
                "to_port": 0
              }
            ],
            "id": "sg-03e8d8df983b8f444",
            "ingress": [
              {
                "cidr_blocks": [],
                "description": "PostgreSQL from Lambda",
                "from_port": 5432,
                "ipv6_cidr_blocks": [],
                "prefix_list_ids": [],
                "protocol": "tcp",
                "security_groups": [
                  "sg-03acee3bd2e0f73f2"
                ],
                "self": false,
                "to_port": 5432
              }
            ],
            "name": "rag-chatbot-prod-rds-2025092012190547610000000f",
            "name_prefix": "rag-chatbot-prod-rds-",
            "owner_id": "396239172241",
            "revoke_rules_on_delete": false,
            "tags": {
              "Environment": "prod",
              "ManagedBy": "Terraform",
              "Name": "rag-chatbot-prod-rds-sg",
              "Project": "rag-chatbot"
            },
            "tags_all": {
              "Environment": "prod",
              "ManagedBy": "Terraform",
              "Name": "rag-chatbot-prod-rds-sg",
              "Project": "rag-chatbot",
              "Security": "High"
            },
            "timeouts": null,
            "vpc_id": "vpc-01bfe9df5e8bca4fc"
          },
          "sensitive_attributes": [],
          "identity_schema_version": 0,
          "private": "eyJlMmJmYjczMC1lY2FhLTExZTYtOGY4OC0zNDM2M2JjN2M0YzAiOnsiY3JlYXRlIjo2MDAwMDAwMDAwMDAsImRlbGV0ZSI6OTAwMDAwMDAwMDAwfSwic2NoZW1hX3ZlcnNpb24iOiIxIn0=",
          "dependencies": [
            "module.security_groups.aws_security_group.lambda",
            "module.vpc.aws_vpc.main"
          ],
          "create_before_destroy": true
        }
      ]
    },
    {
      "module": "module.security_groups",
      "mode": "managed",
      "type": "aws_security_group",
      "name": "vpc_endpoints",
      "provider": "provider[\"registry.terraform.io/hashicorp/aws\"]",
      "instances": [
        {
          "schema_version": 1,
          "attributes": {
            "arn": "arn:aws:ec2:ap-southeast-1:396239172241:security-group/sg-029aa48c2508d0d74",
            "description": "Managed by Terraform",
            "egress": [
              {
                "cidr_blocks": [
                  "0.0.0.0/0"
                ],
                "description": "",
                "from_port": 0,
                "ipv6_cidr_blocks": [],
                "prefix_list_ids": [],
                "protocol": "-1",
                "security_groups": [],
                "self": false,
                "to_port": 0
              }
            ],
            "id": "sg-029aa48c2508d0d74",
            "ingress": [
              {
                "cidr_blocks": [],
                "description": "HTTPS from ECS",
                "from_port": 443,
                "ipv6_cidr_blocks": [],
                "prefix_list_ids": [],
                "protocol": "tcp",
                "security_groups": [
                  "sg-08c50fd357a6ad494"
                ],
                "self": false,
                "to_port": 443
              },
              {
                "cidr_blocks": [],
                "description": "HTTPS from Lambda",
                "from_port": 443,
                "ipv6_cidr_blocks": [],
                "prefix_list_ids": [],
                "protocol": "tcp",
                "security_groups": [
                  "sg-03acee3bd2e0f73f2"
                ],
                "self": false,
                "to_port": 443
              }
            ],
            "name": "rag-chatbot-prod-vpc-endpoints-20250920121908201100000013",
            "name_prefix": "rag-chatbot-prod-vpc-endpoints-",
            "owner_id": "396239172241",
            "revoke_rules_on_delete": false,
            "tags": {
              "Environment": "prod",
              "ManagedBy": "Terraform",
              "Name": "rag-chatbot-prod-vpc-endpoints-sg",
              "Project": "rag-chatbot"
            },
            "tags_all": {
              "Environment": "prod",
              "ManagedBy": "Terraform",
              "Name": "rag-chatbot-prod-vpc-endpoints-sg",
              "Project": "rag-chatbot",
              "Security": "High"
            },
            "timeouts": null,
            "vpc_id": "vpc-01bfe9df5e8bca4fc"
          },
          "sensitive_attributes": [],
          "identity_schema_version": 0,
          "private": "eyJlMmJmYjczMC1lY2FhLTExZTYtOGY4OC0zNDM2M2JjN2M0YzAiOnsiY3JlYXRlIjo2MDAwMDAwMDAwMDAsImRlbGV0ZSI6OTAwMDAwMDAwMDAwfSwic2NoZW1hX3ZlcnNpb24iOiIxIn0=",
          "dependencies": [
            "module.security_groups.aws_security_group.alb",
            "module.security_groups.aws_security_group.ecs",
            "module.security_groups.aws_security_group.lambda",
            "module.vpc.aws_vpc.main"
          ],
          "create_before_destroy": true
        }
      ]
    },
    {
      "module": "module.security_hub",
      "mode": "data",
      "type": "aws_region",
      "name": "current",
      "provider": "provider[\"registry.terraform.io/hashicorp/aws\"]",
      "instances": [
        {
          "schema_version": 0,
          "attributes": {
            "description": "Asia Pacific (Singapore)",
            "endpoint": "ec2.ap-southeast-1.amazonaws.com",
            "id": "ap-southeast-1",
            "name": "ap-southeast-1"
          },
          "sensitive_attributes": [],
          "identity_schema_version": 0
        }
      ]
    },
    {
      "module": "module.security_hub",
      "mode": "managed",
      "type": "aws_cloudwatch_metric_alarm",
      "name": "security_hub_critical_findings",
      "provider": "provider[\"registry.terraform.io/hashicorp/aws\"]",
      "instances": []
    },
    {
      "module": "module.security_hub",
      "mode": "managed",
      "type": "aws_cloudwatch_metric_alarm",
      "name": "security_hub_high_findings",
      "provider": "provider[\"registry.terraform.io/hashicorp/aws\"]",
      "instances": []
    },
    {
      "module": "module.security_hub",
      "mode": "managed",
      "type": "aws_securityhub_account",
      "name": "main",
      "provider": "provider[\"registry.terraform.io/hashicorp/aws\"]",
      "instances": []
    },
    {
      "module": "module.security_hub",
      "mode": "managed",
      "type": "aws_securityhub_action_target",
      "name": "main",
      "provider": "provider[\"registry.terraform.io/hashicorp/aws\"]",
      "instances": []
    },
    {
      "module": "module.security_hub",
      "mode": "managed",
      "type": "aws_securityhub_finding_aggregator",
      "name": "main",
      "provider": "provider[\"registry.terraform.io/hashicorp/aws\"]",
      "instances": []
    },
    {
      "module": "module.security_hub",
      "mode": "managed",
      "type": "aws_securityhub_insight",
      "name": "ecs_findings",
      "provider": "provider[\"registry.terraform.io/hashicorp/aws\"]",
      "instances": []
    },
    {
      "module": "module.security_hub",
      "mode": "managed",
      "type": "aws_securityhub_insight",
      "name": "high_severity_findings",
      "provider": "provider[\"registry.terraform.io/hashicorp/aws\"]",
      "instances": []
    },
    {
      "module": "module.security_hub",
      "mode": "managed",
      "type": "aws_securityhub_insight",
      "name": "lambda_findings",
      "provider": "provider[\"registry.terraform.io/hashicorp/aws\"]",
      "instances": []
    },
    {
      "module": "module.security_hub",
      "mode": "managed",
      "type": "aws_securityhub_standards_subscription",
      "name": "cis",
      "provider": "provider[\"registry.terraform.io/hashicorp/aws\"]",
      "instances": []
    },
    {
      "module": "module.security_hub",
      "mode": "managed",
      "type": "aws_securityhub_standards_subscription",
      "name": "nist",
      "provider": "provider[\"registry.terraform.io/hashicorp/aws\"]",
      "instances": []
    },
    {
      "module": "module.security_hub",
      "mode": "managed",
      "type": "aws_securityhub_standards_subscription",
      "name": "pci",
      "provider": "provider[\"registry.terraform.io/hashicorp/aws\"]",
      "instances": []
    },
    {
      "module": "module.security_hub",
      "mode": "managed",
      "type": "aws_sns_topic",
      "name": "security_hub_alerts",
      "provider": "provider[\"registry.terraform.io/hashicorp/aws\"]",
      "instances": []
    },
    {
      "module": "module.security_hub",
      "mode": "managed",
      "type": "aws_sns_topic_policy",
      "name": "security_hub_alerts",
      "provider": "provider[\"registry.terraform.io/hashicorp/aws\"]",
      "instances": []
    },
    {
      "module": "module.security_lake",
      "mode": "data",
      "type": "aws_caller_identity",
      "name": "current",
      "provider": "provider[\"registry.terraform.io/hashicorp/aws\"]",
      "instances": [
        {
          "schema_version": 0,
          "attributes": {
            "account_id": "396239172241",
            "arn": "arn:aws:iam::396239172241:user/msh_dev",
            "id": "396239172241",
            "user_id": "AIDAVYQNR6KI3IIRAT24W"
          },
          "sensitive_attributes": [],
          "identity_schema_version": 0
        }
      ]
    },
    {
      "module": "module.security_lake",
      "mode": "data",
      "type": "aws_region",
      "name": "current",
      "provider": "provider[\"registry.terraform.io/hashicorp/aws\"]",
      "instances": [
        {
          "schema_version": 0,
          "attributes": {
            "description": "Asia Pacific (Singapore)",
            "endpoint": "ec2.ap-southeast-1.amazonaws.com",
            "id": "ap-southeast-1",
            "name": "ap-southeast-1"
          },
          "sensitive_attributes": [],
          "identity_schema_version": 0
        }
      ]
    },
    {
      "module": "module.security_lake",
      "mode": "managed",
      "type": "aws_cloudwatch_metric_alarm",
      "name": "security_lake_events",
      "provider": "provider[\"registry.terraform.io/hashicorp/aws\"]",
      "instances": []
    },
    {
      "module": "module.security_lake",
      "mode": "managed",
      "type": "aws_iam_policy",
      "name": "security_lake_policy",
      "provider": "provider[\"registry.terraform.io/hashicorp/aws\"]",
      "instances": []
    },
    {
      "module": "module.security_lake",
      "mode": "managed",
      "type": "aws_iam_role",
      "name": "security_lake_role",
      "provider": "provider[\"registry.terraform.io/hashicorp/aws\"]",
      "instances": []
    },
    {
      "module": "module.security_lake",
      "mode": "managed",
      "type": "aws_iam_role_policy_attachment",
      "name": "security_lake_policy",
      "provider": "provider[\"registry.terraform.io/hashicorp/aws\"]",
      "instances": []
    },
    {
      "module": "module.security_lake",
      "mode": "managed",
      "type": "aws_s3_bucket",
      "name": "security_lake",
      "provider": "provider[\"registry.terraform.io/hashicorp/aws\"]",
      "instances": []
    },
    {
      "module": "module.security_lake",
      "mode": "managed",
      "type": "aws_s3_bucket_public_access_block",
      "name": "security_lake",
      "provider": "provider[\"registry.terraform.io/hashicorp/aws\"]",
      "instances": []
    },
    {
      "module": "module.security_lake",
      "mode": "managed",
      "type": "aws_s3_bucket_server_side_encryption_configuration",
      "name": "security_lake",
      "provider": "provider[\"registry.terraform.io/hashicorp/aws\"]",
      "instances": []
    },
    {
      "module": "module.security_lake",
      "mode": "managed",
      "type": "aws_s3_bucket_versioning",
      "name": "security_lake",
      "provider": "provider[\"registry.terraform.io/hashicorp/aws\"]",
      "instances": []
    },
    {
      "module": "module.security_lake",
      "mode": "managed",
      "type": "aws_securitylake_custom_log_source",
      "name": "main",
      "provider": "provider[\"registry.terraform.io/hashicorp/aws\"]",
      "instances": []
    },
    {
      "module": "module.security_lake",
      "mode": "managed",
      "type": "aws_securitylake_data_lake",
      "name": "main",
      "provider": "provider[\"registry.terraform.io/hashicorp/aws\"]",
      "instances": []
    },
    {
      "module": "module.security_lake",
      "mode": "managed",
      "type": "aws_securitylake_subscriber",
      "name": "main",
      "provider": "provider[\"registry.terraform.io/hashicorp/aws\"]",
      "instances": []
    },
    {
      "module": "module.security_lake",
      "mode": "managed",
      "type": "aws_sns_topic",
      "name": "security_lake_alerts",
      "provider": "provider[\"registry.terraform.io/hashicorp/aws\"]",
      "instances": []
    },
    {
      "module": "module.security_lake",
      "mode": "managed",
      "type": "aws_sns_topic_policy",
      "name": "security_lake_alerts",
      "provider": "provider[\"registry.terraform.io/hashicorp/aws\"]",
      "instances": []
    },
    {
      "module": "module.shield",
      "mode": "managed",
      "type": "aws_cloudwatch_metric_alarm",
      "name": "ddos_attack",
      "provider": "provider[\"registry.terraform.io/hashicorp/aws\"]",
      "instances": []
    },
    {
      "module": "module.shield",
      "mode": "managed",
      "type": "aws_shield_protection",
      "name": "main",
      "provider": "provider[\"registry.terraform.io/hashicorp/aws\"]",
      "instances": []
    },
    {
      "module": "module.shield",
      "mode": "managed",
      "type": "aws_shield_protection_group",
      "name": "main",
      "provider": "provider[\"registry.terraform.io/hashicorp/aws\"]",
      "instances": []
    },
    {
      "module": "module.shield",
      "mode": "managed",
      "type": "aws_shield_protection_health_check_association",
      "name": "main",
      "provider": "provider[\"registry.terraform.io/hashicorp/aws\"]",
      "instances": []
    },
    {
      "module": "module.shield",
      "mode": "managed",
      "type": "aws_shield_protection_health_check_association",
      "name": "response_team",
      "provider": "provider[\"registry.terraform.io/hashicorp/aws\"]",
      "instances": []
    },
    {
      "module": "module.shield",
      "mode": "managed",
      "type": "aws_sns_topic",
      "name": "shield_alerts",
      "provider": "provider[\"registry.terraform.io/hashicorp/aws\"]",
      "instances": []
    },
    {
      "module": "module.shield",
      "mode": "managed",
      "type": "aws_sns_topic_policy",
      "name": "shield_alerts",
      "provider": "provider[\"registry.terraform.io/hashicorp/aws\"]",
      "instances": []
    },
    {
      "module": "module.vpc",
      "mode": "data",
      "type": "aws_region",
      "name": "current",
      "provider": "provider[\"registry.terraform.io/hashicorp/aws\"]",
      "instances": [
        {
          "schema_version": 0,
          "attributes": {
            "description": "Asia Pacific (Singapore)",
            "endpoint": "ec2.ap-southeast-1.amazonaws.com",
            "id": "ap-southeast-1",
            "name": "ap-southeast-1"
          },
          "sensitive_attributes": [],
          "identity_schema_version": 0
        }
      ]
    },
    {
      "module": "module.vpc",
      "mode": "managed",
      "type": "aws_eip",
      "name": "nat",
      "provider": "provider[\"registry.terraform.io/hashicorp/aws\"]",
      "instances": [
        {
          "index_key": 0,
          "schema_version": 0,
          "attributes": {
            "address": null,
            "allocation_id": "eipalloc-00fb50018bc2fb339",
            "arn": "arn:aws:ec2:ap-southeast-1:396239172241:elastic-ip/eipalloc-00fb50018bc2fb339",
            "associate_with_private_ip": null,
            "association_id": "",
            "carrier_ip": "",
            "customer_owned_ip": "",
            "customer_owned_ipv4_pool": "",
            "domain": "vpc",
            "id": "eipalloc-00fb50018bc2fb339",
            "instance": "",
            "ipam_pool_id": null,
            "network_border_group": "ap-southeast-1",
            "network_interface": "",
            "private_dns": null,
            "private_ip": "",
            "ptr_record": "",
            "public_dns": "ec2-18-139-253-62.ap-southeast-1.compute.amazonaws.com",
            "public_ip": "18.139.253.62",
            "public_ipv4_pool": "amazon",
            "tags": {
              "Environment": "prod",
              "ManagedBy": "Terraform",
              "Name": "rag-chatbot-prod-nat-eip-1",
              "Project": "rag-chatbot"
            },
            "tags_all": {
              "Environment": "prod",
              "ManagedBy": "Terraform",
              "Name": "rag-chatbot-prod-nat-eip-1",
              "Project": "rag-chatbot",
              "Security": "High"
            },
            "timeouts": null,
            "vpc": true
          },
          "sensitive_attributes": [],
          "identity_schema_version": 0,
          "private": "eyJlMmJmYjczMC1lY2FhLTExZTYtOGY4OC0zNDM2M2JjN2M0YzAiOnsiZGVsZXRlIjoxODAwMDAwMDAwMDAsInJlYWQiOjkwMDAwMDAwMDAwMCwidXBkYXRlIjozMDAwMDAwMDAwMDB9fQ==",
          "dependencies": [
            "module.vpc.aws_internet_gateway.main",
            "module.vpc.aws_vpc.main"
          ]
        },
        {
          "index_key": 1,
          "schema_version": 0,
          "attributes": {
            "address": null,
            "allocation_id": "eipalloc-0829764985bd9dd98",
            "arn": "arn:aws:ec2:ap-southeast-1:396239172241:elastic-ip/eipalloc-0829764985bd9dd98",
            "associate_with_private_ip": null,
            "association_id": "",
            "carrier_ip": "",
            "customer_owned_ip": "",
            "customer_owned_ipv4_pool": "",
            "domain": "vpc",
            "id": "eipalloc-0829764985bd9dd98",
            "instance": "",
            "ipam_pool_id": null,
            "network_border_group": "ap-southeast-1",
            "network_interface": "",
            "private_dns": null,
            "private_ip": "",
            "ptr_record": "",
            "public_dns": "ec2-47-130-180-31.ap-southeast-1.compute.amazonaws.com",
            "public_ip": "47.130.180.31",
            "public_ipv4_pool": "amazon",
            "tags": {
              "Environment": "prod",
              "ManagedBy": "Terraform",
              "Name": "rag-chatbot-prod-nat-eip-2",
              "Project": "rag-chatbot"
            },
            "tags_all": {
              "Environment": "prod",
              "ManagedBy": "Terraform",
              "Name": "rag-chatbot-prod-nat-eip-2",
              "Project": "rag-chatbot",
              "Security": "High"
            },
            "timeouts": null,
            "vpc": true
          },
          "sensitive_attributes": [],
          "identity_schema_version": 0,
          "private": "eyJlMmJmYjczMC1lY2FhLTExZTYtOGY4OC0zNDM2M2JjN2M0YzAiOnsiZGVsZXRlIjoxODAwMDAwMDAwMDAsInJlYWQiOjkwMDAwMDAwMDAwMCwidXBkYXRlIjozMDAwMDAwMDAwMDB9fQ==",
          "dependencies": [
            "module.vpc.aws_internet_gateway.main",
            "module.vpc.aws_vpc.main"
          ]
        }
      ]
    },
    {
      "module": "module.vpc",
      "mode": "managed",
      "type": "aws_internet_gateway",
      "name": "main",
      "provider": "provider[\"registry.terraform.io/hashicorp/aws\"]",
      "instances": [
        {
          "schema_version": 0,
          "attributes": {
            "arn": "arn:aws:ec2:ap-southeast-1:396239172241:internet-gateway/igw-0de98fce5ca13ea1c",
            "id": "igw-0de98fce5ca13ea1c",
            "owner_id": "396239172241",
            "tags": {
              "Environment": "prod",
              "ManagedBy": "Terraform",
              "Name": "rag-chatbot-prod-igw",
              "Project": "rag-chatbot"
            },
            "tags_all": {
              "Environment": "prod",
              "ManagedBy": "Terraform",
              "Name": "rag-chatbot-prod-igw",
              "Project": "rag-chatbot",
              "Security": "High"
            },
            "timeouts": null,
            "vpc_id": "vpc-01bfe9df5e8bca4fc"
          },
          "sensitive_attributes": [],
          "identity_schema_version": 0,
          "private": "eyJlMmJmYjczMC1lY2FhLTExZTYtOGY4OC0zNDM2M2JjN2M0YzAiOnsiY3JlYXRlIjoxMjAwMDAwMDAwMDAwLCJkZWxldGUiOjEyMDAwMDAwMDAwMDAsInVwZGF0ZSI6MTIwMDAwMDAwMDAwMH19",
          "dependencies": [
            "module.vpc.aws_vpc.main"
          ]
        }
      ]
    },
    {
      "module": "module.vpc",
      "mode": "managed",
      "type": "aws_nat_gateway",
      "name": "main",
      "provider": "provider[\"registry.terraform.io/hashicorp/aws\"]",
      "instances": [
        {
          "index_key": 0,
          "schema_version": 0,
          "attributes": {
            "allocation_id": "eipalloc-00fb50018bc2fb339",
            "association_id": "eipassoc-01c3099bf920f8164",
            "connectivity_type": "public",
            "id": "nat-0b6a706cc38040e70",
            "network_interface_id": "eni-0aeab7880d2fb428a",
            "private_ip": "10.0.1.199",
            "public_ip": "18.139.253.62",
            "secondary_allocation_ids": null,
            "secondary_private_ip_address_count": 0,
            "secondary_private_ip_addresses": [],
            "subnet_id": "subnet-08bcd28bbdefd4889",
            "tags": {
              "Environment": "prod",
              "ManagedBy": "Terraform",
              "Name": "rag-chatbot-prod-nat-gateway-1",
              "Project": "rag-chatbot"
            },
            "tags_all": {
              "Environment": "prod",
              "ManagedBy": "Terraform",
              "Name": "rag-chatbot-prod-nat-gateway-1",
              "Project": "rag-chatbot",
              "Security": "High"
            },
            "timeouts": null
          },
          "sensitive_attributes": [],
          "identity_schema_version": 0,
          "private": "eyJlMmJmYjczMC1lY2FhLTExZTYtOGY4OC0zNDM2M2JjN2M0YzAiOnsiY3JlYXRlIjo2MDAwMDAwMDAwMDAsImRlbGV0ZSI6MTgwMDAwMDAwMDAwMCwidXBkYXRlIjo2MDAwMDAwMDAwMDB9fQ==",
          "dependencies": [
            "data.aws_availability_zones.available",
            "module.vpc.aws_eip.nat",
            "module.vpc.aws_internet_gateway.main",
            "module.vpc.aws_subnet.public",
            "module.vpc.aws_vpc.main"
          ]
        },
        {
          "index_key": 1,
          "schema_version": 0,
          "attributes": {
            "allocation_id": "eipalloc-0829764985bd9dd98",
            "association_id": "eipassoc-062fba7f1e34b4c87",
            "connectivity_type": "public",
            "id": "nat-039aad09debcbaade",
            "network_interface_id": "eni-07c62d9e3770413dd",
            "private_ip": "10.0.2.201",
            "public_ip": "47.130.180.31",
            "secondary_allocation_ids": null,
            "secondary_private_ip_address_count": 0,
            "secondary_private_ip_addresses": [],
            "subnet_id": "subnet-079b629ef0d36fd71",
            "tags": {
              "Environment": "prod",
              "ManagedBy": "Terraform",
              "Name": "rag-chatbot-prod-nat-gateway-2",
              "Project": "rag-chatbot"
            },
            "tags_all": {
              "Environment": "prod",
              "ManagedBy": "Terraform",
              "Name": "rag-chatbot-prod-nat-gateway-2",
              "Project": "rag-chatbot",
              "Security": "High"
            },
            "timeouts": null
          },
          "sensitive_attributes": [],
          "identity_schema_version": 0,
          "private": "eyJlMmJmYjczMC1lY2FhLTExZTYtOGY4OC0zNDM2M2JjN2M0YzAiOnsiY3JlYXRlIjo2MDAwMDAwMDAwMDAsImRlbGV0ZSI6MTgwMDAwMDAwMDAwMCwidXBkYXRlIjo2MDAwMDAwMDAwMDB9fQ==",
          "dependencies": [
            "data.aws_availability_zones.available",
            "module.vpc.aws_eip.nat",
            "module.vpc.aws_internet_gateway.main",
            "module.vpc.aws_subnet.public",
            "module.vpc.aws_vpc.main"
          ]
        }
      ]
    },
    {
      "module": "module.vpc",
      "mode": "managed",
      "type": "aws_route_table",
      "name": "database",
      "provider": "provider[\"registry.terraform.io/hashicorp/aws\"]",
      "instances": [
        {
          "schema_version": 0,
          "attributes": {
            "arn": "arn:aws:ec2:ap-southeast-1:396239172241:route-table/rtb-07f3148a1a4fe2641",
            "id": "rtb-07f3148a1a4fe2641",
            "owner_id": "396239172241",
            "propagating_vgws": [],
            "route": [],
            "tags": {
              "Environment": "prod",
              "ManagedBy": "Terraform",
              "Name": "rag-chatbot-prod-database-rt",
              "Project": "rag-chatbot"
            },
            "tags_all": {
              "Environment": "prod",
              "ManagedBy": "Terraform",
              "Name": "rag-chatbot-prod-database-rt",
              "Project": "rag-chatbot",
              "Security": "High"
            },
            "timeouts": null,
            "vpc_id": "vpc-01bfe9df5e8bca4fc"
          },
          "sensitive_attributes": [],
          "identity_schema_version": 0,
          "private": "eyJlMmJmYjczMC1lY2FhLTExZTYtOGY4OC0zNDM2M2JjN2M0YzAiOnsiY3JlYXRlIjozMDAwMDAwMDAwMDAsImRlbGV0ZSI6MzAwMDAwMDAwMDAwLCJ1cGRhdGUiOjEyMDAwMDAwMDAwMH19",
          "dependencies": [
            "module.vpc.aws_vpc.main"
          ]
        }
      ]
    },
    {
      "module": "module.vpc",
      "mode": "managed",
      "type": "aws_route_table",
      "name": "private",
      "provider": "provider[\"registry.terraform.io/hashicorp/aws\"]",
      "instances": [
        {
          "index_key": 0,
          "schema_version": 0,
          "attributes": {
            "arn": "arn:aws:ec2:ap-southeast-1:396239172241:route-table/rtb-03b1025550ddec923",
            "id": "rtb-03b1025550ddec923",
            "owner_id": "396239172241",
            "propagating_vgws": [],
            "route": [
              {
                "carrier_gateway_id": "",
                "cidr_block": "0.0.0.0/0",
                "core_network_arn": "",
                "destination_prefix_list_id": "",
                "egress_only_gateway_id": "",
                "gateway_id": "",
                "ipv6_cidr_block": "",
                "local_gateway_id": "",
                "nat_gateway_id": "nat-0b6a706cc38040e70",
                "network_interface_id": "",
                "transit_gateway_id": "",
                "vpc_endpoint_id": "",
                "vpc_peering_connection_id": ""
              }
            ],
            "tags": {
              "Environment": "prod",
              "ManagedBy": "Terraform",
              "Name": "rag-chatbot-prod-private-rt-1",
              "Project": "rag-chatbot"
            },
            "tags_all": {
              "Environment": "prod",
              "ManagedBy": "Terraform",
              "Name": "rag-chatbot-prod-private-rt-1",
              "Project": "rag-chatbot",
              "Security": "High"
            },
            "timeouts": null,
            "vpc_id": "vpc-01bfe9df5e8bca4fc"
          },
          "sensitive_attributes": [],
          "identity_schema_version": 0,
          "private": "eyJlMmJmYjczMC1lY2FhLTExZTYtOGY4OC0zNDM2M2JjN2M0YzAiOnsiY3JlYXRlIjozMDAwMDAwMDAwMDAsImRlbGV0ZSI6MzAwMDAwMDAwMDAwLCJ1cGRhdGUiOjEyMDAwMDAwMDAwMH19",
          "dependencies": [
            "data.aws_availability_zones.available",
            "module.vpc.aws_eip.nat",
            "module.vpc.aws_internet_gateway.main",
            "module.vpc.aws_nat_gateway.main",
            "module.vpc.aws_subnet.public",
            "module.vpc.aws_vpc.main"
          ]
        },
        {
          "index_key": 1,
          "schema_version": 0,
          "attributes": {
            "arn": "arn:aws:ec2:ap-southeast-1:396239172241:route-table/rtb-08aeb5f16180ed554",
            "id": "rtb-08aeb5f16180ed554",
            "owner_id": "396239172241",
            "propagating_vgws": [],
            "route": [
              {
                "carrier_gateway_id": "",
                "cidr_block": "0.0.0.0/0",
                "core_network_arn": "",
                "destination_prefix_list_id": "",
                "egress_only_gateway_id": "",
                "gateway_id": "",
                "ipv6_cidr_block": "",
                "local_gateway_id": "",
                "nat_gateway_id": "nat-039aad09debcbaade",
                "network_interface_id": "",
                "transit_gateway_id": "",
                "vpc_endpoint_id": "",
                "vpc_peering_connection_id": ""
              }
            ],
            "tags": {
              "Environment": "prod",
              "ManagedBy": "Terraform",
              "Name": "rag-chatbot-prod-private-rt-2",
              "Project": "rag-chatbot"
            },
            "tags_all": {
              "Environment": "prod",
              "ManagedBy": "Terraform",
              "Name": "rag-chatbot-prod-private-rt-2",
              "Project": "rag-chatbot",
              "Security": "High"
            },
            "timeouts": null,
            "vpc_id": "vpc-01bfe9df5e8bca4fc"
          },
          "sensitive_attributes": [],
          "identity_schema_version": 0,
          "private": "eyJlMmJmYjczMC1lY2FhLTExZTYtOGY4OC0zNDM2M2JjN2M0YzAiOnsiY3JlYXRlIjozMDAwMDAwMDAwMDAsImRlbGV0ZSI6MzAwMDAwMDAwMDAwLCJ1cGRhdGUiOjEyMDAwMDAwMDAwMH19",
          "dependencies": [
            "data.aws_availability_zones.available",
            "module.vpc.aws_eip.nat",
            "module.vpc.aws_internet_gateway.main",
            "module.vpc.aws_nat_gateway.main",
            "module.vpc.aws_subnet.public",
            "module.vpc.aws_vpc.main"
          ]
        }
      ]
    },
    {
      "module": "module.vpc",
      "mode": "managed",
      "type": "aws_route_table",
      "name": "public",
      "provider": "provider[\"registry.terraform.io/hashicorp/aws\"]",
      "instances": [
        {
          "schema_version": 0,
          "attributes": {
            "arn": "arn:aws:ec2:ap-southeast-1:396239172241:route-table/rtb-0f9fcd19529ab8566",
            "id": "rtb-0f9fcd19529ab8566",
            "owner_id": "396239172241",
            "propagating_vgws": [],
            "route": [
              {
                "carrier_gateway_id": "",
                "cidr_block": "0.0.0.0/0",
                "core_network_arn": "",
                "destination_prefix_list_id": "",
                "egress_only_gateway_id": "",
                "gateway_id": "igw-0de98fce5ca13ea1c",
                "ipv6_cidr_block": "",
                "local_gateway_id": "",
                "nat_gateway_id": "",
                "network_interface_id": "",
                "transit_gateway_id": "",
                "vpc_endpoint_id": "",
                "vpc_peering_connection_id": ""
              }
            ],
            "tags": {
              "Environment": "prod",
              "ManagedBy": "Terraform",
              "Name": "rag-chatbot-prod-public-rt",
              "Project": "rag-chatbot"
            },
            "tags_all": {
              "Environment": "prod",
              "ManagedBy": "Terraform",
              "Name": "rag-chatbot-prod-public-rt",
              "Project": "rag-chatbot",
              "Security": "High"
            },
            "timeouts": null,
            "vpc_id": "vpc-01bfe9df5e8bca4fc"
          },
          "sensitive_attributes": [],
          "identity_schema_version": 0,
          "private": "eyJlMmJmYjczMC1lY2FhLTExZTYtOGY4OC0zNDM2M2JjN2M0YzAiOnsiY3JlYXRlIjozMDAwMDAwMDAwMDAsImRlbGV0ZSI6MzAwMDAwMDAwMDAwLCJ1cGRhdGUiOjEyMDAwMDAwMDAwMH19",
          "dependencies": [
            "module.vpc.aws_internet_gateway.main",
            "module.vpc.aws_vpc.main"
          ]
        }
      ]
    },
    {
      "module": "module.vpc",
      "mode": "managed",
      "type": "aws_route_table_association",
      "name": "database",
      "provider": "provider[\"registry.terraform.io/hashicorp/aws\"]",
      "instances": [
        {
          "index_key": 0,
          "schema_version": 0,
          "attributes": {
            "gateway_id": "",
            "id": "rtbassoc-0d2b72acab93f83db",
            "route_table_id": "rtb-07f3148a1a4fe2641",
            "subnet_id": "subnet-0affbb8224ded3df9",
            "timeouts": null
          },
          "sensitive_attributes": [],
          "identity_schema_version": 0,
          "private": "eyJlMmJmYjczMC1lY2FhLTExZTYtOGY4OC0zNDM2M2JjN2M0YzAiOnsiY3JlYXRlIjozMDAwMDAwMDAwMDAsImRlbGV0ZSI6MzAwMDAwMDAwMDAwLCJ1cGRhdGUiOjEyMDAwMDAwMDAwMH19",
          "dependencies": [
            "data.aws_availability_zones.available",
            "module.vpc.aws_route_table.database",
            "module.vpc.aws_subnet.database",
            "module.vpc.aws_vpc.main"
          ]
        },
        {
          "index_key": 1,
          "schema_version": 0,
          "attributes": {
            "gateway_id": "",
            "id": "rtbassoc-04ba145e54bea21ee",
            "route_table_id": "rtb-07f3148a1a4fe2641",
            "subnet_id": "subnet-0fe14fce4f709ce69",
            "timeouts": null
          },
          "sensitive_attributes": [],
          "identity_schema_version": 0,
          "private": "eyJlMmJmYjczMC1lY2FhLTExZTYtOGY4OC0zNDM2M2JjN2M0YzAiOnsiY3JlYXRlIjozMDAwMDAwMDAwMDAsImRlbGV0ZSI6MzAwMDAwMDAwMDAwLCJ1cGRhdGUiOjEyMDAwMDAwMDAwMH19",
          "dependencies": [
            "data.aws_availability_zones.available",
            "module.vpc.aws_route_table.database",
            "module.vpc.aws_subnet.database",
            "module.vpc.aws_vpc.main"
          ]
        }
      ]
    },
    {
      "module": "module.vpc",
      "mode": "managed",
      "type": "aws_route_table_association",
      "name": "private",
      "provider": "provider[\"registry.terraform.io/hashicorp/aws\"]",
      "instances": [
        {
          "index_key": 0,
          "schema_version": 0,
          "attributes": {
            "gateway_id": "",
            "id": "rtbassoc-03db0a4fa23e627b1",
            "route_table_id": "rtb-03b1025550ddec923",
            "subnet_id": "subnet-0572aff16d9d0ccd4",
            "timeouts": null
          },
          "sensitive_attributes": [],
          "identity_schema_version": 0,
          "private": "eyJlMmJmYjczMC1lY2FhLTExZTYtOGY4OC0zNDM2M2JjN2M0YzAiOnsiY3JlYXRlIjozMDAwMDAwMDAwMDAsImRlbGV0ZSI6MzAwMDAwMDAwMDAwLCJ1cGRhdGUiOjEyMDAwMDAwMDAwMH19",
          "dependencies": [
            "data.aws_availability_zones.available",
            "module.vpc.aws_eip.nat",
            "module.vpc.aws_internet_gateway.main",
            "module.vpc.aws_nat_gateway.main",
            "module.vpc.aws_route_table.private",
            "module.vpc.aws_subnet.private",
            "module.vpc.aws_subnet.public",
            "module.vpc.aws_vpc.main"
          ]
        },
        {
          "index_key": 1,
          "schema_version": 0,
          "attributes": {
            "gateway_id": "",
            "id": "rtbassoc-08277e19281df7f23",
            "route_table_id": "rtb-08aeb5f16180ed554",
            "subnet_id": "subnet-09b288e005c04d52c",
            "timeouts": null
          },
          "sensitive_attributes": [],
          "identity_schema_version": 0,
          "private": "eyJlMmJmYjczMC1lY2FhLTExZTYtOGY4OC0zNDM2M2JjN2M0YzAiOnsiY3JlYXRlIjozMDAwMDAwMDAwMDAsImRlbGV0ZSI6MzAwMDAwMDAwMDAwLCJ1cGRhdGUiOjEyMDAwMDAwMDAwMH19",
          "dependencies": [
            "data.aws_availability_zones.available",
            "module.vpc.aws_eip.nat",
            "module.vpc.aws_internet_gateway.main",
            "module.vpc.aws_nat_gateway.main",
            "module.vpc.aws_route_table.private",
            "module.vpc.aws_subnet.private",
            "module.vpc.aws_subnet.public",
            "module.vpc.aws_vpc.main"
          ]
        }
      ]
    },
    {
      "module": "module.vpc",
      "mode": "managed",
      "type": "aws_route_table_association",
      "name": "public",
      "provider": "provider[\"registry.terraform.io/hashicorp/aws\"]",
      "instances": [
        {
          "index_key": 0,
          "schema_version": 0,
          "attributes": {
            "gateway_id": "",
            "id": "rtbassoc-0fac57a2686ee2216",
            "route_table_id": "rtb-0f9fcd19529ab8566",
            "subnet_id": "subnet-08bcd28bbdefd4889",
            "timeouts": null
          },
          "sensitive_attributes": [],
          "identity_schema_version": 0,
          "private": "eyJlMmJmYjczMC1lY2FhLTExZTYtOGY4OC0zNDM2M2JjN2M0YzAiOnsiY3JlYXRlIjozMDAwMDAwMDAwMDAsImRlbGV0ZSI6MzAwMDAwMDAwMDAwLCJ1cGRhdGUiOjEyMDAwMDAwMDAwMH19",
          "dependencies": [
            "data.aws_availability_zones.available",
            "module.vpc.aws_internet_gateway.main",
            "module.vpc.aws_route_table.public",
            "module.vpc.aws_subnet.public",
            "module.vpc.aws_vpc.main"
          ]
        },
        {
          "index_key": 1,
          "schema_version": 0,
          "attributes": {
            "gateway_id": "",
            "id": "rtbassoc-0174c591037e5c8ba",
            "route_table_id": "rtb-0f9fcd19529ab8566",
            "subnet_id": "subnet-079b629ef0d36fd71",
            "timeouts": null
          },
          "sensitive_attributes": [],
          "identity_schema_version": 0,
          "private": "eyJlMmJmYjczMC1lY2FhLTExZTYtOGY4OC0zNDM2M2JjN2M0YzAiOnsiY3JlYXRlIjozMDAwMDAwMDAwMDAsImRlbGV0ZSI6MzAwMDAwMDAwMDAwLCJ1cGRhdGUiOjEyMDAwMDAwMDAwMH19",
          "dependencies": [
            "data.aws_availability_zones.available",
            "module.vpc.aws_internet_gateway.main",
            "module.vpc.aws_route_table.public",
            "module.vpc.aws_subnet.public",
            "module.vpc.aws_vpc.main"
          ]
        }
      ]
    },
    {
      "module": "module.vpc",
      "mode": "managed",
      "type": "aws_subnet",
      "name": "database",
      "provider": "provider[\"registry.terraform.io/hashicorp/aws\"]",
      "instances": [
        {
          "index_key": 0,
          "schema_version": 1,
          "attributes": {
            "arn": "arn:aws:ec2:ap-southeast-1:396239172241:subnet/subnet-0affbb8224ded3df9",
            "assign_ipv6_address_on_creation": false,
            "availability_zone": "ap-southeast-1a",
            "availability_zone_id": "apse1-az2",
            "cidr_block": "10.0.30.0/24",
            "customer_owned_ipv4_pool": "",
            "enable_dns64": false,
            "enable_lni_at_device_index": 0,
            "enable_resource_name_dns_a_record_on_launch": false,
            "enable_resource_name_dns_aaaa_record_on_launch": false,
            "id": "subnet-0affbb8224ded3df9",
            "ipv6_cidr_block": "",
            "ipv6_cidr_block_association_id": "",
            "ipv6_native": false,
            "map_customer_owned_ip_on_launch": false,
            "map_public_ip_on_launch": false,
            "outpost_arn": "",
            "owner_id": "396239172241",
            "private_dns_hostname_type_on_launch": "ip-name",
            "tags": {
              "Environment": "prod",
              "ManagedBy": "Terraform",
              "Name": "rag-chatbot-prod-database-subnet-1",
              "Project": "rag-chatbot",
              "Type": "Database"
            },
            "tags_all": {
              "Environment": "prod",
              "ManagedBy": "Terraform",
              "Name": "rag-chatbot-prod-database-subnet-1",
              "Project": "rag-chatbot",
              "Security": "High",
              "Type": "Database"
            },
            "timeouts": null,
            "vpc_id": "vpc-01bfe9df5e8bca4fc"
          },
          "sensitive_attributes": [],
          "identity_schema_version": 0,
          "private": "eyJlMmJmYjczMC1lY2FhLTExZTYtOGY4OC0zNDM2M2JjN2M0YzAiOnsiY3JlYXRlIjo2MDAwMDAwMDAwMDAsImRlbGV0ZSI6MTIwMDAwMDAwMDAwMH0sInNjaGVtYV92ZXJzaW9uIjoiMSJ9",
          "dependencies": [
            "data.aws_availability_zones.available",
            "module.vpc.aws_vpc.main"
          ]
        },
        {
          "index_key": 1,
          "schema_version": 1,
          "attributes": {
            "arn": "arn:aws:ec2:ap-southeast-1:396239172241:subnet/subnet-0fe14fce4f709ce69",
            "assign_ipv6_address_on_creation": false,
            "availability_zone": "ap-southeast-1b",
            "availability_zone_id": "apse1-az1",
            "cidr_block": "10.0.40.0/24",
            "customer_owned_ipv4_pool": "",
            "enable_dns64": false,
            "enable_lni_at_device_index": 0,
            "enable_resource_name_dns_a_record_on_launch": false,
            "enable_resource_name_dns_aaaa_record_on_launch": false,
            "id": "subnet-0fe14fce4f709ce69",
            "ipv6_cidr_block": "",
            "ipv6_cidr_block_association_id": "",
            "ipv6_native": false,
            "map_customer_owned_ip_on_launch": false,
            "map_public_ip_on_launch": false,
            "outpost_arn": "",
            "owner_id": "396239172241",
            "private_dns_hostname_type_on_launch": "ip-name",
            "tags": {
              "Environment": "prod",
              "ManagedBy": "Terraform",
              "Name": "rag-chatbot-prod-database-subnet-2",
              "Project": "rag-chatbot",
              "Type": "Database"
            },
            "tags_all": {
              "Environment": "prod",
              "ManagedBy": "Terraform",
              "Name": "rag-chatbot-prod-database-subnet-2",
              "Project": "rag-chatbot",
              "Security": "High",
              "Type": "Database"
            },
            "timeouts": null,
            "vpc_id": "vpc-01bfe9df5e8bca4fc"
          },
          "sensitive_attributes": [],
          "identity_schema_version": 0,
          "private": "eyJlMmJmYjczMC1lY2FhLTExZTYtOGY4OC0zNDM2M2JjN2M0YzAiOnsiY3JlYXRlIjo2MDAwMDAwMDAwMDAsImRlbGV0ZSI6MTIwMDAwMDAwMDAwMH0sInNjaGVtYV92ZXJzaW9uIjoiMSJ9",
          "dependencies": [
            "data.aws_availability_zones.available",
            "module.vpc.aws_vpc.main"
          ]
        }
      ]
    },
    {
      "module": "module.vpc",
      "mode": "managed",
      "type": "aws_subnet",
      "name": "private",
      "provider": "provider[\"registry.terraform.io/hashicorp/aws\"]",
      "instances": [
        {
          "index_key": 0,
          "schema_version": 1,
          "attributes": {
            "arn": "arn:aws:ec2:ap-southeast-1:396239172241:subnet/subnet-0572aff16d9d0ccd4",
            "assign_ipv6_address_on_creation": false,
            "availability_zone": "ap-southeast-1a",
            "availability_zone_id": "apse1-az2",
            "cidr_block": "10.0.10.0/24",
            "customer_owned_ipv4_pool": "",
            "enable_dns64": false,
            "enable_lni_at_device_index": 0,
            "enable_resource_name_dns_a_record_on_launch": false,
            "enable_resource_name_dns_aaaa_record_on_launch": false,
            "id": "subnet-0572aff16d9d0ccd4",
            "ipv6_cidr_block": "",
            "ipv6_cidr_block_association_id": "",
            "ipv6_native": false,
            "map_customer_owned_ip_on_launch": false,
            "map_public_ip_on_launch": false,
            "outpost_arn": "",
            "owner_id": "396239172241",
            "private_dns_hostname_type_on_launch": "ip-name",
            "tags": {
              "Environment": "prod",
              "ManagedBy": "Terraform",
              "Name": "rag-chatbot-prod-private-subnet-1",
              "Project": "rag-chatbot",
              "Type": "Private"
            },
            "tags_all": {
              "Environment": "prod",
              "ManagedBy": "Terraform",
              "Name": "rag-chatbot-prod-private-subnet-1",
              "Project": "rag-chatbot",
              "Security": "High",
              "Type": "Private"
            },
            "timeouts": null,
            "vpc_id": "vpc-01bfe9df5e8bca4fc"
          },
          "sensitive_attributes": [],
          "identity_schema_version": 0,
          "private": "eyJlMmJmYjczMC1lY2FhLTExZTYtOGY4OC0zNDM2M2JjN2M0YzAiOnsiY3JlYXRlIjo2MDAwMDAwMDAwMDAsImRlbGV0ZSI6MTIwMDAwMDAwMDAwMH0sInNjaGVtYV92ZXJzaW9uIjoiMSJ9",
          "dependencies": [
            "data.aws_availability_zones.available",
            "module.vpc.aws_vpc.main"
          ],
          "create_before_destroy": true
        },
        {
          "index_key": 1,
          "schema_version": 1,
          "attributes": {
            "arn": "arn:aws:ec2:ap-southeast-1:396239172241:subnet/subnet-09b288e005c04d52c",
            "assign_ipv6_address_on_creation": false,
            "availability_zone": "ap-southeast-1b",
            "availability_zone_id": "apse1-az1",
            "cidr_block": "10.0.20.0/24",
            "customer_owned_ipv4_pool": "",
            "enable_dns64": false,
            "enable_lni_at_device_index": 0,
            "enable_resource_name_dns_a_record_on_launch": false,
            "enable_resource_name_dns_aaaa_record_on_launch": false,
            "id": "subnet-09b288e005c04d52c",
            "ipv6_cidr_block": "",
            "ipv6_cidr_block_association_id": "",
            "ipv6_native": false,
            "map_customer_owned_ip_on_launch": false,
            "map_public_ip_on_launch": false,
            "outpost_arn": "",
            "owner_id": "396239172241",
            "private_dns_hostname_type_on_launch": "ip-name",
            "tags": {
              "Environment": "prod",
              "ManagedBy": "Terraform",
              "Name": "rag-chatbot-prod-private-subnet-2",
              "Project": "rag-chatbot",
              "Type": "Private"
            },
            "tags_all": {
              "Environment": "prod",
              "ManagedBy": "Terraform",
              "Name": "rag-chatbot-prod-private-subnet-2",
              "Project": "rag-chatbot",
              "Security": "High",
              "Type": "Private"
            },
            "timeouts": null,
            "vpc_id": "vpc-01bfe9df5e8bca4fc"
          },
          "sensitive_attributes": [],
          "identity_schema_version": 0,
          "private": "eyJlMmJmYjczMC1lY2FhLTExZTYtOGY4OC0zNDM2M2JjN2M0YzAiOnsiY3JlYXRlIjo2MDAwMDAwMDAwMDAsImRlbGV0ZSI6MTIwMDAwMDAwMDAwMH0sInNjaGVtYV92ZXJzaW9uIjoiMSJ9",
          "dependencies": [
            "data.aws_availability_zones.available",
            "module.vpc.aws_vpc.main"
          ],
          "create_before_destroy": true
        }
      ]
    },
    {
      "module": "module.vpc",
      "mode": "managed",
      "type": "aws_subnet",
      "name": "public",
      "provider": "provider[\"registry.terraform.io/hashicorp/aws\"]",
      "instances": [
        {
          "index_key": 0,
          "schema_version": 1,
          "attributes": {
            "arn": "arn:aws:ec2:ap-southeast-1:396239172241:subnet/subnet-08bcd28bbdefd4889",
            "assign_ipv6_address_on_creation": false,
            "availability_zone": "ap-southeast-1a",
            "availability_zone_id": "apse1-az2",
            "cidr_block": "10.0.1.0/24",
            "customer_owned_ipv4_pool": "",
            "enable_dns64": false,
            "enable_lni_at_device_index": 0,
            "enable_resource_name_dns_a_record_on_launch": false,
            "enable_resource_name_dns_aaaa_record_on_launch": false,
            "id": "subnet-08bcd28bbdefd4889",
            "ipv6_cidr_block": "",
            "ipv6_cidr_block_association_id": "",
            "ipv6_native": false,
            "map_customer_owned_ip_on_launch": false,
            "map_public_ip_on_launch": true,
            "outpost_arn": "",
            "owner_id": "396239172241",
            "private_dns_hostname_type_on_launch": "ip-name",
            "tags": {
              "Environment": "prod",
              "ManagedBy": "Terraform",
              "Name": "rag-chatbot-prod-public-subnet-1",
              "Project": "rag-chatbot",
              "Type": "Public"
            },
            "tags_all": {
              "Environment": "prod",
              "ManagedBy": "Terraform",
              "Name": "rag-chatbot-prod-public-subnet-1",
              "Project": "rag-chatbot",
              "Security": "High",
              "Type": "Public"
            },
            "timeouts": null,
            "vpc_id": "vpc-01bfe9df5e8bca4fc"
          },
          "sensitive_attributes": [],
          "identity_schema_version": 0,
          "private": "eyJlMmJmYjczMC1lY2FhLTExZTYtOGY4OC0zNDM2M2JjN2M0YzAiOnsiY3JlYXRlIjo2MDAwMDAwMDAwMDAsImRlbGV0ZSI6MTIwMDAwMDAwMDAwMH0sInNjaGVtYV92ZXJzaW9uIjoiMSJ9",
          "dependencies": [
            "data.aws_availability_zones.available",
            "module.vpc.aws_vpc.main"
          ]
        },
        {
          "index_key": 1,
          "schema_version": 1,
          "attributes": {
            "arn": "arn:aws:ec2:ap-southeast-1:396239172241:subnet/subnet-079b629ef0d36fd71",
            "assign_ipv6_address_on_creation": false,
            "availability_zone": "ap-southeast-1b",
            "availability_zone_id": "apse1-az1",
            "cidr_block": "10.0.2.0/24",
            "customer_owned_ipv4_pool": "",
            "enable_dns64": false,
            "enable_lni_at_device_index": 0,
            "enable_resource_name_dns_a_record_on_launch": false,
            "enable_resource_name_dns_aaaa_record_on_launch": false,
            "id": "subnet-079b629ef0d36fd71",
            "ipv6_cidr_block": "",
            "ipv6_cidr_block_association_id": "",
            "ipv6_native": false,
            "map_customer_owned_ip_on_launch": false,
            "map_public_ip_on_launch": true,
            "outpost_arn": "",
            "owner_id": "396239172241",
            "private_dns_hostname_type_on_launch": "ip-name",
            "tags": {
              "Environment": "prod",
              "ManagedBy": "Terraform",
              "Name": "rag-chatbot-prod-public-subnet-2",
              "Project": "rag-chatbot",
              "Type": "Public"
            },
            "tags_all": {
              "Environment": "prod",
              "ManagedBy": "Terraform",
              "Name": "rag-chatbot-prod-public-subnet-2",
              "Project": "rag-chatbot",
              "Security": "High",
              "Type": "Public"
            },
            "timeouts": null,
            "vpc_id": "vpc-01bfe9df5e8bca4fc"
          },
          "sensitive_attributes": [],
          "identity_schema_version": 0,
          "private": "eyJlMmJmYjczMC1lY2FhLTExZTYtOGY4OC0zNDM2M2JjN2M0YzAiOnsiY3JlYXRlIjo2MDAwMDAwMDAwMDAsImRlbGV0ZSI6MTIwMDAwMDAwMDAwMH0sInNjaGVtYV92ZXJzaW9uIjoiMSJ9",
          "dependencies": [
            "data.aws_availability_zones.available",
            "module.vpc.aws_vpc.main"
          ]
        }
      ]
    },
    {
      "module": "module.vpc",
      "mode": "managed",
      "type": "aws_vpc",
      "name": "main",
      "provider": "provider[\"registry.terraform.io/hashicorp/aws\"]",
      "instances": [
        {
          "schema_version": 1,
          "attributes": {
            "arn": "arn:aws:ec2:ap-southeast-1:396239172241:vpc/vpc-01bfe9df5e8bca4fc",
            "assign_generated_ipv6_cidr_block": false,
            "cidr_block": "10.0.0.0/16",
            "default_network_acl_id": "acl-0dcf2caaef31ef056",
            "default_route_table_id": "rtb-0a99903817147514d",
            "default_security_group_id": "sg-098e33d8b2fb8d4eb",
            "dhcp_options_id": "dopt-08d05e37eb6f25571",
            "enable_dns_hostnames": true,
            "enable_dns_support": true,
            "enable_network_address_usage_metrics": false,
            "id": "vpc-01bfe9df5e8bca4fc",
            "instance_tenancy": "default",
            "ipv4_ipam_pool_id": null,
            "ipv4_netmask_length": null,
            "ipv6_association_id": "",
            "ipv6_cidr_block": "",
            "ipv6_cidr_block_network_border_group": "",
            "ipv6_ipam_pool_id": "",
            "ipv6_netmask_length": 0,
            "main_route_table_id": "rtb-0a99903817147514d",
            "owner_id": "396239172241",
            "tags": {
              "Environment": "prod",
              "ManagedBy": "Terraform",
              "Name": "rag-chatbot-prod-vpc",
              "Project": "rag-chatbot"
            },
            "tags_all": {
              "Environment": "prod",
              "ManagedBy": "Terraform",
              "Name": "rag-chatbot-prod-vpc",
              "Project": "rag-chatbot",
              "Security": "High"
            }
          },
          "sensitive_attributes": [],
          "identity_schema_version": 0,
          "private": "eyJzY2hlbWFfdmVyc2lvbiI6IjEifQ==",
          "create_before_destroy": true
        }
      ]
    },
    {
      "module": "module.vpc",
      "mode": "managed",
      "type": "aws_vpc_endpoint",
      "name": "bedrock",
      "provider": "provider[\"registry.terraform.io/hashicorp/aws\"]",
      "instances": [
        {
          "schema_version": 0,
          "attributes": {
            "arn": "arn:aws:ec2:ap-southeast-1:396239172241:vpc-endpoint/vpce-004eef4ff02c6aabf",
            "auto_accept": null,
            "cidr_blocks": [],
            "dns_entry": [
              {
                "dns_name": "vpce-004eef4ff02c6aabf-b5w9nzac.bedrock-runtime.ap-southeast-1.vpce.amazonaws.com",
                "hosted_zone_id": "Z18LLCSTV4NVNL"
              },
              {
                "dns_name": "vpce-004eef4ff02c6aabf-b5w9nzac-ap-southeast-1a.bedrock-runtime.ap-southeast-1.vpce.amazonaws.com",
                "hosted_zone_id": "Z18LLCSTV4NVNL"
              },
              {
                "dns_name": "vpce-004eef4ff02c6aabf-b5w9nzac-ap-southeast-1b.bedrock-runtime.ap-southeast-1.vpce.amazonaws.com",
                "hosted_zone_id": "Z18LLCSTV4NVNL"
              },
              {
                "dns_name": "bedrock-runtime.ap-southeast-1.amazonaws.com",
                "hosted_zone_id": "Z009953118VSQNUUJG765"
              }
            ],
            "dns_options": [
              {
                "dns_record_ip_type": "ipv4",
                "private_dns_only_for_inbound_resolver_endpoint": false
              }
            ],
            "id": "vpce-004eef4ff02c6aabf",
            "ip_address_type": "ipv4",
            "network_interface_ids": [
              "eni-008576a5cd3fc91c3",
              "eni-066b3c33f1be63416"
            ],
            "owner_id": "396239172241",
            "policy": "{\"Statement\":[{\"Action\":\"*\",\"Effect\":\"Allow\",\"Principal\":\"*\",\"Resource\":\"*\"}]}",
            "prefix_list_id": null,
            "private_dns_enabled": true,
            "requester_managed": false,
            "resource_configuration_arn": "",
            "route_table_ids": [],
            "security_group_ids": [
              "sg-029aa48c2508d0d74"
            ],
            "service_name": "com.amazonaws.ap-southeast-1.bedrock-runtime",
            "service_network_arn": "",
            "service_region": "ap-southeast-1",
            "state": "available",
            "subnet_configuration": [
              {
                "ipv4": "10.0.10.144",
                "ipv6": "",
                "subnet_id": "subnet-0572aff16d9d0ccd4"
              },
              {
                "ipv4": "10.0.20.252",
                "ipv6": "",
                "subnet_id": "subnet-09b288e005c04d52c"
              }
            ],
            "subnet_ids": [
              "subnet-0572aff16d9d0ccd4",
              "subnet-09b288e005c04d52c"
            ],
            "tags": {
              "Environment": "prod",
              "ManagedBy": "Terraform",
              "Name": "rag-chatbot-prod-bedrock-endpoint",
              "Project": "rag-chatbot"
            },
            "tags_all": {
              "Environment": "prod",
              "ManagedBy": "Terraform",
              "Name": "rag-chatbot-prod-bedrock-endpoint",
              "Project": "rag-chatbot",
              "Security": "High"
            },
            "timeouts": null,
            "vpc_endpoint_type": "Interface",
            "vpc_id": "vpc-01bfe9df5e8bca4fc"
          },
          "sensitive_attributes": [],
          "identity_schema_version": 0,
          "private": "eyJlMmJmYjczMC1lY2FhLTExZTYtOGY4OC0zNDM2M2JjN2M0YzAiOnsiY3JlYXRlIjo2MDAwMDAwMDAwMDAsImRlbGV0ZSI6NjAwMDAwMDAwMDAwLCJ1cGRhdGUiOjYwMDAwMDAwMDAwMH19",
          "dependencies": [
            "data.aws_availability_zones.available",
            "module.security_groups.aws_security_group.alb",
            "module.security_groups.aws_security_group.ecs",
            "module.security_groups.aws_security_group.lambda",
            "module.security_groups.aws_security_group.vpc_endpoints",
            "module.vpc.aws_subnet.private",
            "module.vpc.aws_vpc.main",
            "module.vpc.data.aws_region.current"
          ]
        }
      ]
    },
    {
      "module": "module.vpc",
      "mode": "managed",
      "type": "aws_vpc_endpoint",
      "name": "dynamodb",
      "provider": "provider[\"registry.terraform.io/hashicorp/aws\"]",
      "instances": [
        {
          "schema_version": 0,
          "attributes": {
            "arn": "arn:aws:ec2:ap-southeast-1:396239172241:vpc-endpoint/vpce-063412e974fc9d537",
            "auto_accept": null,
            "cidr_blocks": [
              "35.71.118.0/25",
              "52.94.11.0/24",
              "35.71.118.128/26"
            ],
            "dns_entry": [],
            "dns_options": [],
            "id": "vpce-063412e974fc9d537",
            "ip_address_type": "",
            "network_interface_ids": [],
            "owner_id": "396239172241",
            "policy": "{\"Statement\":[{\"Action\":\"*\",\"Effect\":\"Allow\",\"Principal\":\"*\",\"Resource\":\"*\"}],\"Version\":\"2008-10-17\"}",
            "prefix_list_id": "pl-67a5400e",
            "private_dns_enabled": false,
            "requester_managed": false,
            "resource_configuration_arn": "",
            "route_table_ids": [
              "rtb-03b1025550ddec923",
              "rtb-07f3148a1a4fe2641",
              "rtb-08aeb5f16180ed554",
              "rtb-0f9fcd19529ab8566"
            ],
            "security_group_ids": [],
            "service_name": "com.amazonaws.ap-southeast-1.dynamodb",
            "service_network_arn": "",
            "service_region": "ap-southeast-1",
            "state": "available",
            "subnet_configuration": [],
            "subnet_ids": [],
            "tags": {
              "Environment": "prod",
              "ManagedBy": "Terraform",
              "Name": "rag-chatbot-prod-dynamodb-endpoint",
              "Project": "rag-chatbot"
            },
            "tags_all": {
              "Environment": "prod",
              "ManagedBy": "Terraform",
              "Name": "rag-chatbot-prod-dynamodb-endpoint",
              "Project": "rag-chatbot",
              "Security": "High"
            },
            "timeouts": null,
            "vpc_endpoint_type": "Gateway",
            "vpc_id": "vpc-01bfe9df5e8bca4fc"
          },
          "sensitive_attributes": [],
          "identity_schema_version": 0,
          "private": "eyJlMmJmYjczMC1lY2FhLTExZTYtOGY4OC0zNDM2M2JjN2M0YzAiOnsiY3JlYXRlIjo2MDAwMDAwMDAwMDAsImRlbGV0ZSI6NjAwMDAwMDAwMDAwLCJ1cGRhdGUiOjYwMDAwMDAwMDAwMH19",
          "dependencies": [
            "data.aws_availability_zones.available",
            "module.vpc.aws_eip.nat",
            "module.vpc.aws_internet_gateway.main",
            "module.vpc.aws_nat_gateway.main",
            "module.vpc.aws_route_table.database",
            "module.vpc.aws_route_table.private",
            "module.vpc.aws_route_table.public",
            "module.vpc.aws_subnet.public",
            "module.vpc.aws_vpc.main",
            "module.vpc.data.aws_region.current"
          ]
        }
      ]
    },
    {
      "module": "module.vpc",
      "mode": "managed",
      "type": "aws_vpc_endpoint",
      "name": "lambda",
      "provider": "provider[\"registry.terraform.io/hashicorp/aws\"]",
      "instances": [
        {
          "schema_version": 0,
          "attributes": {
            "arn": "arn:aws:ec2:ap-southeast-1:396239172241:vpc-endpoint/vpce-0573a8b0e6a713cb3",
            "auto_accept": null,
            "cidr_blocks": [],
            "dns_entry": [
              {
                "dns_name": "vpce-0573a8b0e6a713cb3-hxwgdyhq.lambda.ap-southeast-1.vpce.amazonaws.com",
                "hosted_zone_id": "Z18LLCSTV4NVNL"
              },
              {
                "dns_name": "vpce-0573a8b0e6a713cb3-hxwgdyhq-ap-southeast-1a.lambda.ap-southeast-1.vpce.amazonaws.com",
                "hosted_zone_id": "Z18LLCSTV4NVNL"
              },
              {
                "dns_name": "vpce-0573a8b0e6a713cb3-hxwgdyhq-ap-southeast-1b.lambda.ap-southeast-1.vpce.amazonaws.com",
                "hosted_zone_id": "Z18LLCSTV4NVNL"
              },
              {
                "dns_name": "lambda.ap-southeast-1.amazonaws.com",
                "hosted_zone_id": "Z009952913GZR4ESMNXVF"
              },
              {
                "dns_name": "lambda.ap-southeast-1.api.aws",
                "hosted_zone_id": "Z00260713DZ9YGTHKPEEC"
              }
            ],
            "dns_options": [
              {
                "dns_record_ip_type": "ipv4",
                "private_dns_only_for_inbound_resolver_endpoint": false
              }
            ],
            "id": "vpce-0573a8b0e6a713cb3",
            "ip_address_type": "ipv4",
            "network_interface_ids": [
              "eni-0527f07d91000e683",
              "eni-093f57d48f797474d"
            ],
            "owner_id": "396239172241",
            "policy": "{\"Statement\":[{\"Action\":\"*\",\"Effect\":\"Allow\",\"Principal\":\"*\",\"Resource\":\"*\"}]}",
            "prefix_list_id": null,
            "private_dns_enabled": true,
            "requester_managed": false,
            "resource_configuration_arn": "",
            "route_table_ids": [],
            "security_group_ids": [
              "sg-029aa48c2508d0d74"
            ],
            "service_name": "com.amazonaws.ap-southeast-1.lambda",
            "service_network_arn": "",
            "service_region": "ap-southeast-1",
            "state": "available",
            "subnet_configuration": [
              {
                "ipv4": "10.0.10.236",
                "ipv6": "",
                "subnet_id": "subnet-0572aff16d9d0ccd4"
              },
              {
                "ipv4": "10.0.20.227",
                "ipv6": "",
                "subnet_id": "subnet-09b288e005c04d52c"
              }
            ],
            "subnet_ids": [
              "subnet-0572aff16d9d0ccd4",
              "subnet-09b288e005c04d52c"
            ],
            "tags": {
              "Environment": "prod",
              "ManagedBy": "Terraform",
              "Name": "rag-chatbot-prod-lambda-endpoint",
              "Project": "rag-chatbot"
            },
            "tags_all": {
              "Environment": "prod",
              "ManagedBy": "Terraform",
              "Name": "rag-chatbot-prod-lambda-endpoint",
              "Project": "rag-chatbot",
              "Security": "High"
            },
            "timeouts": null,
            "vpc_endpoint_type": "Interface",
            "vpc_id": "vpc-01bfe9df5e8bca4fc"
          },
          "sensitive_attributes": [],
          "identity_schema_version": 0,
          "private": "eyJlMmJmYjczMC1lY2FhLTExZTYtOGY4OC0zNDM2M2JjN2M0YzAiOnsiY3JlYXRlIjo2MDAwMDAwMDAwMDAsImRlbGV0ZSI6NjAwMDAwMDAwMDAwLCJ1cGRhdGUiOjYwMDAwMDAwMDAwMH19",
          "dependencies": [
            "data.aws_availability_zones.available",
            "module.security_groups.aws_security_group.alb",
            "module.security_groups.aws_security_group.ecs",
            "module.security_groups.aws_security_group.lambda",
            "module.security_groups.aws_security_group.vpc_endpoints",
            "module.vpc.aws_subnet.private",
            "module.vpc.aws_vpc.main",
            "module.vpc.data.aws_region.current"
          ]
        }
      ]
    },
    {
      "module": "module.vpc",
      "mode": "managed",
      "type": "aws_vpc_endpoint",
      "name": "s3",
      "provider": "provider[\"registry.terraform.io/hashicorp/aws\"]",
      "instances": [
        {
          "schema_version": 0,
          "attributes": {
            "arn": "arn:aws:ec2:ap-southeast-1:396239172241:vpc-endpoint/vpce-046cc0a8bf2d8d57b",
            "auto_accept": null,
            "cidr_blocks": [
              "52.219.32.0/21",
              "3.5.146.0/23",
              "3.5.148.0/22",
              "52.219.40.0/22",
              "52.219.124.0/22",
              "52.219.128.0/21",
              "52.219.184.0/21",
              "16.12.48.0/21",
              "52.219.164.0/22",
              "52.219.180.0/22"
            ],
            "dns_entry": [],
            "dns_options": [],
            "id": "vpce-046cc0a8bf2d8d57b",
            "ip_address_type": "",
            "network_interface_ids": [],
            "owner_id": "396239172241",
            "policy": "{\"Statement\":[{\"Action\":\"*\",\"Effect\":\"Allow\",\"Principal\":\"*\",\"Resource\":\"*\"}],\"Version\":\"2008-10-17\"}",
            "prefix_list_id": "pl-6fa54006",
            "private_dns_enabled": false,
            "requester_managed": false,
            "resource_configuration_arn": "",
            "route_table_ids": [
              "rtb-03b1025550ddec923",
              "rtb-07f3148a1a4fe2641",
              "rtb-08aeb5f16180ed554",
              "rtb-0f9fcd19529ab8566"
            ],
            "security_group_ids": [],
            "service_name": "com.amazonaws.ap-southeast-1.s3",
            "service_network_arn": "",
            "service_region": "ap-southeast-1",
            "state": "available",
            "subnet_configuration": [],
            "subnet_ids": [],
            "tags": {
              "Environment": "prod",
              "ManagedBy": "Terraform",
              "Name": "rag-chatbot-prod-s3-endpoint",
              "Project": "rag-chatbot"
            },
            "tags_all": {
              "Environment": "prod",
              "ManagedBy": "Terraform",
              "Name": "rag-chatbot-prod-s3-endpoint",
              "Project": "rag-chatbot",
              "Security": "High"
            },
            "timeouts": null,
            "vpc_endpoint_type": "Gateway",
            "vpc_id": "vpc-01bfe9df5e8bca4fc"
          },
          "sensitive_attributes": [],
          "identity_schema_version": 0,
          "private": "eyJlMmJmYjczMC1lY2FhLTExZTYtOGY4OC0zNDM2M2JjN2M0YzAiOnsiY3JlYXRlIjo2MDAwMDAwMDAwMDAsImRlbGV0ZSI6NjAwMDAwMDAwMDAwLCJ1cGRhdGUiOjYwMDAwMDAwMDAwMH19",
          "dependencies": [
            "data.aws_availability_zones.available",
            "module.vpc.aws_eip.nat",
            "module.vpc.aws_internet_gateway.main",
            "module.vpc.aws_nat_gateway.main",
            "module.vpc.aws_route_table.database",
            "module.vpc.aws_route_table.private",
            "module.vpc.aws_route_table.public",
            "module.vpc.aws_subnet.public",
            "module.vpc.aws_vpc.main",
            "module.vpc.data.aws_region.current"
          ]
        }
      ]
    },
    {
      "module": "module.waf",
      "mode": "managed",
      "type": "aws_cloudwatch_log_group",
      "name": "waf",
      "provider": "provider[\"registry.terraform.io/hashicorp/aws\"]",
      "instances": [
        {
          "schema_version": 0,
          "attributes": {
            "arn": "arn:aws:logs:ap-southeast-1:396239172241:log-group:/aws/wafv2/rag-chatbot-prod",
            "id": "/aws/wafv2/rag-chatbot-prod",
            "kms_key_id": "",
            "log_group_class": "STANDARD",
            "name": "/aws/wafv2/rag-chatbot-prod",
            "name_prefix": "",
            "retention_in_days": 30,
            "skip_destroy": false,
            "tags": {
              "Environment": "prod",
              "ManagedBy": "Terraform",
              "Project": "rag-chatbot"
            },
            "tags_all": {
              "Environment": "prod",
              "ManagedBy": "Terraform",
              "Project": "rag-chatbot",
              "Security": "High"
            }
          },
          "sensitive_attributes": [],
          "identity_schema_version": 0,
          "private": "bnVsbA=="
        }
      ]
    },
    {
      "module": "module.waf",
      "mode": "managed",
      "type": "aws_wafv2_web_acl",
      "name": "main",
      "provider": "provider[\"registry.terraform.io/hashicorp/aws\"]",
      "instances": [
        {
          "schema_version": 0,
          "attributes": {
            "application_integration_url": "",
            "arn": "arn:aws:wafv2:ap-southeast-1:396239172241:regional/webacl/rag-chatbot-prod-waf/afd32dc6-d4df-44e7-b791-9011a402e5a1",
            "association_config": [],
            "capacity": 43,
            "captcha_config": [],
            "challenge_config": [],
            "custom_response_body": [],
            "data_protection_config": [],
            "default_action": [
              {
                "allow": [
                  {
                    "custom_request_handling": []
                  }
                ],
                "block": []
              }
            ],
            "description": "",
            "id": "afd32dc6-d4df-44e7-b791-9011a402e5a1",
            "lock_token": "a2b438a6-98ac-4e40-92af-1ad229d75050",
            "name": "rag-chatbot-prod-waf",
            "name_prefix": "",
            "rule": [
              {
                "action": [
                  {
                    "allow": [],
                    "block": [
                      {
                        "custom_response": []
                      }
                    ],
                    "captcha": [],
                    "challenge": [],
                    "count": []
                  }
                ],
                "captcha_config": [],
                "challenge_config": [],
                "name": "InputValidationRule",
                "override_action": [],
                "priority": 7,
                "rule_label": [],
                "statement": [
                  {
                    "and_statement": [],
                    "asn_match_statement": [],
                    "byte_match_statement": [],
                    "geo_match_statement": [],
                    "ip_set_reference_statement": [],
                    "label_match_statement": [],
                    "managed_rule_group_statement": [],
                    "not_statement": [],
                    "or_statement": [
                      {
                        "statement": [
                          {
                            "and_statement": [],
                            "asn_match_statement": [],
                            "byte_match_statement": [],
                            "geo_match_statement": [],
                            "ip_set_reference_statement": [],
                            "label_match_statement": [],
                            "not_statement": [],
                            "or_statement": [],
                            "regex_match_statement": [],
                            "regex_pattern_set_reference_statement": [],
                            "size_constraint_statement": [
                              {
                                "comparison_operator": "GT",
                                "field_to_match": [
                                  {
                                    "all_query_arguments": [],
                                    "body": [
                                      {
                                        "oversize_handling": "CONTINUE"
                                      }
                                    ],
                                    "cookies": [],
                                    "header_order": [],
                                    "headers": [],
                                    "ja3_fingerprint": [],
                                    "ja4_fingerprint": [],
                                    "json_body": [],
                                    "method": [],
                                    "query_string": [],
                                    "single_header": [],
                                    "single_query_argument": [],
                                    "uri_fragment": [],
                                    "uri_path": []
                                  }
                                ],
                                "size": 1000,
                                "text_transformation": [
                                  {
                                    "priority": 0,
                                    "type": "NONE"
                                  }
                                ]
                              }
                            ],
                            "sqli_match_statement": [],
                            "xss_match_statement": []
                          },
                          {
                            "and_statement": [],
                            "asn_match_statement": [],
                            "byte_match_statement": [
                              {
                                "field_to_match": [
                                  {
                                    "all_query_arguments": [],
                                    "body": [
                                      {
                                        "oversize_handling": "CONTINUE"
                                      }
                                    ],
                                    "cookies": [],
                                    "header_order": [],
                                    "headers": [],
                                    "ja3_fingerprint": [],
                                    "ja4_fingerprint": [],
                                    "json_body": [],
                                    "method": [],
                                    "query_string": [],
                                    "single_header": [],
                                    "single_query_argument": [],
                                    "uri_fragment": [],
                                    "uri_path": []
                                  }
                                ],
                                "positional_constraint": "CONTAINS",
                                "search_string": "\u003cscript",
                                "text_transformation": [
                                  {
                                    "priority": 0,
                                    "type": "LOWERCASE"
                                  }
                                ]
                              }
                            ],
                            "geo_match_statement": [],
                            "ip_set_reference_statement": [],
                            "label_match_statement": [],
                            "not_statement": [],
                            "or_statement": [],
                            "regex_match_statement": [],
                            "regex_pattern_set_reference_statement": [],
                            "size_constraint_statement": [],
                            "sqli_match_statement": [],
                            "xss_match_statement": []
                          }
                        ]
                      }
                    ],
                    "rate_based_statement": [],
                    "regex_match_statement": [],
                    "regex_pattern_set_reference_statement": [],
                    "rule_group_reference_statement": [],
                    "size_constraint_statement": [],
                    "sqli_match_statement": [],
                    "xss_match_statement": []
                  }
                ],
                "visibility_config": [
                  {
                    "cloudwatch_metrics_enabled": true,
                    "metric_name": "InputValidationRule",
                    "sampled_requests_enabled": true
                  }
                ]
              },
              {
                "action": [
                  {
                    "allow": [],
                    "block": [
                      {
                        "custom_response": []
                      }
                    ],
                    "captcha": [],
                    "challenge": [],
                    "count": []
                  }
                ],
                "captcha_config": [],
                "challenge_config": [],
                "name": "PromptInjectionRule",
                "override_action": [],
                "priority": 6,
                "rule_label": [],
                "statement": [
                  {
                    "and_statement": [
                      {
                        "statement": [
                          {
                            "and_statement": [],
                            "asn_match_statement": [],
                            "byte_match_statement": [
                              {
                                "field_to_match": [
                                  {
                                    "all_query_arguments": [],
                                    "body": [
                                      {
                                        "oversize_handling": "CONTINUE"
                                      }
                                    ],
                                    "cookies": [],
                                    "header_order": [],
                                    "headers": [],
                                    "ja3_fingerprint": [],
                                    "ja4_fingerprint": [],
                                    "json_body": [],
                                    "method": [],
                                    "query_string": [],
                                    "single_header": [],
                                    "single_query_argument": [],
                                    "uri_fragment": [],
                                    "uri_path": []
                                  }
                                ],
                                "positional_constraint": "CONTAINS",
                                "search_string": "ignore previous instructions",
                                "text_transformation": [
                                  {
                                    "priority": 0,
                                    "type": "LOWERCASE"
                                  }
                                ]
                              }
                            ],
                            "geo_match_statement": [],
                            "ip_set_reference_statement": [],
                            "label_match_statement": [],
                            "not_statement": [],
                            "or_statement": [],
                            "regex_match_statement": [],
                            "regex_pattern_set_reference_statement": [],
                            "size_constraint_statement": [],
                            "sqli_match_statement": [],
                            "xss_match_statement": []
                          },
                          {
                            "and_statement": [],
                            "asn_match_statement": [],
                            "byte_match_statement": [
                              {
                                "field_to_match": [
                                  {
                                    "all_query_arguments": [],
                                    "body": [
                                      {
                                        "oversize_handling": "CONTINUE"
                                      }
                                    ],
                                    "cookies": [],
                                    "header_order": [],
                                    "headers": [],
                                    "ja3_fingerprint": [],
                                    "ja4_fingerprint": [],
                                    "json_body": [],
                                    "method": [],
                                    "query_string": [],
                                    "single_header": [],
                                    "single_query_argument": [],
                                    "uri_fragment": [],
                                    "uri_path": []
                                  }
                                ],
                                "positional_constraint": "CONTAINS",
                                "search_string": "system prompt",
                                "text_transformation": [
                                  {
                                    "priority": 0,
                                    "type": "LOWERCASE"
                                  }
                                ]
                              }
                            ],
                            "geo_match_statement": [],
                            "ip_set_reference_statement": [],
                            "label_match_statement": [],
                            "not_statement": [],
                            "or_statement": [],
                            "regex_match_statement": [],
                            "regex_pattern_set_reference_statement": [],
                            "size_constraint_statement": [],
                            "sqli_match_statement": [],
                            "xss_match_statement": []
                          }
                        ]
                      }
                    ],
                    "asn_match_statement": [],
                    "byte_match_statement": [],
                    "geo_match_statement": [],
                    "ip_set_reference_statement": [],
                    "label_match_statement": [],
                    "managed_rule_group_statement": [],
                    "not_statement": [],
                    "or_statement": [],
                    "rate_based_statement": [],
                    "regex_match_statement": [],
                    "regex_pattern_set_reference_statement": [],
                    "rule_group_reference_statement": [],
                    "size_constraint_statement": [],
                    "sqli_match_statement": [],
                    "xss_match_statement": []
                  }
                ],
                "visibility_config": [
                  {
                    "cloudwatch_metrics_enabled": true,
                    "metric_name": "PromptInjectionRule",
                    "sampled_requests_enabled": true
                  }
                ]
              },
              {
                "action": [
                  {
                    "allow": [],
                    "block": [
                      {
                        "custom_response": []
                      }
                    ],
                    "captcha": [],
                    "challenge": [],
                    "count": []
                  }
                ],
                "captcha_config": [],
                "challenge_config": [],
                "name": "RateLimitRule",
                "override_action": [],
                "priority": 1,
                "rule_label": [],
                "statement": [
                  {
                    "and_statement": [],
                    "asn_match_statement": [],
                    "byte_match_statement": [],
                    "geo_match_statement": [],
                    "ip_set_reference_statement": [],
                    "label_match_statement": [],
                    "managed_rule_group_statement": [],
                    "not_statement": [],
                    "or_statement": [],
                    "rate_based_statement": [
                      {
                        "aggregate_key_type": "IP",
                        "custom_key": [],
                        "evaluation_window_sec": 300,
                        "forwarded_ip_config": [],
                        "limit": 2000,
                        "scope_down_statement": []
                      }
                    ],
                    "regex_match_statement": [],
                    "regex_pattern_set_reference_statement": [],
                    "rule_group_reference_statement": [],
                    "size_constraint_statement": [],
                    "sqli_match_statement": [],
                    "xss_match_statement": []
                  }
                ],
                "visibility_config": [
                  {
                    "cloudwatch_metrics_enabled": true,
                    "metric_name": "RateLimitRule",
                    "sampled_requests_enabled": true
                  }
                ]
              }
            ],
            "rule_json": null,
            "scope": "REGIONAL",
            "tags": {
              "Environment": "prod",
              "ManagedBy": "Terraform",
              "Project": "rag-chatbot"
            },
            "tags_all": {
              "Environment": "prod",
              "ManagedBy": "Terraform",
              "Project": "rag-chatbot",
              "Security": "High"
            },
            "token_domains": null,
            "visibility_config": [
              {
                "cloudwatch_metrics_enabled": true,
                "metric_name": "RAGChatbotWAF",
                "sampled_requests_enabled": true
              }
            ]
          },
          "sensitive_attributes": [],
          "identity_schema_version": 0,
          "private": "bnVsbA=="
        }
      ]
    }
  ],
  "check_results": null
}
