{
  "version": 4,
  "terraform_version": "1.13.2",
  "serial": 54,
  "lineage": "210a7490-2a81-ab41-c1f2-54ca2bcfbf0f",
  "outputs": {
    "api_gateway_id": {
      "value": "d4q7u318u2",
      "type": "string"
    },
    "api_gateway_url": {
      "value": "https://d4q7u318u2.execute-api.us-east-1.amazonaws.com/prod",
      "type": "string"
    },
    "cloudwatch_log_group_name": {
      "value": "/aws/application/rag-chatbot-prod",
      "type": "string"
    },
    "dynamodb_table_name": {
      "value": "rag-chatbot-prod-chat-history",
      "type": "string"
    },
    "ecr_repository_uri": {
      "value": "396239172241.dkr.ecr.us-east-1.amazonaws.com/rag-chatbot-prod-frontend",
      "type": "string"
    },
    "ecs_cluster_name": {
      "value": "rag-chatbot-prod-cluster",
      "type": "string"
    },
    "ecs_service_name": {
      "value": "rag-chatbot-prod-service",
      "type": "string"
    },
    "lambda_function_name": {
      "value": "rag-chatbot-prod-rag-chatbot",
      "type": "string"
    },
    "monitoring_dashboard_url": {
      "value": "https://us-east-1.console.aws.amazon.com/cloudwatch/home?region=us-east-1#dashboards:name=rag-chatbot-prod-dashboard",
      "type": "string"
    },
    "s3_bucket_arn": {
      "value": "arn:aws:s3:::rag-chatbot-prod-documents-y1hq98t3",
      "type": "string"
    },
    "s3_bucket_name": {
      "value": "rag-chatbot-prod-documents-y1hq98t3",
      "type": "string"
    },
    "security_summary": {
      "value": {
        "encryption_enabled": true,
        "guardrails_enabled": true,
        "monitoring_enabled": true,
        "private_subnets": true,
        "vpc_endpoints": true,
        "waf_enabled": true
      },
      "type": [
        "object",
        {
          "encryption_enabled": "bool",
          "guardrails_enabled": "bool",
          "monitoring_enabled": "bool",
          "private_subnets": "bool",
          "vpc_endpoints": "bool",
          "waf_enabled": "bool"
        }
      ]
    },
    "vpc_cidr_block": {
      "value": "10.0.0.0/16",
      "type": "string"
    },
    "waf_web_acl_arn": {
      "value": "arn:aws:wafv2:us-east-1:396239172241:regional/webacl/rag-chatbot-prod-waf/bafb1b9f-b591-4f39-95ec-33964969e663",
      "type": "string"
    }
  },
  "resources": [
    {
      "mode": "data",
      "type": "aws_availability_zones",
      "name": "available",
      "provider": "provider[\"registry.terraform.io/hashicorp/aws\"]",
      "instances": [
        {
          "schema_version": 0,
          "attributes": {
            "all_availability_zones": null,
            "exclude_names": null,
            "exclude_zone_ids": null,
            "filter": null,
            "group_names": [
              "us-east-1-zg-1"
            ],
            "id": "us-east-1",
            "names": [
              "us-east-1a",
              "us-east-1b",
              "us-east-1c",
              "us-east-1d",
              "us-east-1e",
              "us-east-1f"
            ],
            "state": "available",
            "timeouts": null,
            "zone_ids": [
              "use1-az4",
              "use1-az6",
              "use1-az1",
              "use1-az2",
              "use1-az3",
              "use1-az5"
            ]
          },
          "sensitive_attributes": [],
          "identity_schema_version": 0
        }
      ]
    },
    {
      "mode": "data",
      "type": "aws_caller_identity",
      "name": "current",
      "provider": "provider[\"registry.terraform.io/hashicorp/aws\"]",
      "instances": [
        {
          "schema_version": 0,
          "attributes": {
            "account_id": "396239172241",
            "arn": "arn:aws:iam::396239172241:user/msh_dev",
            "id": "396239172241",
            "user_id": "AIDAVYQNR6KI3IIRAT24W"
          },
          "sensitive_attributes": [],
          "identity_schema_version": 0
        }
      ]
    },
    {
      "mode": "data",
      "type": "aws_region",
      "name": "current",
      "provider": "provider[\"registry.terraform.io/hashicorp/aws\"]",
      "instances": [
        {
          "schema_version": 0,
          "attributes": {
            "description": "US East (N. Virginia)",
            "endpoint": "ec2.us-east-1.amazonaws.com",
            "id": "us-east-1",
            "name": "us-east-1"
          },
          "sensitive_attributes": [],
          "identity_schema_version": 0
        }
      ]
    },
    {
      "module": "module.api_gateway",
      "mode": "data",
      "type": "aws_region",
      "name": "current",
      "provider": "provider[\"registry.terraform.io/hashicorp/aws\"]",
      "instances": [
        {
          "schema_version": 0,
          "attributes": {
            "description": "US East (N. Virginia)",
            "endpoint": "ec2.us-east-1.amazonaws.com",
            "id": "us-east-1",
            "name": "us-east-1"
          },
          "sensitive_attributes": [],
          "identity_schema_version": 0
        }
      ]
    },
    {
      "module": "module.api_gateway",
      "mode": "managed",
      "type": "aws_api_gateway_api_key",
      "name": "main",
      "provider": "provider[\"registry.terraform.io/hashicorp/aws\"]",
      "instances": [
        {
          "schema_version": 0,
          "attributes": {
            "arn": "arn:aws:apigateway:us-east-1::/apikeys/rjaft3c3a2",
            "created_date": "2025-09-20T14:14:07Z",
            "customer_id": "",
            "description": "API Key for RAG Chatbot",
            "enabled": true,
            "id": "rjaft3c3a2",
            "last_updated_date": "2025-09-20T14:14:07Z",
            "name": "rag-chatbot-prod-api-key",
            "tags": {
              "Environment": "prod",
              "ManagedBy": "Terraform",
              "Project": "rag-chatbot"
            },
            "tags_all": {
              "Environment": "prod",
              "ManagedBy": "Terraform",
              "Project": "rag-chatbot",
              "Security": "High"
            },
            "value": "46SGo10Shc857eYDEKPxx7wyNDLaF9w87zwWWMRl"
          },
          "sensitive_attributes": [
            [
              {
                "type": "get_attr",
                "value": "value"
              }
            ]
          ],
          "identity_schema_version": 0,
          "private": "bnVsbA=="
        }
      ]
    },
    {
      "module": "module.api_gateway",
      "mode": "managed",
      "type": "aws_api_gateway_method",
      "name": "chat_post",
      "provider": "provider[\"registry.terraform.io/hashicorp/aws\"]",
      "instances": [
        {
          "schema_version": 0,
          "attributes": {
            "api_key_required": false,
            "authorization": "NONE",
            "authorization_scopes": null,
            "authorizer_id": null,
            "http_method": "POST",
            "id": "agm-d4q7u318u2-9tbxfr-POST",
            "operation_name": null,
            "request_models": null,
            "request_parameters": {
              "method.request.header.Content-Type": true
            },
            "request_validator_id": null,
            "resource_id": "9tbxfr",
            "rest_api_id": "d4q7u318u2"
          },
          "sensitive_attributes": [],
          "identity_schema_version": 0,
          "private": "bnVsbA==",
          "dependencies": [
            "module.api_gateway.aws_api_gateway_resource.chat",
            "module.api_gateway.aws_api_gateway_rest_api.main"
          ],
          "create_before_destroy": true
        }
      ]
    },
    {
      "module": "module.api_gateway",
      "mode": "managed",
      "type": "aws_api_gateway_method",
      "name": "upload_post",
      "provider": "provider[\"registry.terraform.io/hashicorp/aws\"]",
      "instances": [
        {
          "schema_version": 0,
          "attributes": {
            "api_key_required": false,
            "authorization": "NONE",
            "authorization_scopes": null,
            "authorizer_id": null,
            "http_method": "POST",
            "id": "agm-d4q7u318u2-h5tn37-POST",
            "operation_name": null,
            "request_models": null,
            "request_parameters": {
              "method.request.header.Content-Type": true
            },
            "request_validator_id": null,
            "resource_id": "h5tn37",
            "rest_api_id": "d4q7u318u2"
          },
          "sensitive_attributes": [],
          "identity_schema_version": 0,
          "private": "bnVsbA==",
          "dependencies": [
            "module.api_gateway.aws_api_gateway_resource.upload",
            "module.api_gateway.aws_api_gateway_rest_api.main"
          ],
          "create_before_destroy": true
        }
      ]
    },
    {
      "module": "module.api_gateway",
      "mode": "managed",
      "type": "aws_api_gateway_method_response",
      "name": "chat_post_200",
      "provider": "provider[\"registry.terraform.io/hashicorp/aws\"]",
      "instances": [
        {
          "schema_version": 0,
          "attributes": {
            "http_method": "POST",
            "id": "agmr-d4q7u318u2-9tbxfr-POST-200",
            "resource_id": "9tbxfr",
            "response_models": null,
            "response_parameters": {
              "method.response.header.Access-Control-Allow-Origin": true
            },
            "rest_api_id": "d4q7u318u2",
            "status_code": "200"
          },
          "sensitive_attributes": [],
          "identity_schema_version": 0,
          "private": "bnVsbA==",
          "dependencies": [
            "module.api_gateway.aws_api_gateway_method.chat_post",
            "module.api_gateway.aws_api_gateway_resource.chat",
            "module.api_gateway.aws_api_gateway_rest_api.main"
          ]
        }
      ]
    },
    {
      "module": "module.api_gateway",
      "mode": "managed",
      "type": "aws_api_gateway_method_response",
      "name": "upload_post_200",
      "provider": "provider[\"registry.terraform.io/hashicorp/aws\"]",
      "instances": [
        {
          "schema_version": 0,
          "attributes": {
            "http_method": "POST",
            "id": "agmr-d4q7u318u2-h5tn37-POST-200",
            "resource_id": "h5tn37",
            "response_models": null,
            "response_parameters": {
              "method.response.header.Access-Control-Allow-Origin": true
            },
            "rest_api_id": "d4q7u318u2",
            "status_code": "200"
          },
          "sensitive_attributes": [],
          "identity_schema_version": 0,
          "private": "bnVsbA==",
          "dependencies": [
            "module.api_gateway.aws_api_gateway_method.upload_post",
            "module.api_gateway.aws_api_gateway_resource.upload",
            "module.api_gateway.aws_api_gateway_rest_api.main"
          ]
        }
      ]
    },
    {
      "module": "module.api_gateway",
      "mode": "managed",
      "type": "aws_api_gateway_resource",
      "name": "chat",
      "provider": "provider[\"registry.terraform.io/hashicorp/aws\"]",
      "instances": [
        {
          "schema_version": 0,
          "attributes": {
            "id": "9tbxfr",
            "parent_id": "2kptyw9exk",
            "path": "/chat",
            "path_part": "chat",
            "rest_api_id": "d4q7u318u2"
          },
          "sensitive_attributes": [],
          "identity_schema_version": 0,
          "private": "bnVsbA==",
          "dependencies": [
            "module.api_gateway.aws_api_gateway_rest_api.main"
          ],
          "create_before_destroy": true
        }
      ]
    },
    {
      "module": "module.api_gateway",
      "mode": "managed",
      "type": "aws_api_gateway_resource",
      "name": "upload",
      "provider": "provider[\"registry.terraform.io/hashicorp/aws\"]",
      "instances": [
        {
          "schema_version": 0,
          "attributes": {
            "id": "h5tn37",
            "parent_id": "2kptyw9exk",
            "path": "/upload",
            "path_part": "upload",
            "rest_api_id": "d4q7u318u2"
          },
          "sensitive_attributes": [],
          "identity_schema_version": 0,
          "private": "bnVsbA==",
          "dependencies": [
            "module.api_gateway.aws_api_gateway_rest_api.main"
          ],
          "create_before_destroy": true
        }
      ]
    },
    {
      "module": "module.api_gateway",
      "mode": "managed",
      "type": "aws_api_gateway_rest_api",
      "name": "main",
      "provider": "provider[\"registry.terraform.io/hashicorp/aws\"]",
      "instances": [
        {
          "schema_version": 0,
          "attributes": {
            "api_key_source": "HEADER",
            "arn": "arn:aws:apigateway:us-east-1::/restapis/d4q7u318u2",
            "binary_media_types": [],
            "body": null,
            "created_date": "2025-09-20T14:14:10Z",
            "description": "RAG Chatbot API Gateway",
            "disable_execute_api_endpoint": false,
            "endpoint_configuration": [
              {
                "ip_address_type": "ipv4",
                "types": [
                  "REGIONAL"
                ],
                "vpc_endpoint_ids": []
              }
            ],
            "execution_arn": "arn:aws:execute-api:us-east-1:396239172241:d4q7u318u2",
            "fail_on_warnings": null,
            "id": "d4q7u318u2",
            "minimum_compression_size": "",
            "name": "rag-chatbot-prod-api",
            "parameters": null,
            "policy": "{\"Statement\":[{\"Action\":\"execute-api:Invoke\",\"Effect\":\"Allow\",\"Principal\":\"*\",\"Resource\":\"*\"}],\"Version\":\"2012-10-17\"}",
            "put_rest_api_mode": null,
            "root_resource_id": "2kptyw9exk",
            "tags": {
              "Environment": "prod",
              "ManagedBy": "Terraform",
              "Project": "rag-chatbot"
            },
            "tags_all": {
              "Environment": "prod",
              "ManagedBy": "Terraform",
              "Project": "rag-chatbot",
              "Security": "High"
            }
          },
          "sensitive_attributes": [],
          "identity_schema_version": 0,
          "private": "bnVsbA==",
          "create_before_destroy": true
        }
      ]
    },
    {
      "module": "module.api_gateway",
      "mode": "managed",
      "type": "aws_cloudwatch_log_group",
      "name": "api_gateway",
      "provider": "provider[\"registry.terraform.io/hashicorp/aws\"]",
      "instances": [
        {
          "schema_version": 0,
          "attributes": {
            "arn": "arn:aws:logs:us-east-1:396239172241:log-group:/aws/apigateway/rag-chatbot-prod",
            "id": "/aws/apigateway/rag-chatbot-prod",
            "kms_key_id": "",
            "log_group_class": "STANDARD",
            "name": "/aws/apigateway/rag-chatbot-prod",
            "name_prefix": "",
            "retention_in_days": 30,
            "skip_destroy": false,
            "tags": {
              "Environment": "prod",
              "ManagedBy": "Terraform",
              "Project": "rag-chatbot"
            },
            "tags_all": {
              "Environment": "prod",
              "ManagedBy": "Terraform",
              "Project": "rag-chatbot",
              "Security": "High"
            }
          },
          "sensitive_attributes": [],
          "identity_schema_version": 0,
          "private": "bnVsbA=="
        }
      ]
    },
    {
      "module": "module.cloudfront",
      "mode": "managed",
      "type": "aws_cloudfront_distribution",
      "name": "main",
      "provider": "provider[\"registry.terraform.io/hashicorp/aws\"]",
      "instances": []
    },
    {
      "module": "module.dynamodb",
      "mode": "managed",
      "type": "aws_dynamodb_table",
      "name": "app_config",
      "provider": "provider[\"registry.terraform.io/hashicorp/aws\"]",
      "instances": [
        {
          "schema_version": 1,
          "attributes": {
            "arn": "arn:aws:dynamodb:us-east-1:396239172241:table/rag-chatbot-prod-app-config",
            "attribute": [
              {
                "name": "config_key",
                "type": "S"
              }
            ],
            "billing_mode": "PAY_PER_REQUEST",
            "deletion_protection_enabled": false,
            "global_secondary_index": [],
            "hash_key": "config_key",
            "id": "rag-chatbot-prod-app-config",
            "import_table": [],
            "local_secondary_index": [],
            "name": "rag-chatbot-prod-app-config",
            "on_demand_throughput": [],
            "point_in_time_recovery": [
              {
                "enabled": true,
                "recovery_period_in_days": 35
              }
            ],
            "range_key": null,
            "read_capacity": 0,
            "replica": [],
            "restore_date_time": null,
            "restore_source_name": null,
            "restore_source_table_arn": null,
            "restore_to_latest_time": null,
            "server_side_encryption": [
              {
                "enabled": true,
                "kms_key_arn": ""
              }
            ],
            "stream_arn": "",
            "stream_enabled": false,
            "stream_label": "",
            "stream_view_type": "",
            "table_class": "STANDARD",
            "tags": {
              "Environment": "prod",
              "ManagedBy": "Terraform",
              "Name": "rag-chatbot-prod-app-config",
              "Project": "rag-chatbot"
            },
            "tags_all": {
              "Environment": "prod",
              "ManagedBy": "Terraform",
              "Name": "rag-chatbot-prod-app-config",
              "Project": "rag-chatbot",
              "Security": "High"
            },
            "timeouts": null,
            "ttl": [
              {
                "attribute_name": "",
                "enabled": false
              }
            ],
            "write_capacity": 0
          },
          "sensitive_attributes": [],
          "identity_schema_version": 0,
          "private": "eyJlMmJmYjczMC1lY2FhLTExZTYtOGY4OC0zNDM2M2JjN2M0YzAiOnsiY3JlYXRlIjoxODAwMDAwMDAwMDAwLCJkZWxldGUiOjYwMDAwMDAwMDAwMCwidXBkYXRlIjozNjAwMDAwMDAwMDAwfSwic2NoZW1hX3ZlcnNpb24iOiIxIn0="
        }
      ]
    },
    {
      "module": "module.dynamodb",
      "mode": "managed",
      "type": "aws_dynamodb_table",
      "name": "chat_history",
      "provider": "provider[\"registry.terraform.io/hashicorp/aws\"]",
      "instances": []
    },
    {
      "module": "module.dynamodb",
      "mode": "managed",
      "type": "aws_dynamodb_table",
      "name": "user_sessions",
      "provider": "provider[\"registry.terraform.io/hashicorp/aws\"]",
      "instances": []
    },
    {
      "module": "module.ecs",
      "mode": "data",
      "type": "aws_caller_identity",
      "name": "current",
      "provider": "provider[\"registry.terraform.io/hashicorp/aws\"]",
      "instances": [
        {
          "schema_version": 0,
          "attributes": {
            "account_id": "396239172241",
            "arn": "arn:aws:iam::396239172241:user/msh_dev",
            "id": "396239172241",
            "user_id": "AIDAVYQNR6KI3IIRAT24W"
          },
          "sensitive_attributes": [],
          "identity_schema_version": 0
        }
      ]
    },
    {
      "module": "module.ecs",
      "mode": "data",
      "type": "aws_region",
      "name": "current",
      "provider": "provider[\"registry.terraform.io/hashicorp/aws\"]",
      "instances": [
        {
          "schema_version": 0,
          "attributes": {
            "description": "US East (N. Virginia)",
            "endpoint": "ec2.us-east-1.amazonaws.com",
            "id": "us-east-1",
            "name": "us-east-1"
          },
          "sensitive_attributes": [],
          "identity_schema_version": 0
        }
      ]
    },
    {
      "module": "module.ecs",
      "mode": "managed",
      "type": "aws_cloudwatch_log_group",
      "name": "ecs",
      "provider": "provider[\"registry.terraform.io/hashicorp/aws\"]",
      "instances": [
        {
          "schema_version": 0,
          "attributes": {
            "arn": "arn:aws:logs:us-east-1:396239172241:log-group:/aws/ecs/rag-chatbot-prod",
            "id": "/aws/ecs/rag-chatbot-prod",
            "kms_key_id": "",
            "log_group_class": "STANDARD",
            "name": "/aws/ecs/rag-chatbot-prod",
            "name_prefix": "",
            "retention_in_days": 30,
            "skip_destroy": false,
            "tags": {
              "Environment": "prod",
              "ManagedBy": "Terraform",
              "Project": "rag-chatbot"
            },
            "tags_all": {
              "Environment": "prod",
              "ManagedBy": "Terraform",
              "Project": "rag-chatbot",
              "Security": "High"
            }
          },
          "sensitive_attributes": [],
          "identity_schema_version": 0,
          "private": "bnVsbA=="
        }
      ]
    },
    {
      "module": "module.ecs",
      "mode": "managed",
      "type": "aws_ecr_repository",
      "name": "frontend",
      "provider": "provider[\"registry.terraform.io/hashicorp/aws\"]",
      "instances": [
        {
          "schema_version": 0,
          "attributes": {
            "arn": "arn:aws:ecr:us-east-1:396239172241:repository/rag-chatbot-prod-frontend",
            "encryption_configuration": [
              {
                "encryption_type": "AES256",
                "kms_key": ""
              }
            ],
            "force_delete": true,
            "id": "rag-chatbot-prod-frontend",
            "image_scanning_configuration": [
              {
                "scan_on_push": true
              }
            ],
            "image_tag_mutability": "MUTABLE",
            "name": "rag-chatbot-prod-frontend",
            "registry_id": "396239172241",
            "repository_url": "396239172241.dkr.ecr.us-east-1.amazonaws.com/rag-chatbot-prod-frontend",
            "tags": {
              "Environment": "prod",
              "ManagedBy": "Terraform",
              "Project": "rag-chatbot"
            },
            "tags_all": {
              "Environment": "prod",
              "ManagedBy": "Terraform",
              "Project": "rag-chatbot",
              "Security": "High"
            },
            "timeouts": null
          },
          "sensitive_attributes": [],
          "identity_schema_version": 0,
          "private": "eyJlMmJmYjczMC1lY2FhLTExZTYtOGY4OC0zNDM2M2JjN2M0YzAiOnsiZGVsZXRlIjoxMjAwMDAwMDAwMDAwfX0="
        }
      ]
    },
    {
      "module": "module.ecs",
      "mode": "managed",
      "type": "aws_ecr_repository_policy",
      "name": "frontend",
      "provider": "provider[\"registry.terraform.io/hashicorp/aws\"]",
      "instances": [
        {
          "schema_version": 0,
          "attributes": {
            "id": "rag-chatbot-prod-frontend",
            "policy": "{\"Statement\":[{\"Action\":[\"ecr:GetDownloadUrlForLayer\",\"ecr:BatchGetImage\",\"ecr:BatchCheckLayerAvailability\",\"ecr:PutImage\",\"ecr:InitiateLayerUpload\",\"ecr:UploadLayerPart\",\"ecr:CompleteLayerUpload\"],\"Effect\":\"Allow\",\"Principal\":{\"AWS\":\"arn:aws:iam::396239172241:root\"},\"Sid\":\"AllowPushPull\"}],\"Version\":\"2012-10-17\"}",
            "registry_id": "396239172241",
            "repository": "rag-chatbot-prod-frontend"
          },
          "sensitive_attributes": [],
          "identity_schema_version": 0,
          "private": "bnVsbA==",
          "dependencies": [
            "module.ecs.aws_ecr_repository.frontend",
            "module.ecs.data.aws_caller_identity.current"
          ]
        }
      ]
    },
    {
      "module": "module.ecs",
      "mode": "managed",
      "type": "aws_ecs_cluster",
      "name": "main",
      "provider": "provider[\"registry.terraform.io/hashicorp/aws\"]",
      "instances": [
        {
          "schema_version": 0,
          "attributes": {
            "arn": "arn:aws:ecs:us-east-1:396239172241:cluster/rag-chatbot-prod-cluster",
            "configuration": [],
            "id": "arn:aws:ecs:us-east-1:396239172241:cluster/rag-chatbot-prod-cluster",
            "name": "rag-chatbot-prod-cluster",
            "service_connect_defaults": [],
            "setting": [
              {
                "name": "containerInsights",
                "value": "enabled"
              }
            ],
            "tags": {
              "Environment": "prod",
              "ManagedBy": "Terraform",
              "Project": "rag-chatbot"
            },
            "tags_all": {
              "Environment": "prod",
              "ManagedBy": "Terraform",
              "Project": "rag-chatbot",
              "Security": "High"
            }
          },
          "sensitive_attributes": [],
          "identity_schema_version": 0,
          "private": "bnVsbA=="
        }
      ]
    },
    {
      "module": "module.ecs",
      "mode": "managed",
      "type": "aws_ecs_cluster_capacity_providers",
      "name": "main",
      "provider": "provider[\"registry.terraform.io/hashicorp/aws\"]",
      "instances": []
    },
    {
      "module": "module.guardduty",
      "mode": "managed",
      "type": "aws_cloudwatch_metric_alarm",
      "name": "guardduty_findings",
      "provider": "provider[\"registry.terraform.io/hashicorp/aws\"]",
      "instances": []
    },
    {
      "module": "module.guardduty",
      "mode": "managed",
      "type": "aws_guardduty_detector",
      "name": "main",
      "provider": "provider[\"registry.terraform.io/hashicorp/aws\"]",
      "instances": []
    },
    {
      "module": "module.guardduty",
      "mode": "managed",
      "type": "aws_guardduty_ipset",
      "name": "main",
      "provider": "provider[\"registry.terraform.io/hashicorp/aws\"]",
      "instances": []
    },
    {
      "module": "module.guardduty",
      "mode": "managed",
      "type": "aws_guardduty_threatintelset",
      "name": "main",
      "provider": "provider[\"registry.terraform.io/hashicorp/aws\"]",
      "instances": []
    },
    {
      "module": "module.guardduty",
      "mode": "managed",
      "type": "aws_s3_bucket",
      "name": "guardduty_findings",
      "provider": "provider[\"registry.terraform.io/hashicorp/aws\"]",
      "instances": []
    },
    {
      "module": "module.guardduty",
      "mode": "managed",
      "type": "aws_s3_bucket_policy",
      "name": "guardduty_findings",
      "provider": "provider[\"registry.terraform.io/hashicorp/aws\"]",
      "instances": []
    },
    {
      "module": "module.guardduty",
      "mode": "managed",
      "type": "aws_s3_bucket_public_access_block",
      "name": "guardduty_findings",
      "provider": "provider[\"registry.terraform.io/hashicorp/aws\"]",
      "instances": []
    },
    {
      "module": "module.guardduty",
      "mode": "managed",
      "type": "aws_s3_bucket_versioning",
      "name": "guardduty_findings",
      "provider": "provider[\"registry.terraform.io/hashicorp/aws\"]",
      "instances": []
    },
    {
      "module": "module.guardduty",
      "mode": "managed",
      "type": "aws_sns_topic",
      "name": "guardduty_alerts",
      "provider": "provider[\"registry.terraform.io/hashicorp/aws\"]",
      "instances": []
    },
    {
      "module": "module.guardduty",
      "mode": "managed",
      "type": "aws_sns_topic_policy",
      "name": "guardduty_alerts",
      "provider": "provider[\"registry.terraform.io/hashicorp/aws\"]",
      "instances": []
    },
    {
      "module": "module.iam",
      "mode": "data",
      "type": "aws_region",
      "name": "current",
      "provider": "provider[\"registry.terraform.io/hashicorp/aws\"]",
      "instances": [
        {
          "schema_version": 0,
          "attributes": {
            "description": "US East (N. Virginia)",
            "endpoint": "ec2.us-east-1.amazonaws.com",
            "id": "us-east-1",
            "name": "us-east-1"
          },
          "sensitive_attributes": [],
          "identity_schema_version": 0
        }
      ]
    },
    {
      "module": "module.inspector",
      "mode": "managed",
      "type": "aws_cloudwatch_metric_alarm",
      "name": "inspector_critical_findings",
      "provider": "provider[\"registry.terraform.io/hashicorp/aws\"]",
      "instances": []
    },
    {
      "module": "module.inspector",
      "mode": "managed",
      "type": "aws_cloudwatch_metric_alarm",
      "name": "inspector_high_findings",
      "provider": "provider[\"registry.terraform.io/hashicorp/aws\"]",
      "instances": []
    },
    {
      "module": "module.inspector",
      "mode": "managed",
      "type": "aws_inspector2_enabler",
      "name": "main",
      "provider": "provider[\"registry.terraform.io/hashicorp/aws\"]",
      "instances": []
    },
    {
      "module": "module.inspector",
      "mode": "managed",
      "type": "aws_inspector2_filter",
      "name": "ecs_tasks",
      "provider": "provider[\"registry.terraform.io/hashicorp/aws\"]",
      "instances": []
    },
    {
      "module": "module.inspector",
      "mode": "managed",
      "type": "aws_inspector2_filter",
      "name": "lambda_functions",
      "provider": "provider[\"registry.terraform.io/hashicorp/aws\"]",
      "instances": []
    },
    {
      "module": "module.inspector",
      "mode": "managed",
      "type": "aws_inspector2_organization_configuration",
      "name": "main",
      "provider": "provider[\"registry.terraform.io/hashicorp/aws\"]",
      "instances": []
    },
    {
      "module": "module.inspector",
      "mode": "managed",
      "type": "aws_inspector_assessment_target",
      "name": "main",
      "provider": "provider[\"registry.terraform.io/hashicorp/aws\"]",
      "instances": []
    },
    {
      "module": "module.inspector",
      "mode": "managed",
      "type": "aws_inspector_assessment_template",
      "name": "main",
      "provider": "provider[\"registry.terraform.io/hashicorp/aws\"]",
      "instances": []
    },
    {
      "module": "module.inspector",
      "mode": "managed",
      "type": "aws_sns_topic",
      "name": "inspector_alerts",
      "provider": "provider[\"registry.terraform.io/hashicorp/aws\"]",
      "instances": []
    },
    {
      "module": "module.inspector",
      "mode": "managed",
      "type": "aws_sns_topic_policy",
      "name": "inspector_alerts",
      "provider": "provider[\"registry.terraform.io/hashicorp/aws\"]",
      "instances": []
    },
    {
      "module": "module.kms",
      "mode": "data",
      "type": "aws_caller_identity",
      "name": "current",
      "provider": "provider[\"registry.terraform.io/hashicorp/aws\"]",
      "instances": [
        {
          "schema_version": 0,
          "attributes": {
            "account_id": "396239172241",
            "arn": "arn:aws:iam::396239172241:user/msh_dev",
            "id": "396239172241",
            "user_id": "AIDAVYQNR6KI3IIRAT24W"
          },
          "sensitive_attributes": [],
          "identity_schema_version": 0
        }
      ]
    },
    {
      "module": "module.kms",
      "mode": "data",
      "type": "aws_region",
      "name": "current",
      "provider": "provider[\"registry.terraform.io/hashicorp/aws\"]",
      "instances": [
        {
          "schema_version": 0,
          "attributes": {
            "description": "US East (N. Virginia)",
            "endpoint": "ec2.us-east-1.amazonaws.com",
            "id": "us-east-1",
            "name": "us-east-1"
          },
          "sensitive_attributes": [],
          "identity_schema_version": 0
        }
      ]
    },
    {
      "module": "module.kms",
      "mode": "managed",
      "type": "aws_kms_alias",
      "name": "s3",
      "provider": "provider[\"registry.terraform.io/hashicorp/aws\"]",
      "instances": []
    },
    {
      "module": "module.kms",
      "mode": "managed",
      "type": "aws_kms_key",
      "name": "main",
      "provider": "provider[\"registry.terraform.io/hashicorp/aws\"]",
      "instances": []
    },
    {
      "module": "module.kms",
      "mode": "managed",
      "type": "aws_kms_key",
      "name": "s3",
      "provider": "provider[\"registry.terraform.io/hashicorp/aws\"]",
      "instances": [
        {
          "schema_version": 0,
          "attributes": {
            "arn": "arn:aws:kms:us-east-1:396239172241:key/ace153db-9828-4cdf-be51-bdb3ecb5525b",
            "bypass_policy_lockout_safety_check": false,
            "custom_key_store_id": "",
            "customer_master_key_spec": "SYMMETRIC_DEFAULT",
            "deletion_window_in_days": 7,
            "description": "KMS key for rag-chatbot-prod S3 encryption",
            "enable_key_rotation": true,
            "id": "ace153db-9828-4cdf-be51-bdb3ecb5525b",
            "is_enabled": true,
            "key_id": "ace153db-9828-4cdf-be51-bdb3ecb5525b",
            "key_usage": "ENCRYPT_DECRYPT",
            "multi_region": false,
            "policy": "{\"Statement\":[{\"Action\":\"kms:*\",\"Effect\":\"Allow\",\"Principal\":{\"AWS\":\"arn:aws:iam::396239172241:root\"},\"Resource\":\"*\",\"Sid\":\"Enable IAM User Permissions\"},{\"Action\":[\"kms:Decrypt\",\"kms:GenerateDataKey\",\"kms:DescribeKey\"],\"Condition\":{\"StringEquals\":{\"kms:ViaService\":\"s3.us-east-1.amazonaws.com\"}},\"Effect\":\"Allow\",\"Principal\":{\"Service\":\"s3.amazonaws.com\"},\"Resource\":\"*\",\"Sid\":\"Allow S3 Service\"}],\"Version\":\"2012-10-17\"}",
            "rotation_period_in_days": 365,
            "tags": {
              "Environment": "prod",
              "ManagedBy": "Terraform",
              "Name": "rag-chatbot-prod-s3-kms-key",
              "Project": "rag-chatbot"
            },
            "tags_all": {
              "Environment": "prod",
              "ManagedBy": "Terraform",
              "Name": "rag-chatbot-prod-s3-kms-key",
              "Project": "rag-chatbot",
              "Security": "High"
            },
            "timeouts": null,
            "xks_key_id": ""
          },
          "sensitive_attributes": [],
          "identity_schema_version": 0,
          "private": "eyJlMmJmYjczMC1lY2FhLTExZTYtOGY4OC0zNDM2M2JjN2M0YzAiOnsiY3JlYXRlIjoxMjAwMDAwMDAwMDB9fQ==",
          "dependencies": [
            "module.kms.data.aws_caller_identity.current",
            "module.kms.data.aws_region.current"
          ]
        }
      ]
    },
    {
      "module": "module.lambda",
      "mode": "data",
      "type": "archive_file",
      "name": "lambda_layer_zip",
      "provider": "provider[\"registry.terraform.io/hashicorp/archive\"]",
      "instances": [
        {
          "schema_version": 0,
          "attributes": {
            "exclude_symlink_directories": null,
            "excludes": null,
            "id": "ea2cfd77e83edd82e8490ec1e95ada76d9125c3f",
            "output_base64sha256": "gotypD8xUgWpBkEJcWa6KzpI7NeAiFfrqNfwo2zMyyM=",
            "output_base64sha512": "QMsyxIxgbKvD8L7mDNUxSpSF6ab7wE2OUobNwREbrduwHrAgoMXnC0B839G0SIzco85NMfN5SwtXBLk7i6WrWA==",
            "output_file_mode": null,
            "output_md5": "8d25801114077076da1d3044370ab3e2",
            "output_path": "../modules/lambda/lambda_layer.zip",
            "output_sha": "ea2cfd77e83edd82e8490ec1e95ada76d9125c3f",
            "output_sha256": "828b72a43f315205a90641097166ba2b3a48ecd7808857eba8d7f0a36ccccb23",
            "output_sha512": "40cb32c48c606cabc3f0bee60cd5314a9485e9a6fbc04d8e5286cdc1111baddbb01eb020a0c5e70b407cdfd1b4488cdca3ce4d31f3794b0b5704b93b8ba5ab58",
            "output_size": 248,
            "source": [
              {
                "content": "boto3\u003e=1.34.0\r\nbotocore\u003e=1.34.0\r\nopensearch-py\u003e=2.0.0\r\naws-requests-auth\u003e=0.4.3\r\nlangchain\u003e=0.1.0\r\nlangchain-community\u003e=0.0.10\r\n",
                "filename": "requirements.txt"
              }
            ],
            "source_content": null,
            "source_content_filename": null,
            "source_dir": null,
            "source_file": null,
            "type": "zip"
          },
          "sensitive_attributes": [],
          "identity_schema_version": 0
        }
      ]
    },
    {
      "module": "module.lambda",
      "mode": "data",
      "type": "archive_file",
      "name": "lambda_zip",
      "provider": "provider[\"registry.terraform.io/hashicorp/archive\"]",
      "instances": [
        {
          "schema_version": 0,
          "attributes": {
            "exclude_symlink_directories": null,
            "excludes": null,
            "id": "b894eef63422681f1856b2e7625588c9bb75dc36",
            "output_base64sha256": "tnnzoddd4LwJhODB9PnFskYi3svq5FUIH/fEWXFgHc0=",
            "output_base64sha512": "isndrgPdjLTWkPeTTpVkzWJQ69D6e/5q0A8wL/J3y4Z+pakm4UZAe9WbCSckDrDli1yiZ5OQ4XgZd/xYBfSXZQ==",
            "output_file_mode": null,
            "output_md5": "963833f1cdbfbbc93f53401fdf24728f",
            "output_path": "../modules/lambda/lambda_function.zip",
            "output_sha": "b894eef63422681f1856b2e7625588c9bb75dc36",
            "output_sha256": "b679f3a1d75de0bc0984e0c1f4f9c5b24622decbeae455081ff7c45971601dcd",
            "output_sha512": "8ac9ddae03dd8cb4d690f7934e9564cd6250ebd0fa7bfe6ad00f302ff277cb867ea5a926e146407bd59b0927240eb0e58b5ca2679390e1781977fc5805f49765",
            "output_size": 2562,
            "source": [
              {
                "content": "import json\r\nimport boto3\r\nimport os\r\nimport logging\r\nfrom datetime import datetime\r\nfrom typing import Dict, Any, List\r\nimport uuid\r\n\r\n# Environment variables are set by Lambda function configuration in production\r\n# No .env file needed - fully automated!\r\n\r\n# Configure logging\r\nlogger = logging.getLogger()\r\nlogger.setLevel(logging.INFO)\r\n\r\n# Initialize AWS clients\r\nbedrock_runtime = boto3.client('bedrock-runtime')\r\ndynamodb = boto3.resource('dynamodb')\r\ns3_client = boto3.client('s3')\r\nopensearch_client = boto3.client('opensearchserverless')\r\n\r\n# Environment variables\r\nDYNAMODB_TABLE_NAME = os.environ.get('DYNAMODB_TABLE_NAME')\r\nOPENSEARCH_ENDPOINT = os.environ.get('OPENSEARCH_ENDPOINT')\r\nS3_BUCKET_NAME = os.environ.get('S3_BUCKET_NAME')\r\nBEDROCK_MODEL_ID = os.environ.get('BEDROCK_MODEL_ID', 'anthropic.claude-3-sonnet-20240229-v1:0')\r\n\r\ndef lambda_handler(event: Dict[str, Any], context: Any) -\u003e Dict[str, Any]:\r\n    \"\"\"\r\n    Main Lambda handler for RAG chatbot\r\n    \"\"\"\r\n    try:\r\n        # Parse the request\r\n        if 'body' in event:\r\n            body = json.loads(event['body'])\r\n        else:\r\n            body = event\r\n            \r\n        user_message = body.get('message', '')\r\n        session_id = body.get('session_id', str(uuid.uuid4()))\r\n        user_id = body.get('user_id', 'anonymous')\r\n        \r\n        # Input validation and sanitization\r\n        if not user_message or len(user_message.strip()) == 0:\r\n            return create_response(400, {\r\n                'error': 'Message cannot be empty',\r\n                'session_id': session_id\r\n            })\r\n        \r\n        # Sanitize input\r\n        user_message = sanitize_input(user_message)\r\n        \r\n        # Retrieve chat history\r\n        chat_history = get_chat_history(session_id)\r\n        \r\n        # Retrieve relevant context from knowledge base\r\n        context = retrieve_context(user_message)\r\n        \r\n        # Generate response using Bedrock\r\n        response = generate_response(user_message, context, chat_history)\r\n        \r\n        # Save conversation to DynamoDB\r\n        save_conversation(session_id, user_id, user_message, response)\r\n        \r\n        return create_response(200, {\r\n            'response': response,\r\n            'session_id': session_id,\r\n            'timestamp': datetime.utcnow().isoformat()\r\n        })\r\n        \r\n    except Exception as e:\r\n        logger.error(f\"Error in lambda_handler: {str(e)}\")\r\n        return create_response(500, {\r\n            'error': 'Internal server error',\r\n            'session_id': session_id if 'session_id' in locals() else None\r\n        })\r\n\r\ndef sanitize_input(text: str) -\u003e str:\r\n    \"\"\"\r\n    Sanitize user input to prevent injection attacks\r\n    \"\"\"\r\n    # Remove potentially dangerous characters\r\n    dangerous_chars = ['\u003c', '\u003e', '\"', \"'\", '\u0026', '\\x00', '\\r', '\\n']\r\n    for char in dangerous_chars:\r\n        text = text.replace(char, '')\r\n    \r\n    # Limit length\r\n    text = text[:1000]\r\n    \r\n    return text.strip()\r\n\r\ndef get_chat_history(session_id: str) -\u003e List[Dict[str, str]]:\r\n    \"\"\"\r\n    Retrieve chat history for the session\r\n    \"\"\"\r\n    try:\r\n        table = dynamodb.Table(DYNAMODB_TABLE_NAME)\r\n        \r\n        response = table.query(\r\n            KeyConditionExpression='session_id = :session_id',\r\n            ExpressionAttributeValues={':session_id': session_id},\r\n            ScanIndexForward=False,\r\n            Limit=10  # Last 10 messages\r\n        )\r\n        \r\n        history = []\r\n        for item in response['Items']:\r\n            history.append({\r\n                'role': item.get('role', 'user'),\r\n                'content': item.get('content', '')\r\n            })\r\n        \r\n        return history\r\n        \r\n    except Exception as e:\r\n        logger.error(f\"Error retrieving chat history: {str(e)}\")\r\n        return []\r\n\r\ndef retrieve_context(query: str) -\u003e str:\r\n    \"\"\"\r\n    Retrieve relevant context from knowledge base using OpenSearch\r\n    \"\"\"\r\n    try:\r\n        # This is a simplified version - in production, you'd use OpenSearch\r\n        # For now, we'll return a placeholder\r\n        return \"Relevant context from knowledge base would be retrieved here.\"\r\n        \r\n    except Exception as e:\r\n        logger.error(f\"Error retrieving context: {str(e)}\")\r\n        return \"\"\r\n\r\ndef generate_response(user_message: str, context: str, chat_history: List[Dict[str, str]]) -\u003e str:\r\n    \"\"\"\r\n    Generate response using Amazon Bedrock\r\n    \"\"\"\r\n    try:\r\n        # Prepare the prompt\r\n        prompt = prepare_prompt(user_message, context, chat_history)\r\n        \r\n        # Call Bedrock\r\n        response = bedrock_runtime.invoke_model(\r\n            modelId=BEDROCK_MODEL_ID,\r\n            body=json.dumps({\r\n                \"anthropic_version\": \"bedrock-2023-05-31\",\r\n                \"max_tokens\": 1000,\r\n                \"messages\": [\r\n                    {\r\n                        \"role\": \"user\",\r\n                        \"content\": prompt\r\n                    }\r\n                ]\r\n            })\r\n        )\r\n        \r\n        # Parse response\r\n        response_body = json.loads(response['body'].read())\r\n        return response_body['content'][0]['text']\r\n        \r\n    except Exception as e:\r\n        logger.error(f\"Error generating response: {str(e)}\")\r\n        return \"I apologize, but I'm having trouble generating a response right now. Please try again later.\"\r\n\r\ndef prepare_prompt(user_message: str, context: str, chat_history: List[Dict[str, str]]) -\u003e str:\r\n    \"\"\"\r\n    Prepare the prompt for the LLM\r\n    \"\"\"\r\n    system_prompt = \"\"\"You are a helpful AI assistant. Use the provided context to answer questions accurately and helpfully. \r\n    If you don't know something, say so. Be concise but informative.\"\"\"\r\n    \r\n    # Build conversation history\r\n    history_text = \"\"\r\n    for msg in reversed(chat_history[-5:]):  # Last 5 messages\r\n        role = \"Human\" if msg['role'] == 'user' else \"Assistant\"\r\n        history_text += f\"{role}: {msg['content']}\\n\"\r\n    \r\n    prompt = f\"\"\"System: {system_prompt}\r\n\r\nContext: {context}\r\n\r\n{history_text}Human: {user_message}\r\n\r\nAssistant:\"\"\"\r\n    \r\n    return prompt\r\n\r\ndef save_conversation(session_id: str, user_id: str, user_message: str, assistant_response: str):\r\n    \"\"\"\r\n    Save conversation to DynamoDB\r\n    \"\"\"\r\n    try:\r\n        table = dynamodb.Table(DYNAMODB_TABLE_NAME)\r\n        timestamp = datetime.utcnow().isoformat()\r\n        \r\n        # Save user message\r\n        table.put_item(Item={\r\n            'session_id': session_id,\r\n            'timestamp': f\"{timestamp}#user\",\r\n            'user_id': user_id,\r\n            'role': 'user',\r\n            'content': user_message,\r\n            'ttl': int(datetime.utcnow().timestamp()) + 86400 * 30  # 30 days\r\n        })\r\n        \r\n        # Save assistant response\r\n        table.put_item(Item={\r\n            'session_id': session_id,\r\n            'timestamp': f\"{timestamp}#assistant\",\r\n            'user_id': user_id,\r\n            'role': 'assistant',\r\n            'content': assistant_response,\r\n            'ttl': int(datetime.utcnow().timestamp()) + 86400 * 30  # 30 days\r\n        })\r\n        \r\n    except Exception as e:\r\n        logger.error(f\"Error saving conversation: {str(e)}\")\r\n\r\ndef create_response(status_code: int, body: Dict[str, Any]) -\u003e Dict[str, Any]:\r\n    \"\"\"\r\n    Create a standardized response\r\n    \"\"\"\r\n    return {\r\n        'statusCode': status_code,\r\n        'headers': {\r\n            'Content-Type': 'application/json',\r\n            'Access-Control-Allow-Origin': '*',\r\n            'Access-Control-Allow-Headers': 'Content-Type',\r\n            'Access-Control-Allow-Methods': 'OPTIONS,POST,GET'\r\n        },\r\n        'body': json.dumps(body)\r\n    }\r\n",
                "filename": "lambda_function.py"
              }
            ],
            "source_content": null,
            "source_content_filename": null,
            "source_dir": null,
            "source_file": null,
            "type": "zip"
          },
          "sensitive_attributes": [],
          "identity_schema_version": 0
        }
      ]
    },
    {
      "module": "module.lambda",
      "mode": "managed",
      "type": "aws_cloudwatch_event_rule",
      "name": "lambda_schedule",
      "provider": "provider[\"registry.terraform.io/hashicorp/aws\"]",
      "instances": [
        {
          "schema_version": 1,
          "attributes": {
            "arn": "arn:aws:events:us-east-1:396239172241:rule/rag-chatbot-prod-lambda-schedule",
            "description": "Trigger Lambda function on schedule",
            "event_bus_name": "default",
            "event_pattern": null,
            "force_destroy": false,
            "id": "rag-chatbot-prod-lambda-schedule",
            "is_enabled": true,
            "name": "rag-chatbot-prod-lambda-schedule",
            "name_prefix": "",
            "role_arn": "",
            "schedule_expression": "rate(5 minutes)",
            "state": "ENABLED",
            "tags": {
              "Environment": "prod",
              "ManagedBy": "Terraform",
              "Project": "rag-chatbot"
            },
            "tags_all": {
              "Environment": "prod",
              "ManagedBy": "Terraform",
              "Project": "rag-chatbot",
              "Security": "High"
            }
          },
          "sensitive_attributes": [],
          "identity_schema_version": 0,
          "private": "eyJzY2hlbWFfdmVyc2lvbiI6IjEifQ=="
        }
      ]
    },
    {
      "module": "module.lambda",
      "mode": "managed",
      "type": "aws_cloudwatch_log_group",
      "name": "lambda",
      "provider": "provider[\"registry.terraform.io/hashicorp/aws\"]",
      "instances": [
        {
          "schema_version": 0,
          "attributes": {
            "arn": "arn:aws:logs:us-east-1:396239172241:log-group:/aws/lambda/rag-chatbot-prod-rag-chatbot",
            "id": "/aws/lambda/rag-chatbot-prod-rag-chatbot",
            "kms_key_id": "",
            "log_group_class": "STANDARD",
            "name": "/aws/lambda/rag-chatbot-prod-rag-chatbot",
            "name_prefix": "",
            "retention_in_days": 30,
            "skip_destroy": false,
            "tags": {
              "Environment": "prod",
              "ManagedBy": "Terraform",
              "Project": "rag-chatbot"
            },
            "tags_all": {
              "Environment": "prod",
              "ManagedBy": "Terraform",
              "Project": "rag-chatbot",
              "Security": "High"
            }
          },
          "sensitive_attributes": [],
          "identity_schema_version": 0,
          "private": "bnVsbA==",
          "create_before_destroy": true
        }
      ]
    },
    {
      "module": "module.lambda",
      "mode": "managed",
      "type": "aws_lambda_layer_version",
      "name": "dependencies",
      "provider": "provider[\"registry.terraform.io/hashicorp/aws\"]",
      "instances": [
        {
          "schema_version": 0,
          "attributes": {
            "arn": "arn:aws:lambda:us-east-1:396239172241:layer:rag-chatbot-prod-dependencies:1",
            "code_sha256": "gotypD8xUgWpBkEJcWa6KzpI7NeAiFfrqNfwo2zMyyM=",
            "compatible_architectures": null,
            "compatible_runtimes": [
              "python3.11"
            ],
            "created_date": "2025-09-20T14:14:10.224+0000",
            "description": "",
            "filename": "../modules/lambda/lambda_layer.zip",
            "id": "arn:aws:lambda:us-east-1:396239172241:layer:rag-chatbot-prod-dependencies:1",
            "layer_arn": "arn:aws:lambda:us-east-1:396239172241:layer:rag-chatbot-prod-dependencies",
            "layer_name": "rag-chatbot-prod-dependencies",
            "license_info": "",
            "s3_bucket": null,
            "s3_key": null,
            "s3_object_version": null,
            "signing_job_arn": "",
            "signing_profile_version_arn": "",
            "skip_destroy": false,
            "source_code_hash": "",
            "source_code_size": 248,
            "version": "1"
          },
          "sensitive_attributes": [],
          "identity_schema_version": 0,
          "private": "bnVsbA==",
          "dependencies": [
            "module.lambda.data.archive_file.lambda_layer_zip"
          ]
        }
      ]
    },
    {
      "module": "module.monitoring",
      "mode": "data",
      "type": "aws_caller_identity",
      "name": "current",
      "provider": "provider[\"registry.terraform.io/hashicorp/aws\"]",
      "instances": [
        {
          "schema_version": 0,
          "attributes": {
            "account_id": "396239172241",
            "arn": "arn:aws:iam::396239172241:user/msh_dev",
            "id": "396239172241",
            "user_id": "AIDAVYQNR6KI3IIRAT24W"
          },
          "sensitive_attributes": [],
          "identity_schema_version": 0
        }
      ]
    },
    {
      "module": "module.monitoring",
      "mode": "data",
      "type": "aws_region",
      "name": "current",
      "provider": "provider[\"registry.terraform.io/hashicorp/aws\"]",
      "instances": [
        {
          "schema_version": 0,
          "attributes": {
            "description": "US East (N. Virginia)",
            "endpoint": "ec2.us-east-1.amazonaws.com",
            "id": "us-east-1",
            "name": "us-east-1"
          },
          "sensitive_attributes": [],
          "identity_schema_version": 0
        }
      ]
    },
    {
      "module": "module.monitoring",
      "mode": "managed",
      "type": "aws_cloudwatch_log_group",
      "name": "application",
      "provider": "provider[\"registry.terraform.io/hashicorp/aws\"]",
      "instances": [
        {
          "schema_version": 0,
          "attributes": {
            "arn": "arn:aws:logs:us-east-1:396239172241:log-group:/aws/application/rag-chatbot-prod",
            "id": "/aws/application/rag-chatbot-prod",
            "kms_key_id": "",
            "log_group_class": "STANDARD",
            "name": "/aws/application/rag-chatbot-prod",
            "name_prefix": "",
            "retention_in_days": 30,
            "skip_destroy": false,
            "tags": {
              "Environment": "prod",
              "ManagedBy": "Terraform",
              "Project": "rag-chatbot"
            },
            "tags_all": {
              "Environment": "prod",
              "ManagedBy": "Terraform",
              "Project": "rag-chatbot",
              "Security": "High"
            }
          },
          "sensitive_attributes": [],
          "identity_schema_version": 0,
          "private": "bnVsbA=="
        }
      ]
    },
    {
      "module": "module.monitoring",
      "mode": "managed",
      "type": "aws_cloudwatch_log_stream",
      "name": "api_gateway",
      "provider": "provider[\"registry.terraform.io/hashicorp/aws\"]",
      "instances": [
        {
          "schema_version": 0,
          "attributes": {
            "arn": "arn:aws:logs:us-east-1:396239172241:log-group:/aws/application/rag-chatbot-prod:log-stream:api-gateway-logs",
            "id": "api-gateway-logs",
            "log_group_name": "/aws/application/rag-chatbot-prod",
            "name": "api-gateway-logs"
          },
          "sensitive_attributes": [],
          "identity_schema_version": 0,
          "private": "bnVsbA==",
          "dependencies": [
            "module.monitoring.aws_cloudwatch_log_group.application"
          ]
        }
      ]
    },
    {
      "module": "module.monitoring",
      "mode": "managed",
      "type": "aws_cloudwatch_log_stream",
      "name": "ecs",
      "provider": "provider[\"registry.terraform.io/hashicorp/aws\"]",
      "instances": [
        {
          "schema_version": 0,
          "attributes": {
            "arn": "arn:aws:logs:us-east-1:396239172241:log-group:/aws/application/rag-chatbot-prod:log-stream:ecs-logs",
            "id": "ecs-logs",
            "log_group_name": "/aws/application/rag-chatbot-prod",
            "name": "ecs-logs"
          },
          "sensitive_attributes": [],
          "identity_schema_version": 0,
          "private": "bnVsbA==",
          "dependencies": [
            "module.monitoring.aws_cloudwatch_log_group.application"
          ]
        }
      ]
    },
    {
      "module": "module.monitoring",
      "mode": "managed",
      "type": "aws_cloudwatch_log_stream",
      "name": "lambda",
      "provider": "provider[\"registry.terraform.io/hashicorp/aws\"]",
      "instances": [
        {
          "schema_version": 0,
          "attributes": {
            "arn": "arn:aws:logs:us-east-1:396239172241:log-group:/aws/application/rag-chatbot-prod:log-stream:lambda-logs",
            "id": "lambda-logs",
            "log_group_name": "/aws/application/rag-chatbot-prod",
            "name": "lambda-logs"
          },
          "sensitive_attributes": [],
          "identity_schema_version": 0,
          "private": "bnVsbA==",
          "dependencies": [
            "module.monitoring.aws_cloudwatch_log_group.application"
          ]
        }
      ]
    },
    {
      "module": "module.monitoring",
      "mode": "managed",
      "type": "aws_cloudwatch_metric_alarm",
      "name": "api_gateway_4xx_errors",
      "provider": "provider[\"registry.terraform.io/hashicorp/aws\"]",
      "instances": [
        {
          "schema_version": 1,
          "attributes": {
            "actions_enabled": true,
            "alarm_actions": [
              "arn:aws:sns:us-east-1:396239172241:rag-chatbot-prod-alerts"
            ],
            "alarm_description": "This metric monitors API Gateway 4XX errors",
            "alarm_name": "rag-chatbot-prod-api-gateway-4xx-errors",
            "arn": "arn:aws:cloudwatch:us-east-1:396239172241:alarm:rag-chatbot-prod-api-gateway-4xx-errors",
            "comparison_operator": "GreaterThanThreshold",
            "datapoints_to_alarm": 0,
            "dimensions": {
              "ApiName": "rag-chatbot-prod-api"
            },
            "evaluate_low_sample_count_percentiles": "",
            "evaluation_periods": 2,
            "extended_statistic": "",
            "id": "rag-chatbot-prod-api-gateway-4xx-errors",
            "insufficient_data_actions": null,
            "metric_name": "4XXError",
            "metric_query": [],
            "namespace": "AWS/ApiGateway",
            "ok_actions": null,
            "period": 300,
            "statistic": "Sum",
            "tags": {
              "Environment": "prod",
              "ManagedBy": "Terraform",
              "Project": "rag-chatbot"
            },
            "tags_all": {
              "Environment": "prod",
              "ManagedBy": "Terraform",
              "Project": "rag-chatbot",
              "Security": "High"
            },
            "threshold": 10,
            "threshold_metric_id": "",
            "treat_missing_data": "missing",
            "unit": ""
          },
          "sensitive_attributes": [],
          "identity_schema_version": 0,
          "private": "eyJzY2hlbWFfdmVyc2lvbiI6IjEifQ==",
          "dependencies": [
            "module.api_gateway.aws_api_gateway_rest_api.main",
            "module.monitoring.aws_sns_topic.alerts"
          ]
        }
      ]
    },
    {
      "module": "module.monitoring",
      "mode": "managed",
      "type": "aws_cloudwatch_metric_alarm",
      "name": "api_gateway_5xx_errors",
      "provider": "provider[\"registry.terraform.io/hashicorp/aws\"]",
      "instances": [
        {
          "schema_version": 1,
          "attributes": {
            "actions_enabled": true,
            "alarm_actions": [
              "arn:aws:sns:us-east-1:396239172241:rag-chatbot-prod-alerts"
            ],
            "alarm_description": "This metric monitors API Gateway 5XX errors",
            "alarm_name": "rag-chatbot-prod-api-gateway-5xx-errors",
            "arn": "arn:aws:cloudwatch:us-east-1:396239172241:alarm:rag-chatbot-prod-api-gateway-5xx-errors",
            "comparison_operator": "GreaterThanThreshold",
            "datapoints_to_alarm": 0,
            "dimensions": {
              "ApiName": "rag-chatbot-prod-api"
            },
            "evaluate_low_sample_count_percentiles": "",
            "evaluation_periods": 1,
            "extended_statistic": "",
            "id": "rag-chatbot-prod-api-gateway-5xx-errors",
            "insufficient_data_actions": null,
            "metric_name": "5XXError",
            "metric_query": [],
            "namespace": "AWS/ApiGateway",
            "ok_actions": null,
            "period": 300,
            "statistic": "Sum",
            "tags": {
              "Environment": "prod",
              "ManagedBy": "Terraform",
              "Project": "rag-chatbot"
            },
            "tags_all": {
              "Environment": "prod",
              "ManagedBy": "Terraform",
              "Project": "rag-chatbot",
              "Security": "High"
            },
            "threshold": 5,
            "threshold_metric_id": "",
            "treat_missing_data": "missing",
            "unit": ""
          },
          "sensitive_attributes": [],
          "identity_schema_version": 0,
          "private": "eyJzY2hlbWFfdmVyc2lvbiI6IjEifQ==",
          "dependencies": [
            "module.api_gateway.aws_api_gateway_rest_api.main",
            "module.monitoring.aws_sns_topic.alerts"
          ]
        }
      ]
    },
    {
      "module": "module.monitoring",
      "mode": "managed",
      "type": "aws_sns_topic",
      "name": "alerts",
      "provider": "provider[\"registry.terraform.io/hashicorp/aws\"]",
      "instances": [
        {
          "schema_version": 0,
          "attributes": {
            "application_failure_feedback_role_arn": "",
            "application_success_feedback_role_arn": "",
            "application_success_feedback_sample_rate": 0,
            "archive_policy": "",
            "arn": "arn:aws:sns:us-east-1:396239172241:rag-chatbot-prod-alerts",
            "beginning_archive_time": "",
            "content_based_deduplication": false,
            "delivery_policy": "",
            "display_name": "",
            "fifo_throughput_scope": "",
            "fifo_topic": false,
            "firehose_failure_feedback_role_arn": "",
            "firehose_success_feedback_role_arn": "",
            "firehose_success_feedback_sample_rate": 0,
            "http_failure_feedback_role_arn": "",
            "http_success_feedback_role_arn": "",
            "http_success_feedback_sample_rate": 0,
            "id": "arn:aws:sns:us-east-1:396239172241:rag-chatbot-prod-alerts",
            "kms_master_key_id": "",
            "lambda_failure_feedback_role_arn": "",
            "lambda_success_feedback_role_arn": "",
            "lambda_success_feedback_sample_rate": 0,
            "name": "rag-chatbot-prod-alerts",
            "name_prefix": "",
            "owner": "396239172241",
            "policy": "{\"Id\":\"__default_policy_ID\",\"Statement\":[{\"Action\":[\"SNS:GetTopicAttributes\",\"SNS:SetTopicAttributes\",\"SNS:AddPermission\",\"SNS:RemovePermission\",\"SNS:DeleteTopic\",\"SNS:Subscribe\",\"SNS:ListSubscriptionsByTopic\",\"SNS:Publish\"],\"Condition\":{\"StringEquals\":{\"AWS:SourceOwner\":\"396239172241\"}},\"Effect\":\"Allow\",\"Principal\":{\"AWS\":\"*\"},\"Resource\":\"arn:aws:sns:us-east-1:396239172241:rag-chatbot-prod-alerts\",\"Sid\":\"__default_statement_ID\"}],\"Version\":\"2008-10-17\"}",
            "signature_version": 0,
            "sqs_failure_feedback_role_arn": "",
            "sqs_success_feedback_role_arn": "",
            "sqs_success_feedback_sample_rate": 0,
            "tags": {
              "Environment": "prod",
              "ManagedBy": "Terraform",
              "Project": "rag-chatbot"
            },
            "tags_all": {
              "Environment": "prod",
              "ManagedBy": "Terraform",
              "Project": "rag-chatbot",
              "Security": "High"
            },
            "tracing_config": ""
          },
          "sensitive_attributes": [],
          "identity_schema_version": 0,
          "private": "bnVsbA=="
        }
      ]
    },
    {
      "module": "module.monitoring",
      "mode": "managed",
      "type": "aws_sns_topic_policy",
      "name": "alerts",
      "provider": "provider[\"registry.terraform.io/hashicorp/aws\"]",
      "instances": [
        {
          "schema_version": 0,
          "attributes": {
            "arn": "arn:aws:sns:us-east-1:396239172241:rag-chatbot-prod-alerts",
            "id": "arn:aws:sns:us-east-1:396239172241:rag-chatbot-prod-alerts",
            "owner": "396239172241",
            "policy": "{\"Statement\":[{\"Action\":\"SNS:Publish\",\"Effect\":\"Allow\",\"Principal\":{\"Service\":\"cloudwatch.amazonaws.com\"},\"Resource\":\"arn:aws:sns:us-east-1:396239172241:rag-chatbot-prod-alerts\"}],\"Version\":\"2012-10-17\"}"
          },
          "sensitive_attributes": [],
          "identity_schema_version": 0,
          "private": "bnVsbA==",
          "dependencies": [
            "module.monitoring.aws_sns_topic.alerts"
          ]
        }
      ]
    },
    {
      "module": "module.opensearch",
      "mode": "data",
      "type": "aws_caller_identity",
      "name": "current",
      "provider": "provider[\"registry.terraform.io/hashicorp/aws\"]",
      "instances": [
        {
          "schema_version": 0,
          "attributes": {
            "account_id": "396239172241",
            "arn": "arn:aws:iam::396239172241:user/msh_dev",
            "id": "396239172241",
            "user_id": "AIDAVYQNR6KI3IIRAT24W"
          },
          "sensitive_attributes": [],
          "identity_schema_version": 0
        }
      ]
    },
    {
      "module": "module.opensearch",
      "mode": "data",
      "type": "aws_region",
      "name": "current",
      "provider": "provider[\"registry.terraform.io/hashicorp/aws\"]",
      "instances": [
        {
          "schema_version": 0,
          "attributes": {
            "description": "US East (N. Virginia)",
            "endpoint": "ec2.us-east-1.amazonaws.com",
            "id": "us-east-1",
            "name": "us-east-1"
          },
          "sensitive_attributes": [],
          "identity_schema_version": 0
        }
      ]
    },
    {
      "module": "module.opensearch",
      "mode": "managed",
      "type": "aws_cloudwatch_log_group",
      "name": "opensearch",
      "provider": "provider[\"registry.terraform.io/hashicorp/aws\"]",
      "instances": [
        {
          "schema_version": 0,
          "attributes": {
            "arn": "arn:aws:logs:us-east-1:396239172241:log-group:/aws/opensearch/domains/rag-chatbot-prod",
            "id": "/aws/opensearch/domains/rag-chatbot-prod",
            "kms_key_id": "",
            "log_group_class": "STANDARD",
            "name": "/aws/opensearch/domains/rag-chatbot-prod",
            "name_prefix": "",
            "retention_in_days": 30,
            "skip_destroy": false,
            "tags": {
              "Environment": "prod",
              "ManagedBy": "Terraform",
              "Project": "rag-chatbot"
            },
            "tags_all": {
              "Environment": "prod",
              "ManagedBy": "Terraform",
              "Project": "rag-chatbot",
              "Security": "High"
            }
          },
          "sensitive_attributes": [],
          "identity_schema_version": 0,
          "private": "bnVsbA==",
          "create_before_destroy": true
        }
      ]
    },
    {
      "module": "module.opensearch",
      "mode": "managed",
      "type": "aws_cloudwatch_log_resource_policy",
      "name": "opensearch",
      "provider": "provider[\"registry.terraform.io/hashicorp/aws\"]",
      "instances": [
        {
          "schema_version": 0,
          "attributes": {
            "id": "rag-chatbot-prod-opensearch-logs",
            "policy_document": "{\"Statement\":[{\"Action\":[\"logs:PutLogEvents\",\"logs:CreateLogGroup\",\"logs:CreateLogStream\"],\"Effect\":\"Allow\",\"Principal\":{\"Service\":\"es.amazonaws.com\"},\"Resource\":\"arn:aws:logs:us-east-1:396239172241:*\"}],\"Version\":\"2012-10-17\"}",
            "policy_name": "rag-chatbot-prod-opensearch-logs"
          },
          "sensitive_attributes": [],
          "identity_schema_version": 0,
          "private": "bnVsbA==",
          "dependencies": [
            "module.opensearch.data.aws_caller_identity.current",
            "module.opensearch.data.aws_region.current"
          ]
        }
      ]
    },
    {
      "module": "module.opensearch",
      "mode": "managed",
      "type": "random_password",
      "name": "opensearch_password",
      "provider": "provider[\"registry.terraform.io/hashicorp/random\"]",
      "instances": [
        {
          "schema_version": 3,
          "attributes": {
            "bcrypt_hash": "$2a$10$avygNhnGjVzVkmlYe7zHwuLctHAQy3X3S0Ccs2ywxJ0QYpMiXqthe",
            "id": "none",
            "keepers": null,
            "length": 16,
            "lower": true,
            "min_lower": 0,
            "min_numeric": 0,
            "min_special": 0,
            "min_upper": 0,
            "number": true,
            "numeric": true,
            "override_special": null,
            "result": "]WdgsIfr-V]7xh$0",
            "special": true,
            "upper": true
          },
          "sensitive_attributes": [
            [
              {
                "type": "get_attr",
                "value": "bcrypt_hash"
              }
            ],
            [
              {
                "type": "get_attr",
                "value": "result"
              }
            ]
          ],
          "identity_schema_version": 0,
          "create_before_destroy": true
        }
      ]
    },
    {
      "module": "module.s3",
      "mode": "data",
      "type": "aws_caller_identity",
      "name": "current",
      "provider": "provider[\"registry.terraform.io/hashicorp/aws\"]",
      "instances": [
        {
          "schema_version": 0,
          "attributes": {
            "account_id": "396239172241",
            "arn": "arn:aws:iam::396239172241:user/msh_dev",
            "id": "396239172241",
            "user_id": "AIDAVYQNR6KI3IIRAT24W"
          },
          "sensitive_attributes": [],
          "identity_schema_version": 0
        }
      ]
    },
    {
      "module": "module.s3",
      "mode": "managed",
      "type": "aws_s3_bucket",
      "name": "documents",
      "provider": "provider[\"registry.terraform.io/hashicorp/aws\"]",
      "instances": [
        {
          "schema_version": 0,
          "attributes": {
            "acceleration_status": "",
            "acl": null,
            "arn": "arn:aws:s3:::rag-chatbot-prod-documents-y1hq98t3",
            "bucket": "rag-chatbot-prod-documents-y1hq98t3",
            "bucket_domain_name": "rag-chatbot-prod-documents-y1hq98t3.s3.amazonaws.com",
            "bucket_prefix": "",
            "bucket_regional_domain_name": "rag-chatbot-prod-documents-y1hq98t3.s3.us-east-1.amazonaws.com",
            "cors_rule": [],
            "force_destroy": false,
            "grant": [
              {
                "id": "28d7b3dd2547c5315881accdd34d7942d73f8f4808df5554cad08ef2ee6c9309",
                "permissions": [
                  "FULL_CONTROL"
                ],
                "type": "CanonicalUser",
                "uri": ""
              }
            ],
            "hosted_zone_id": "Z3AQBSTGFYJSTF",
            "id": "rag-chatbot-prod-documents-y1hq98t3",
            "lifecycle_rule": [],
            "logging": [],
            "object_lock_configuration": [],
            "object_lock_enabled": false,
            "policy": "",
            "region": "us-east-1",
            "replication_configuration": [],
            "request_payer": "BucketOwner",
            "server_side_encryption_configuration": [
              {
                "rule": [
                  {
                    "apply_server_side_encryption_by_default": [
                      {
                        "kms_master_key_id": "",
                        "sse_algorithm": "AES256"
                      }
                    ],
                    "bucket_key_enabled": false
                  }
                ]
              }
            ],
            "tags": {
              "Environment": "prod",
              "ManagedBy": "Terraform",
              "Name": "rag-chatbot-prod-documents",
              "Project": "rag-chatbot",
              "Type": "Documents"
            },
            "tags_all": {
              "Environment": "prod",
              "ManagedBy": "Terraform",
              "Name": "rag-chatbot-prod-documents",
              "Project": "rag-chatbot",
              "Security": "High",
              "Type": "Documents"
            },
            "timeouts": null,
            "versioning": [
              {
                "enabled": false,
                "mfa_delete": false
              }
            ],
            "website": [],
            "website_domain": null,
            "website_endpoint": null
          },
          "sensitive_attributes": [],
          "identity_schema_version": 0,
          "private": "eyJlMmJmYjczMC1lY2FhLTExZTYtOGY4OC0zNDM2M2JjN2M0YzAiOnsiY3JlYXRlIjoxMjAwMDAwMDAwMDAwLCJkZWxldGUiOjM2MDAwMDAwMDAwMDAsInJlYWQiOjEyMDAwMDAwMDAwMDAsInVwZGF0ZSI6MTIwMDAwMDAwMDAwMH19",
          "dependencies": [
            "module.s3.random_string.bucket_suffix"
          ],
          "create_before_destroy": true
        }
      ]
    },
    {
      "module": "module.s3",
      "mode": "managed",
      "type": "aws_s3_bucket",
      "name": "logs",
      "provider": "provider[\"registry.terraform.io/hashicorp/aws\"]",
      "instances": [
        {
          "schema_version": 0,
          "attributes": {
            "acceleration_status": "",
            "acl": null,
            "arn": "arn:aws:s3:::rag-chatbot-prod-logs-y1hq98t3",
            "bucket": "rag-chatbot-prod-logs-y1hq98t3",
            "bucket_domain_name": "rag-chatbot-prod-logs-y1hq98t3.s3.amazonaws.com",
            "bucket_prefix": "",
            "bucket_regional_domain_name": "rag-chatbot-prod-logs-y1hq98t3.s3.us-east-1.amazonaws.com",
            "cors_rule": [],
            "force_destroy": false,
            "grant": [
              {
                "id": "28d7b3dd2547c5315881accdd34d7942d73f8f4808df5554cad08ef2ee6c9309",
                "permissions": [
                  "FULL_CONTROL"
                ],
                "type": "CanonicalUser",
                "uri": ""
              }
            ],
            "hosted_zone_id": "Z3AQBSTGFYJSTF",
            "id": "rag-chatbot-prod-logs-y1hq98t3",
            "lifecycle_rule": [],
            "logging": [],
            "object_lock_configuration": [],
            "object_lock_enabled": false,
            "policy": "",
            "region": "us-east-1",
            "replication_configuration": [],
            "request_payer": "BucketOwner",
            "server_side_encryption_configuration": [
              {
                "rule": [
                  {
                    "apply_server_side_encryption_by_default": [
                      {
                        "kms_master_key_id": "",
                        "sse_algorithm": "AES256"
                      }
                    ],
                    "bucket_key_enabled": false
                  }
                ]
              }
            ],
            "tags": {
              "Environment": "prod",
              "ManagedBy": "Terraform",
              "Name": "rag-chatbot-prod-logs",
              "Project": "rag-chatbot",
              "Type": "Logs"
            },
            "tags_all": {
              "Environment": "prod",
              "ManagedBy": "Terraform",
              "Name": "rag-chatbot-prod-logs",
              "Project": "rag-chatbot",
              "Security": "High",
              "Type": "Logs"
            },
            "timeouts": null,
            "versioning": [
              {
                "enabled": false,
                "mfa_delete": false
              }
            ],
            "website": [],
            "website_domain": null,
            "website_endpoint": null
          },
          "sensitive_attributes": [],
          "identity_schema_version": 0,
          "private": "eyJlMmJmYjczMC1lY2FhLTExZTYtOGY4OC0zNDM2M2JjN2M0YzAiOnsiY3JlYXRlIjoxMjAwMDAwMDAwMDAwLCJkZWxldGUiOjM2MDAwMDAwMDAwMDAsInJlYWQiOjEyMDAwMDAwMDAwMDAsInVwZGF0ZSI6MTIwMDAwMDAwMDAwMH19",
          "dependencies": [
            "module.s3.random_string.bucket_suffix"
          ]
        }
      ]
    },
    {
      "module": "module.s3",
      "mode": "managed",
      "type": "aws_s3_bucket_lifecycle_configuration",
      "name": "documents",
      "provider": "provider[\"registry.terraform.io/hashicorp/aws\"]",
      "instances": []
    },
    {
      "module": "module.s3",
      "mode": "managed",
      "type": "aws_s3_bucket_lifecycle_configuration",
      "name": "logs",
      "provider": "provider[\"registry.terraform.io/hashicorp/aws\"]",
      "instances": []
    },
    {
      "module": "module.s3",
      "mode": "managed",
      "type": "aws_s3_bucket_notification",
      "name": "documents",
      "provider": "provider[\"registry.terraform.io/hashicorp/aws\"]",
      "instances": [
        {
          "schema_version": 0,
          "attributes": {
            "bucket": "rag-chatbot-prod-documents-y1hq98t3",
            "eventbridge": true,
            "id": "rag-chatbot-prod-documents-y1hq98t3",
            "lambda_function": [],
            "queue": [],
            "topic": []
          },
          "sensitive_attributes": [],
          "identity_schema_version": 0,
          "private": "bnVsbA==",
          "dependencies": [
            "module.s3.aws_s3_bucket.documents",
            "module.s3.random_string.bucket_suffix"
          ]
        }
      ]
    },
    {
      "module": "module.s3",
      "mode": "managed",
      "type": "aws_s3_bucket_policy",
      "name": "documents",
      "provider": "provider[\"registry.terraform.io/hashicorp/aws\"]",
      "instances": [
        {
          "schema_version": 0,
          "attributes": {
            "bucket": "rag-chatbot-prod-documents-y1hq98t3",
            "id": "rag-chatbot-prod-documents-y1hq98t3",
            "policy": "{\"Statement\":[{\"Action\":\"s3:*\",\"Condition\":{\"Bool\":{\"aws:SecureTransport\":\"false\"}},\"Effect\":\"Deny\",\"Principal\":\"*\",\"Resource\":[\"arn:aws:s3:::rag-chatbot-prod-documents-y1hq98t3\",\"arn:aws:s3:::rag-chatbot-prod-documents-y1hq98t3/*\"],\"Sid\":\"DenyInsecureConnections\"},{\"Action\":[\"s3:GetObject\",\"s3:ListBucket\"],\"Effect\":\"Allow\",\"Principal\":{\"AWS\":\"arn:aws:iam::396239172241:role/rag-chatbot-prod-bedrock-kb-role\"},\"Resource\":[\"arn:aws:s3:::rag-chatbot-prod-documents-y1hq98t3\",\"arn:aws:s3:::rag-chatbot-prod-documents-y1hq98t3/*\"],\"Sid\":\"AllowBedrockAccess\"}],\"Version\":\"2012-10-17\"}"
          },
          "sensitive_attributes": [],
          "identity_schema_version": 0,
          "private": "bnVsbA==",
          "dependencies": [
            "module.s3.aws_s3_bucket.documents",
            "module.s3.data.aws_caller_identity.current",
            "module.s3.random_string.bucket_suffix"
          ]
        }
      ]
    },
    {
      "module": "module.s3",
      "mode": "managed",
      "type": "aws_s3_bucket_policy",
      "name": "logs",
      "provider": "provider[\"registry.terraform.io/hashicorp/aws\"]",
      "instances": [
        {
          "schema_version": 0,
          "attributes": {
            "bucket": "rag-chatbot-prod-logs-y1hq98t3",
            "id": "rag-chatbot-prod-logs-y1hq98t3",
            "policy": "{\"Statement\":[{\"Action\":\"s3:*\",\"Condition\":{\"Bool\":{\"aws:SecureTransport\":\"false\"}},\"Effect\":\"Deny\",\"Principal\":\"*\",\"Resource\":[\"arn:aws:s3:::rag-chatbot-prod-logs-y1hq98t3\",\"arn:aws:s3:::rag-chatbot-prod-logs-y1hq98t3/*\"],\"Sid\":\"DenyInsecureConnections\"},{\"Action\":\"s3:PutObject\",\"Condition\":{\"StringEquals\":{\"s3:x-amz-acl\":\"bucket-owner-full-control\"}},\"Effect\":\"Allow\",\"Principal\":{\"Service\":\"logs.amazonaws.com\"},\"Resource\":\"arn:aws:s3:::rag-chatbot-prod-logs-y1hq98t3/*\",\"Sid\":\"AllowCloudWatchLogsAccess\"}],\"Version\":\"2012-10-17\"}"
          },
          "sensitive_attributes": [],
          "identity_schema_version": 0,
          "private": "bnVsbA==",
          "dependencies": [
            "module.s3.aws_s3_bucket.logs",
            "module.s3.random_string.bucket_suffix"
          ]
        }
      ]
    },
    {
      "module": "module.s3",
      "mode": "managed",
      "type": "aws_s3_bucket_public_access_block",
      "name": "documents",
      "provider": "provider[\"registry.terraform.io/hashicorp/aws\"]",
      "instances": [
        {
          "schema_version": 0,
          "attributes": {
            "block_public_acls": true,
            "block_public_policy": true,
            "bucket": "rag-chatbot-prod-documents-y1hq98t3",
            "id": "rag-chatbot-prod-documents-y1hq98t3",
            "ignore_public_acls": true,
            "restrict_public_buckets": true
          },
          "sensitive_attributes": [],
          "identity_schema_version": 0,
          "private": "bnVsbA==",
          "dependencies": [
            "module.s3.aws_s3_bucket.documents",
            "module.s3.random_string.bucket_suffix"
          ]
        }
      ]
    },
    {
      "module": "module.s3",
      "mode": "managed",
      "type": "aws_s3_bucket_public_access_block",
      "name": "logs",
      "provider": "provider[\"registry.terraform.io/hashicorp/aws\"]",
      "instances": [
        {
          "schema_version": 0,
          "attributes": {
            "block_public_acls": true,
            "block_public_policy": true,
            "bucket": "rag-chatbot-prod-logs-y1hq98t3",
            "id": "rag-chatbot-prod-logs-y1hq98t3",
            "ignore_public_acls": true,
            "restrict_public_buckets": true
          },
          "sensitive_attributes": [],
          "identity_schema_version": 0,
          "private": "bnVsbA==",
          "dependencies": [
            "module.s3.aws_s3_bucket.logs",
            "module.s3.random_string.bucket_suffix"
          ]
        }
      ]
    },
    {
      "module": "module.s3",
      "mode": "managed",
      "type": "aws_s3_bucket_versioning",
      "name": "documents",
      "provider": "provider[\"registry.terraform.io/hashicorp/aws\"]",
      "instances": [
        {
          "schema_version": 0,
          "attributes": {
            "bucket": "rag-chatbot-prod-documents-y1hq98t3",
            "expected_bucket_owner": "",
            "id": "rag-chatbot-prod-documents-y1hq98t3",
            "mfa": null,
            "versioning_configuration": [
              {
                "mfa_delete": "",
                "status": "Enabled"
              }
            ]
          },
          "sensitive_attributes": [],
          "identity_schema_version": 0,
          "private": "bnVsbA==",
          "dependencies": [
            "module.s3.aws_s3_bucket.documents",
            "module.s3.random_string.bucket_suffix"
          ]
        }
      ]
    },
    {
      "module": "module.s3",
      "mode": "managed",
      "type": "aws_s3_bucket_versioning",
      "name": "logs",
      "provider": "provider[\"registry.terraform.io/hashicorp/aws\"]",
      "instances": [
        {
          "schema_version": 0,
          "attributes": {
            "bucket": "rag-chatbot-prod-logs-y1hq98t3",
            "expected_bucket_owner": "",
            "id": "rag-chatbot-prod-logs-y1hq98t3",
            "mfa": null,
            "versioning_configuration": [
              {
                "mfa_delete": "",
                "status": "Enabled"
              }
            ]
          },
          "sensitive_attributes": [],
          "identity_schema_version": 0,
          "private": "bnVsbA==",
          "dependencies": [
            "module.s3.aws_s3_bucket.logs",
            "module.s3.random_string.bucket_suffix"
          ]
        }
      ]
    },
    {
      "module": "module.s3",
      "mode": "managed",
      "type": "random_string",
      "name": "bucket_suffix",
      "provider": "provider[\"registry.terraform.io/hashicorp/random\"]",
      "instances": [
        {
          "schema_version": 2,
          "attributes": {
            "id": "y1hq98t3",
            "keepers": null,
            "length": 8,
            "lower": true,
            "min_lower": 0,
            "min_numeric": 0,
            "min_special": 0,
            "min_upper": 0,
            "number": true,
            "numeric": true,
            "override_special": null,
            "result": "y1hq98t3",
            "special": false,
            "upper": false
          },
          "sensitive_attributes": [],
          "identity_schema_version": 0,
          "create_before_destroy": true
        }
      ]
    },
    {
      "module": "module.security_hub",
      "mode": "data",
      "type": "aws_region",
      "name": "current",
      "provider": "provider[\"registry.terraform.io/hashicorp/aws\"]",
      "instances": [
        {
          "schema_version": 0,
          "attributes": {
            "description": "US East (N. Virginia)",
            "endpoint": "ec2.us-east-1.amazonaws.com",
            "id": "us-east-1",
            "name": "us-east-1"
          },
          "sensitive_attributes": [],
          "identity_schema_version": 0
        }
      ]
    },
    {
      "module": "module.security_hub",
      "mode": "managed",
      "type": "aws_cloudwatch_metric_alarm",
      "name": "security_hub_critical_findings",
      "provider": "provider[\"registry.terraform.io/hashicorp/aws\"]",
      "instances": []
    },
    {
      "module": "module.security_hub",
      "mode": "managed",
      "type": "aws_cloudwatch_metric_alarm",
      "name": "security_hub_high_findings",
      "provider": "provider[\"registry.terraform.io/hashicorp/aws\"]",
      "instances": []
    },
    {
      "module": "module.security_hub",
      "mode": "managed",
      "type": "aws_securityhub_account",
      "name": "main",
      "provider": "provider[\"registry.terraform.io/hashicorp/aws\"]",
      "instances": []
    },
    {
      "module": "module.security_hub",
      "mode": "managed",
      "type": "aws_securityhub_action_target",
      "name": "main",
      "provider": "provider[\"registry.terraform.io/hashicorp/aws\"]",
      "instances": []
    },
    {
      "module": "module.security_hub",
      "mode": "managed",
      "type": "aws_securityhub_finding_aggregator",
      "name": "main",
      "provider": "provider[\"registry.terraform.io/hashicorp/aws\"]",
      "instances": []
    },
    {
      "module": "module.security_hub",
      "mode": "managed",
      "type": "aws_securityhub_insight",
      "name": "ecs_findings",
      "provider": "provider[\"registry.terraform.io/hashicorp/aws\"]",
      "instances": []
    },
    {
      "module": "module.security_hub",
      "mode": "managed",
      "type": "aws_securityhub_insight",
      "name": "high_severity_findings",
      "provider": "provider[\"registry.terraform.io/hashicorp/aws\"]",
      "instances": []
    },
    {
      "module": "module.security_hub",
      "mode": "managed",
      "type": "aws_securityhub_insight",
      "name": "lambda_findings",
      "provider": "provider[\"registry.terraform.io/hashicorp/aws\"]",
      "instances": []
    },
    {
      "module": "module.security_hub",
      "mode": "managed",
      "type": "aws_securityhub_standards_subscription",
      "name": "cis",
      "provider": "provider[\"registry.terraform.io/hashicorp/aws\"]",
      "instances": []
    },
    {
      "module": "module.security_hub",
      "mode": "managed",
      "type": "aws_securityhub_standards_subscription",
      "name": "nist",
      "provider": "provider[\"registry.terraform.io/hashicorp/aws\"]",
      "instances": []
    },
    {
      "module": "module.security_hub",
      "mode": "managed",
      "type": "aws_securityhub_standards_subscription",
      "name": "pci",
      "provider": "provider[\"registry.terraform.io/hashicorp/aws\"]",
      "instances": []
    },
    {
      "module": "module.security_hub",
      "mode": "managed",
      "type": "aws_sns_topic",
      "name": "security_hub_alerts",
      "provider": "provider[\"registry.terraform.io/hashicorp/aws\"]",
      "instances": []
    },
    {
      "module": "module.security_hub",
      "mode": "managed",
      "type": "aws_sns_topic_policy",
      "name": "security_hub_alerts",
      "provider": "provider[\"registry.terraform.io/hashicorp/aws\"]",
      "instances": []
    },
    {
      "module": "module.security_lake",
      "mode": "data",
      "type": "aws_caller_identity",
      "name": "current",
      "provider": "provider[\"registry.terraform.io/hashicorp/aws\"]",
      "instances": [
        {
          "schema_version": 0,
          "attributes": {
            "account_id": "396239172241",
            "arn": "arn:aws:iam::396239172241:user/msh_dev",
            "id": "396239172241",
            "user_id": "AIDAVYQNR6KI3IIRAT24W"
          },
          "sensitive_attributes": [],
          "identity_schema_version": 0
        }
      ]
    },
    {
      "module": "module.security_lake",
      "mode": "data",
      "type": "aws_region",
      "name": "current",
      "provider": "provider[\"registry.terraform.io/hashicorp/aws\"]",
      "instances": [
        {
          "schema_version": 0,
          "attributes": {
            "description": "US East (N. Virginia)",
            "endpoint": "ec2.us-east-1.amazonaws.com",
            "id": "us-east-1",
            "name": "us-east-1"
          },
          "sensitive_attributes": [],
          "identity_schema_version": 0
        }
      ]
    },
    {
      "module": "module.security_lake",
      "mode": "managed",
      "type": "aws_cloudwatch_metric_alarm",
      "name": "security_lake_events",
      "provider": "provider[\"registry.terraform.io/hashicorp/aws\"]",
      "instances": []
    },
    {
      "module": "module.security_lake",
      "mode": "managed",
      "type": "aws_iam_role",
      "name": "security_lake_role",
      "provider": "provider[\"registry.terraform.io/hashicorp/aws\"]",
      "instances": []
    },
    {
      "module": "module.security_lake",
      "mode": "managed",
      "type": "aws_s3_bucket",
      "name": "security_lake",
      "provider": "provider[\"registry.terraform.io/hashicorp/aws\"]",
      "instances": []
    },
    {
      "module": "module.security_lake",
      "mode": "managed",
      "type": "aws_s3_bucket_public_access_block",
      "name": "security_lake",
      "provider": "provider[\"registry.terraform.io/hashicorp/aws\"]",
      "instances": []
    },
    {
      "module": "module.security_lake",
      "mode": "managed",
      "type": "aws_s3_bucket_versioning",
      "name": "security_lake",
      "provider": "provider[\"registry.terraform.io/hashicorp/aws\"]",
      "instances": []
    },
    {
      "module": "module.security_lake",
      "mode": "managed",
      "type": "aws_securitylake_custom_log_source",
      "name": "main",
      "provider": "provider[\"registry.terraform.io/hashicorp/aws\"]",
      "instances": []
    },
    {
      "module": "module.security_lake",
      "mode": "managed",
      "type": "aws_securitylake_data_lake",
      "name": "main",
      "provider": "provider[\"registry.terraform.io/hashicorp/aws\"]",
      "instances": []
    },
    {
      "module": "module.security_lake",
      "mode": "managed",
      "type": "aws_securitylake_subscriber",
      "name": "main",
      "provider": "provider[\"registry.terraform.io/hashicorp/aws\"]",
      "instances": []
    },
    {
      "module": "module.security_lake",
      "mode": "managed",
      "type": "aws_sns_topic",
      "name": "security_lake_alerts",
      "provider": "provider[\"registry.terraform.io/hashicorp/aws\"]",
      "instances": []
    },
    {
      "module": "module.security_lake",
      "mode": "managed",
      "type": "aws_sns_topic_policy",
      "name": "security_lake_alerts",
      "provider": "provider[\"registry.terraform.io/hashicorp/aws\"]",
      "instances": []
    },
    {
      "module": "module.shield",
      "mode": "managed",
      "type": "aws_cloudwatch_metric_alarm",
      "name": "ddos_attack",
      "provider": "provider[\"registry.terraform.io/hashicorp/aws\"]",
      "instances": []
    },
    {
      "module": "module.shield",
      "mode": "managed",
      "type": "aws_shield_protection",
      "name": "main",
      "provider": "provider[\"registry.terraform.io/hashicorp/aws\"]",
      "instances": []
    },
    {
      "module": "module.shield",
      "mode": "managed",
      "type": "aws_shield_protection_group",
      "name": "main",
      "provider": "provider[\"registry.terraform.io/hashicorp/aws\"]",
      "instances": []
    },
    {
      "module": "module.shield",
      "mode": "managed",
      "type": "aws_shield_protection_health_check_association",
      "name": "main",
      "provider": "provider[\"registry.terraform.io/hashicorp/aws\"]",
      "instances": []
    },
    {
      "module": "module.shield",
      "mode": "managed",
      "type": "aws_shield_protection_health_check_association",
      "name": "response_team",
      "provider": "provider[\"registry.terraform.io/hashicorp/aws\"]",
      "instances": []
    },
    {
      "module": "module.shield",
      "mode": "managed",
      "type": "aws_sns_topic",
      "name": "shield_alerts",
      "provider": "provider[\"registry.terraform.io/hashicorp/aws\"]",
      "instances": []
    },
    {
      "module": "module.shield",
      "mode": "managed",
      "type": "aws_sns_topic_policy",
      "name": "shield_alerts",
      "provider": "provider[\"registry.terraform.io/hashicorp/aws\"]",
      "instances": []
    },
    {
      "module": "module.vpc",
      "mode": "data",
      "type": "aws_region",
      "name": "current",
      "provider": "provider[\"registry.terraform.io/hashicorp/aws\"]",
      "instances": [
        {
          "schema_version": 0,
          "attributes": {
            "description": "US East (N. Virginia)",
            "endpoint": "ec2.us-east-1.amazonaws.com",
            "id": "us-east-1",
            "name": "us-east-1"
          },
          "sensitive_attributes": [],
          "identity_schema_version": 0
        }
      ]
    },
    {
      "module": "module.vpc",
      "mode": "managed",
      "type": "aws_eip",
      "name": "nat",
      "provider": "provider[\"registry.terraform.io/hashicorp/aws\"]",
      "instances": []
    },
    {
      "module": "module.vpc",
      "mode": "managed",
      "type": "aws_internet_gateway",
      "name": "main",
      "provider": "provider[\"registry.terraform.io/hashicorp/aws\"]",
      "instances": [
        {
          "schema_version": 0,
          "attributes": {
            "arn": "arn:aws:ec2:us-east-1:396239172241:internet-gateway/igw-0ae66c9d5deddc518",
            "id": "igw-0ae66c9d5deddc518",
            "owner_id": "396239172241",
            "tags": {
              "Environment": "prod",
              "ManagedBy": "Terraform",
              "Name": "rag-chatbot-prod-igw",
              "Project": "rag-chatbot"
            },
            "tags_all": {
              "Environment": "prod",
              "ManagedBy": "Terraform",
              "Name": "rag-chatbot-prod-igw",
              "Project": "rag-chatbot",
              "Security": "High"
            },
            "timeouts": null,
            "vpc_id": "vpc-0ed4117281374ed44"
          },
          "sensitive_attributes": [],
          "identity_schema_version": 0,
          "private": "eyJlMmJmYjczMC1lY2FhLTExZTYtOGY4OC0zNDM2M2JjN2M0YzAiOnsiY3JlYXRlIjoxMjAwMDAwMDAwMDAwLCJkZWxldGUiOjEyMDAwMDAwMDAwMDAsInVwZGF0ZSI6MTIwMDAwMDAwMDAwMH19",
          "dependencies": [
            "module.vpc.aws_vpc.main"
          ]
        }
      ]
    },
    {
      "module": "module.vpc",
      "mode": "managed",
      "type": "aws_route_table",
      "name": "database",
      "provider": "provider[\"registry.terraform.io/hashicorp/aws\"]",
      "instances": [
        {
          "schema_version": 0,
          "attributes": {
            "arn": "arn:aws:ec2:us-east-1:396239172241:route-table/rtb-0138fb211da95c2f3",
            "id": "rtb-0138fb211da95c2f3",
            "owner_id": "396239172241",
            "propagating_vgws": [],
            "route": [],
            "tags": {
              "Environment": "prod",
              "ManagedBy": "Terraform",
              "Name": "rag-chatbot-prod-database-rt",
              "Project": "rag-chatbot"
            },
            "tags_all": {
              "Environment": "prod",
              "ManagedBy": "Terraform",
              "Name": "rag-chatbot-prod-database-rt",
              "Project": "rag-chatbot",
              "Security": "High"
            },
            "timeouts": null,
            "vpc_id": "vpc-0ed4117281374ed44"
          },
          "sensitive_attributes": [],
          "identity_schema_version": 0,
          "private": "eyJlMmJmYjczMC1lY2FhLTExZTYtOGY4OC0zNDM2M2JjN2M0YzAiOnsiY3JlYXRlIjozMDAwMDAwMDAwMDAsImRlbGV0ZSI6MzAwMDAwMDAwMDAwLCJ1cGRhdGUiOjEyMDAwMDAwMDAwMH19",
          "dependencies": [
            "module.vpc.aws_vpc.main"
          ]
        }
      ]
    },
    {
      "module": "module.vpc",
      "mode": "managed",
      "type": "aws_route_table",
      "name": "public",
      "provider": "provider[\"registry.terraform.io/hashicorp/aws\"]",
      "instances": []
    },
    {
      "module": "module.vpc",
      "mode": "managed",
      "type": "aws_subnet",
      "name": "database",
      "provider": "provider[\"registry.terraform.io/hashicorp/aws\"]",
      "instances": []
    },
    {
      "module": "module.vpc",
      "mode": "managed",
      "type": "aws_subnet",
      "name": "private",
      "provider": "provider[\"registry.terraform.io/hashicorp/aws\"]",
      "instances": []
    },
    {
      "module": "module.vpc",
      "mode": "managed",
      "type": "aws_subnet",
      "name": "public",
      "provider": "provider[\"registry.terraform.io/hashicorp/aws\"]",
      "instances": []
    },
    {
      "module": "module.vpc",
      "mode": "managed",
      "type": "aws_vpc",
      "name": "main",
      "provider": "provider[\"registry.terraform.io/hashicorp/aws\"]",
      "instances": [
        {
          "schema_version": 1,
          "attributes": {
            "arn": "arn:aws:ec2:us-east-1:396239172241:vpc/vpc-0ed4117281374ed44",
            "assign_generated_ipv6_cidr_block": false,
            "cidr_block": "10.0.0.0/16",
            "default_network_acl_id": "acl-0359c288fc4f31279",
            "default_route_table_id": "rtb-03e833887f23e8dfb",
            "default_security_group_id": "sg-095573ef7a8e3b227",
            "dhcp_options_id": "dopt-0c8f80dc5beb06257",
            "enable_dns_hostnames": true,
            "enable_dns_support": true,
            "enable_network_address_usage_metrics": false,
            "id": "vpc-0ed4117281374ed44",
            "instance_tenancy": "default",
            "ipv4_ipam_pool_id": null,
            "ipv4_netmask_length": null,
            "ipv6_association_id": "",
            "ipv6_cidr_block": "",
            "ipv6_cidr_block_network_border_group": "",
            "ipv6_ipam_pool_id": "",
            "ipv6_netmask_length": 0,
            "main_route_table_id": "rtb-03e833887f23e8dfb",
            "owner_id": "396239172241",
            "tags": {
              "Environment": "prod",
              "ManagedBy": "Terraform",
              "Name": "rag-chatbot-prod-vpc",
              "Project": "rag-chatbot"
            },
            "tags_all": {
              "Environment": "prod",
              "ManagedBy": "Terraform",
              "Name": "rag-chatbot-prod-vpc",
              "Project": "rag-chatbot",
              "Security": "High"
            }
          },
          "sensitive_attributes": [],
          "identity_schema_version": 0,
          "private": "eyJzY2hlbWFfdmVyc2lvbiI6IjEifQ==",
          "create_before_destroy": true
        }
      ]
    },
    {
      "module": "module.waf",
      "mode": "managed",
      "type": "aws_cloudwatch_log_group",
      "name": "waf",
      "provider": "provider[\"registry.terraform.io/hashicorp/aws\"]",
      "instances": [
        {
          "schema_version": 0,
          "attributes": {
            "arn": "arn:aws:logs:us-east-1:396239172241:log-group:/aws/wafv2/rag-chatbot-prod",
            "id": "/aws/wafv2/rag-chatbot-prod",
            "kms_key_id": "",
            "log_group_class": "STANDARD",
            "name": "/aws/wafv2/rag-chatbot-prod",
            "name_prefix": "",
            "retention_in_days": 30,
            "skip_destroy": false,
            "tags": {
              "Environment": "prod",
              "ManagedBy": "Terraform",
              "Project": "rag-chatbot"
            },
            "tags_all": {
              "Environment": "prod",
              "ManagedBy": "Terraform",
              "Project": "rag-chatbot",
              "Security": "High"
            }
          },
          "sensitive_attributes": [],
          "identity_schema_version": 0,
          "private": "bnVsbA=="
        }
      ]
    },
    {
      "module": "module.waf",
      "mode": "managed",
      "type": "aws_wafv2_web_acl",
      "name": "main",
      "provider": "provider[\"registry.terraform.io/hashicorp/aws\"]",
      "instances": [
        {
          "schema_version": 0,
          "attributes": {
            "application_integration_url": "",
            "arn": "arn:aws:wafv2:us-east-1:396239172241:regional/webacl/rag-chatbot-prod-waf/bafb1b9f-b591-4f39-95ec-33964969e663",
            "association_config": [],
            "capacity": 43,
            "captcha_config": [],
            "challenge_config": [],
            "custom_response_body": [],
            "data_protection_config": [],
            "default_action": [
              {
                "allow": [
                  {
                    "custom_request_handling": []
                  }
                ],
                "block": []
              }
            ],
            "description": "",
            "id": "bafb1b9f-b591-4f39-95ec-33964969e663",
            "lock_token": "43f8d8db-623b-444c-8fd1-4414dd84b4e0",
            "name": "rag-chatbot-prod-waf",
            "name_prefix": "",
            "rule": [
              {
                "action": [
                  {
                    "allow": [],
                    "block": [
                      {
                        "custom_response": []
                      }
                    ],
                    "captcha": [],
                    "challenge": [],
                    "count": []
                  }
                ],
                "captcha_config": [],
                "challenge_config": [],
                "name": "InputValidationRule",
                "override_action": [],
                "priority": 7,
                "rule_label": [],
                "statement": [
                  {
                    "and_statement": [],
                    "asn_match_statement": [],
                    "byte_match_statement": [],
                    "geo_match_statement": [],
                    "ip_set_reference_statement": [],
                    "label_match_statement": [],
                    "managed_rule_group_statement": [],
                    "not_statement": [],
                    "or_statement": [
                      {
                        "statement": [
                          {
                            "and_statement": [],
                            "asn_match_statement": [],
                            "byte_match_statement": [],
                            "geo_match_statement": [],
                            "ip_set_reference_statement": [],
                            "label_match_statement": [],
                            "not_statement": [],
                            "or_statement": [],
                            "regex_match_statement": [],
                            "regex_pattern_set_reference_statement": [],
                            "size_constraint_statement": [
                              {
                                "comparison_operator": "GT",
                                "field_to_match": [
                                  {
                                    "all_query_arguments": [],
                                    "body": [
                                      {
                                        "oversize_handling": "CONTINUE"
                                      }
                                    ],
                                    "cookies": [],
                                    "header_order": [],
                                    "headers": [],
                                    "ja3_fingerprint": [],
                                    "ja4_fingerprint": [],
                                    "json_body": [],
                                    "method": [],
                                    "query_string": [],
                                    "single_header": [],
                                    "single_query_argument": [],
                                    "uri_fragment": [],
                                    "uri_path": []
                                  }
                                ],
                                "size": 1000,
                                "text_transformation": [
                                  {
                                    "priority": 0,
                                    "type": "NONE"
                                  }
                                ]
                              }
                            ],
                            "sqli_match_statement": [],
                            "xss_match_statement": []
                          },
                          {
                            "and_statement": [],
                            "asn_match_statement": [],
                            "byte_match_statement": [
                              {
                                "field_to_match": [
                                  {
                                    "all_query_arguments": [],
                                    "body": [
                                      {
                                        "oversize_handling": "CONTINUE"
                                      }
                                    ],
                                    "cookies": [],
                                    "header_order": [],
                                    "headers": [],
                                    "ja3_fingerprint": [],
                                    "ja4_fingerprint": [],
                                    "json_body": [],
                                    "method": [],
                                    "query_string": [],
                                    "single_header": [],
                                    "single_query_argument": [],
                                    "uri_fragment": [],
                                    "uri_path": []
                                  }
                                ],
                                "positional_constraint": "CONTAINS",
                                "search_string": "\u003cscript",
                                "text_transformation": [
                                  {
                                    "priority": 0,
                                    "type": "LOWERCASE"
                                  }
                                ]
                              }
                            ],
                            "geo_match_statement": [],
                            "ip_set_reference_statement": [],
                            "label_match_statement": [],
                            "not_statement": [],
                            "or_statement": [],
                            "regex_match_statement": [],
                            "regex_pattern_set_reference_statement": [],
                            "size_constraint_statement": [],
                            "sqli_match_statement": [],
                            "xss_match_statement": []
                          }
                        ]
                      }
                    ],
                    "rate_based_statement": [],
                    "regex_match_statement": [],
                    "regex_pattern_set_reference_statement": [],
                    "rule_group_reference_statement": [],
                    "size_constraint_statement": [],
                    "sqli_match_statement": [],
                    "xss_match_statement": []
                  }
                ],
                "visibility_config": [
                  {
                    "cloudwatch_metrics_enabled": true,
                    "metric_name": "InputValidationRule",
                    "sampled_requests_enabled": true
                  }
                ]
              },
              {
                "action": [
                  {
                    "allow": [],
                    "block": [
                      {
                        "custom_response": []
                      }
                    ],
                    "captcha": [],
                    "challenge": [],
                    "count": []
                  }
                ],
                "captcha_config": [],
                "challenge_config": [],
                "name": "PromptInjectionRule",
                "override_action": [],
                "priority": 6,
                "rule_label": [],
                "statement": [
                  {
                    "and_statement": [
                      {
                        "statement": [
                          {
                            "and_statement": [],
                            "asn_match_statement": [],
                            "byte_match_statement": [
                              {
                                "field_to_match": [
                                  {
                                    "all_query_arguments": [],
                                    "body": [
                                      {
                                        "oversize_handling": "CONTINUE"
                                      }
                                    ],
                                    "cookies": [],
                                    "header_order": [],
                                    "headers": [],
                                    "ja3_fingerprint": [],
                                    "ja4_fingerprint": [],
                                    "json_body": [],
                                    "method": [],
                                    "query_string": [],
                                    "single_header": [],
                                    "single_query_argument": [],
                                    "uri_fragment": [],
                                    "uri_path": []
                                  }
                                ],
                                "positional_constraint": "CONTAINS",
                                "search_string": "ignore previous instructions",
                                "text_transformation": [
                                  {
                                    "priority": 0,
                                    "type": "LOWERCASE"
                                  }
                                ]
                              }
                            ],
                            "geo_match_statement": [],
                            "ip_set_reference_statement": [],
                            "label_match_statement": [],
                            "not_statement": [],
                            "or_statement": [],
                            "regex_match_statement": [],
                            "regex_pattern_set_reference_statement": [],
                            "size_constraint_statement": [],
                            "sqli_match_statement": [],
                            "xss_match_statement": []
                          },
                          {
                            "and_statement": [],
                            "asn_match_statement": [],
                            "byte_match_statement": [
                              {
                                "field_to_match": [
                                  {
                                    "all_query_arguments": [],
                                    "body": [
                                      {
                                        "oversize_handling": "CONTINUE"
                                      }
                                    ],
                                    "cookies": [],
                                    "header_order": [],
                                    "headers": [],
                                    "ja3_fingerprint": [],
                                    "ja4_fingerprint": [],
                                    "json_body": [],
                                    "method": [],
                                    "query_string": [],
                                    "single_header": [],
                                    "single_query_argument": [],
                                    "uri_fragment": [],
                                    "uri_path": []
                                  }
                                ],
                                "positional_constraint": "CONTAINS",
                                "search_string": "system prompt",
                                "text_transformation": [
                                  {
                                    "priority": 0,
                                    "type": "LOWERCASE"
                                  }
                                ]
                              }
                            ],
                            "geo_match_statement": [],
                            "ip_set_reference_statement": [],
                            "label_match_statement": [],
                            "not_statement": [],
                            "or_statement": [],
                            "regex_match_statement": [],
                            "regex_pattern_set_reference_statement": [],
                            "size_constraint_statement": [],
                            "sqli_match_statement": [],
                            "xss_match_statement": []
                          }
                        ]
                      }
                    ],
                    "asn_match_statement": [],
                    "byte_match_statement": [],
                    "geo_match_statement": [],
                    "ip_set_reference_statement": [],
                    "label_match_statement": [],
                    "managed_rule_group_statement": [],
                    "not_statement": [],
                    "or_statement": [],
                    "rate_based_statement": [],
                    "regex_match_statement": [],
                    "regex_pattern_set_reference_statement": [],
                    "rule_group_reference_statement": [],
                    "size_constraint_statement": [],
                    "sqli_match_statement": [],
                    "xss_match_statement": []
                  }
                ],
                "visibility_config": [
                  {
                    "cloudwatch_metrics_enabled": true,
                    "metric_name": "PromptInjectionRule",
                    "sampled_requests_enabled": true
                  }
                ]
              },
              {
                "action": [
                  {
                    "allow": [],
                    "block": [
                      {
                        "custom_response": []
                      }
                    ],
                    "captcha": [],
                    "challenge": [],
                    "count": []
                  }
                ],
                "captcha_config": [],
                "challenge_config": [],
                "name": "RateLimitRule",
                "override_action": [],
                "priority": 1,
                "rule_label": [],
                "statement": [
                  {
                    "and_statement": [],
                    "asn_match_statement": [],
                    "byte_match_statement": [],
                    "geo_match_statement": [],
                    "ip_set_reference_statement": [],
                    "label_match_statement": [],
                    "managed_rule_group_statement": [],
                    "not_statement": [],
                    "or_statement": [],
                    "rate_based_statement": [
                      {
                        "aggregate_key_type": "IP",
                        "custom_key": [],
                        "evaluation_window_sec": 300,
                        "forwarded_ip_config": [],
                        "limit": 2000,
                        "scope_down_statement": []
                      }
                    ],
                    "regex_match_statement": [],
                    "regex_pattern_set_reference_statement": [],
                    "rule_group_reference_statement": [],
                    "size_constraint_statement": [],
                    "sqli_match_statement": [],
                    "xss_match_statement": []
                  }
                ],
                "visibility_config": [
                  {
                    "cloudwatch_metrics_enabled": true,
                    "metric_name": "RateLimitRule",
                    "sampled_requests_enabled": true
                  }
                ]
              }
            ],
            "rule_json": null,
            "scope": "REGIONAL",
            "tags": {
              "Environment": "prod",
              "ManagedBy": "Terraform",
              "Project": "rag-chatbot"
            },
            "tags_all": {
              "Environment": "prod",
              "ManagedBy": "Terraform",
              "Project": "rag-chatbot",
              "Security": "High"
            },
            "token_domains": null,
            "visibility_config": [
              {
                "cloudwatch_metrics_enabled": true,
                "metric_name": "RAGChatbotWAF",
                "sampled_requests_enabled": true
              }
            ]
          },
          "sensitive_attributes": [],
          "identity_schema_version": 0,
          "private": "bnVsbA=="
        }
      ]
    }
  ],
  "check_results": null
}
